// !$*UTF8*$!
{
	archiveVersion = 1;
	classes = {
	};
	objectVersion = 46;
	objects = {

/* Begin PBXBuildFile section */
		0201DBF115E672AC00A212DC /* UIKit.framework in Frameworks */ = {isa = PBXBuildFile; fileRef = 0201DBF015E672AC00A212DC /* UIKit.framework */; };
		0201DBF315E672AC00A212DC /* Foundation.framework in Frameworks */ = {isa = PBXBuildFile; fileRef = 0201DBF215E672AC00A212DC /* Foundation.framework */; };
		0201DBF515E672AC00A212DC /* CoreGraphics.framework in Frameworks */ = {isa = PBXBuildFile; fileRef = 0201DBF415E672AC00A212DC /* CoreGraphics.framework */; };
		0201DBFD15E672AC00A212DC /* main.m in Sources */ = {isa = PBXBuildFile; fileRef = 0201DBFC15E672AC00A212DC /* main.m */; };
		0201DC0115E672AC00A212DC /* AnonyFollowAppDelegate.m in Sources */ = {isa = PBXBuildFile; fileRef = 0201DC0015E672AC00A212DC /* AnonyFollowAppDelegate.m */; };
		0201DC0A15E672AC00A212DC /* AnonyFollowViewController.m in Sources */ = {isa = PBXBuildFile; fileRef = 0201DC0915E672AC00A212DC /* AnonyFollowViewController.m */; };
		020D225415E6886300A4CDD3 /* AudioToolbox.framework in Frameworks */ = {isa = PBXBuildFile; fileRef = 020D225315E6886300A4CDD3 /* AudioToolbox.framework */; };
		02B9542515E6733E005026B1 /* CBScanner.m in Sources */ = {isa = PBXBuildFile; fileRef = 02B9542415E6733E005026B1 /* CBScanner.m */; };
		02B9542915E67471005026B1 /* CBAdvertizer.m in Sources */ = {isa = PBXBuildFile; fileRef = 02B9542815E67471005026B1 /* CBAdvertizer.m */; };
		02B9542B15E67A00005026B1 /* CoreBluetooth.framework in Frameworks */ = {isa = PBXBuildFile; fileRef = 02B9542A15E67A00005026B1 /* CoreBluetooth.framework */; };
		02B9542D15E67A06005026B1 /* Social.framework in Frameworks */ = {isa = PBXBuildFile; fileRef = 02B9542C15E67A06005026B1 /* Social.framework */; };
		02B9542F15E67A18005026B1 /* Accounts.framework in Frameworks */ = {isa = PBXBuildFile; fileRef = 02B9542E15E67A18005026B1 /* Accounts.framework */; };
		142770C215EE826B0062271A /* SNReachablityChecker.m in Sources */ = {isa = PBXBuildFile; fileRef = 142770C115EE826B0062271A /* SNReachablityChecker.m */; };
		142770C515EE82DD0062271A /* SystemConfiguration.framework in Frameworks */ = {isa = PBXBuildFile; fileRef = 142770C415EE82DD0062271A /* SystemConfiguration.framework */; };
		145194A215EA2BCC00E853CA /* InfoPlist.strings in Resources */ = {isa = PBXBuildFile; fileRef = 1451949C15EA2BCC00E853CA /* InfoPlist.strings */; };
		145194A315EA2BCC00E853CA /* MainStoryboard_iPad.storyboard in Resources */ = {isa = PBXBuildFile; fileRef = 1451949E15EA2BCC00E853CA /* MainStoryboard_iPad.storyboard */; };
		145194A415EA2BCC00E853CA /* MainStoryboard_iPhone.storyboard in Resources */ = {isa = PBXBuildFile; fileRef = 145194A015EA2BCC00E853CA /* MainStoryboard_iPhone.storyboard */; };
		145194BD15EA51CB00E853CA /* DownloadQueue.m in Sources */ = {isa = PBXBuildFile; fileRef = 145194BA15EA51CB00E853CA /* DownloadQueue.m */; };
		145194BE15EA51CB00E853CA /* DownloadTask.m in Sources */ = {isa = PBXBuildFile; fileRef = 145194BC15EA51CB00E853CA /* DownloadTask.m */; };
		145194C115EA5EBC00E853CA /* TimeLineViewController.m in Sources */ = {isa = PBXBuildFile; fileRef = 145194C015EA5EBC00E853CA /* TimeLineViewController.m */; };
		145194C915EA772100E853CA /* NSData+MD5.m in Sources */ = {isa = PBXBuildFile; fileRef = 145194C815EA772100E853CA /* NSData+MD5.m */; };
		1455709115EBC00D003DD49F /* LockScreenView.xib in Resources */ = {isa = PBXBuildFile; fileRef = 1455708F15EBC00D003DD49F /* LockScreenView.xib */; };
		1455709A15EBC0C7003DD49F /* LockScreenView.m in Sources */ = {isa = PBXBuildFile; fileRef = 1455709915EBC0C7003DD49F /* LockScreenView.m */; };
		145570A215EBC3D1003DD49F /* MessageBarButtonItem.m in Sources */ = {isa = PBXBuildFile; fileRef = 145570A115EBC3D1003DD49F /* MessageBarButtonItem.m */; };
		14BE1B6D15EA282700F7547E /* new.png in Resources */ = {isa = PBXBuildFile; fileRef = 14BE1B6415EA282700F7547E /* new.png */; };
		14BE1B6E15EA282700F7547E /* none.png in Resources */ = {isa = PBXBuildFile; fileRef = 14BE1B6515EA282700F7547E /* none.png */; };
		14BE1B6F15EA282700F7547E /* PurchasePlusButton.png in Resources */ = {isa = PBXBuildFile; fileRef = 14BE1B6615EA282700F7547E /* PurchasePlusButton.png */; };
		14BE1B7015EA282700F7547E /* setting.png in Resources */ = {isa = PBXBuildFile; fileRef = 14BE1B6715EA282700F7547E /* setting.png */; };
		14BE1B7115EA282700F7547E /* new@2x.png in Resources */ = {isa = PBXBuildFile; fileRef = 14BE1B6915EA282700F7547E /* new@2x.png */; };
		14BE1B7215EA282700F7547E /* none@2x.png in Resources */ = {isa = PBXBuildFile; fileRef = 14BE1B6A15EA282700F7547E /* none@2x.png */; };
		14BE1B7315EA282700F7547E /* PurchasePlusButton@2x.png in Resources */ = {isa = PBXBuildFile; fileRef = 14BE1B6B15EA282700F7547E /* PurchasePlusButton@2x.png */; };
		14BE1B7415EA282700F7547E /* setting@2x.png in Resources */ = {isa = PBXBuildFile; fileRef = 14BE1B6C15EA282700F7547E /* setting@2x.png */; };
		14BE1B8B15EA289300F7547E /* AccountCell.m in Sources */ = {isa = PBXBuildFile; fileRef = 14BE1B7615EA289200F7547E /* AccountCell.m */; };
		14BE1B8C15EA289300F7547E /* AppDelegate.m in Sources */ = {isa = PBXBuildFile; fileRef = 14BE1B7815EA289200F7547E /* AppDelegate.m */; };
		14BE1B8D15EA289300F7547E /* MainListViewController.m in Sources */ = {isa = PBXBuildFile; fileRef = 14BE1B7A15EA289300F7547E /* MainListViewController.m */; };
		14BE1B8E15EA289300F7547E /* SettingViewController.m in Sources */ = {isa = PBXBuildFile; fileRef = 14BE1B7C15EA289300F7547E /* SettingViewController.m */; };
		14BE1B8F15EA289300F7547E /* SNStatusBarView.m in Sources */ = {isa = PBXBuildFile; fileRef = 14BE1B7E15EA289300F7547E /* SNStatusBarView.m */; };
		14BE1B9015EA289300F7547E /* TimerLengthController.m in Sources */ = {isa = PBXBuildFile; fileRef = 14BE1B8015EA289300F7547E /* TimerLengthController.m */; };
		14BE1B9115EA289300F7547E /* TimerLengthViewController.m in Sources */ = {isa = PBXBuildFile; fileRef = 14BE1B8215EA289300F7547E /* TimerLengthViewController.m */; };
		14BE1B9215EA289300F7547E /* TweetCell.m in Sources */ = {isa = PBXBuildFile; fileRef = 14BE1B8415EA289300F7547E /* TweetCell.m */; };
		14BE1B9315EA289300F7547E /* TweetContentView.m in Sources */ = {isa = PBXBuildFile; fileRef = 14BE1B8615EA289300F7547E /* TweetContentView.m */; };
		14BE1B9415EA289300F7547E /* TwitterAccountInfo.m in Sources */ = {isa = PBXBuildFile; fileRef = 14BE1B8815EA289300F7547E /* TwitterAccountInfo.m */; };
		14BE1B9515EA289300F7547E /* TwitterTweet.m in Sources */ = {isa = PBXBuildFile; fileRef = 14BE1B8A15EA289300F7547E /* TwitterTweet.m */; };
		14BE1B9715EA28BF00F7547E /* QuartzCore.framework in Frameworks */ = {isa = PBXBuildFile; fileRef = 14BE1B9615EA28BF00F7547E /* QuartzCore.framework */; };
/* End PBXBuildFile section */

/* Begin PBXFileReference section */
		0201DBEC15E672AC00A212DC /* AnonyFollow.app */ = {isa = PBXFileReference; explicitFileType = wrapper.application; includeInIndex = 0; path = AnonyFollow.app; sourceTree = BUILT_PRODUCTS_DIR; };
		0201DBF015E672AC00A212DC /* UIKit.framework */ = {isa = PBXFileReference; lastKnownFileType = wrapper.framework; name = UIKit.framework; path = System/Library/Frameworks/UIKit.framework; sourceTree = SDKROOT; };
		0201DBF215E672AC00A212DC /* Foundation.framework */ = {isa = PBXFileReference; lastKnownFileType = wrapper.framework; name = Foundation.framework; path = System/Library/Frameworks/Foundation.framework; sourceTree = SDKROOT; };
		0201DBF415E672AC00A212DC /* CoreGraphics.framework */ = {isa = PBXFileReference; lastKnownFileType = wrapper.framework; name = CoreGraphics.framework; path = System/Library/Frameworks/CoreGraphics.framework; sourceTree = SDKROOT; };
		0201DBF815E672AC00A212DC /* AnonyFollow-Info.plist */ = {isa = PBXFileReference; lastKnownFileType = text.plist.xml; path = "AnonyFollow-Info.plist"; sourceTree = "<group>"; };
		0201DBFC15E672AC00A212DC /* main.m */ = {isa = PBXFileReference; lastKnownFileType = sourcecode.c.objc; path = main.m; sourceTree = "<group>"; };
		0201DBFE15E672AC00A212DC /* AnonyFollow-Prefix.pch */ = {isa = PBXFileReference; lastKnownFileType = sourcecode.c.h; path = "AnonyFollow-Prefix.pch"; sourceTree = "<group>"; };
		0201DBFF15E672AC00A212DC /* AnonyFollowAppDelegate.h */ = {isa = PBXFileReference; lastKnownFileType = sourcecode.c.h; path = AnonyFollowAppDelegate.h; sourceTree = "<group>"; };
		0201DC0015E672AC00A212DC /* AnonyFollowAppDelegate.m */ = {isa = PBXFileReference; lastKnownFileType = sourcecode.c.objc; path = AnonyFollowAppDelegate.m; sourceTree = "<group>"; };
		0201DC0815E672AC00A212DC /* AnonyFollowViewController.h */ = {isa = PBXFileReference; lastKnownFileType = sourcecode.c.h; path = AnonyFollowViewController.h; sourceTree = "<group>"; };
		0201DC0915E672AC00A212DC /* AnonyFollowViewController.m */ = {isa = PBXFileReference; lastKnownFileType = sourcecode.c.objc; path = AnonyFollowViewController.m; sourceTree = "<group>"; };
		020D225315E6886300A4CDD3 /* AudioToolbox.framework */ = {isa = PBXFileReference; lastKnownFileType = wrapper.framework; name = AudioToolbox.framework; path = System/Library/Frameworks/AudioToolbox.framework; sourceTree = SDKROOT; };
		02B9542315E6733E005026B1 /* CBScanner.h */ = {isa = PBXFileReference; fileEncoding = 4; lastKnownFileType = sourcecode.c.h; path = CBScanner.h; sourceTree = "<group>"; };
		02B9542415E6733E005026B1 /* CBScanner.m */ = {isa = PBXFileReference; fileEncoding = 4; lastKnownFileType = sourcecode.c.objc; path = CBScanner.m; sourceTree = "<group>"; };
		02B9542715E67471005026B1 /* CBAdvertizer.h */ = {isa = PBXFileReference; fileEncoding = 4; lastKnownFileType = sourcecode.c.h; path = CBAdvertizer.h; sourceTree = "<group>"; };
		02B9542815E67471005026B1 /* CBAdvertizer.m */ = {isa = PBXFileReference; fileEncoding = 4; lastKnownFileType = sourcecode.c.objc; path = CBAdvertizer.m; sourceTree = "<group>"; };
		02B9542A15E67A00005026B1 /* CoreBluetooth.framework */ = {isa = PBXFileReference; lastKnownFileType = wrapper.framework; name = CoreBluetooth.framework; path = System/Library/Frameworks/CoreBluetooth.framework; sourceTree = SDKROOT; };
		02B9542C15E67A06005026B1 /* Social.framework */ = {isa = PBXFileReference; lastKnownFileType = wrapper.framework; name = Social.framework; path = System/Library/Frameworks/Social.framework; sourceTree = SDKROOT; };
		02B9542E15E67A18005026B1 /* Accounts.framework */ = {isa = PBXFileReference; lastKnownFileType = wrapper.framework; name = Accounts.framework; path = System/Library/Frameworks/Accounts.framework; sourceTree = SDKROOT; };
		142770C015EE826B0062271A /* SNReachablityChecker.h */ = {isa = PBXFileReference; fileEncoding = 4; lastKnownFileType = sourcecode.c.h; path = SNReachablityChecker.h; sourceTree = "<group>"; };
		142770C115EE826B0062271A /* SNReachablityChecker.m */ = {isa = PBXFileReference; fileEncoding = 4; lastKnownFileType = sourcecode.c.objc; path = SNReachablityChecker.m; sourceTree = "<group>"; };
		142770C415EE82DD0062271A /* SystemConfiguration.framework */ = {isa = PBXFileReference; lastKnownFileType = wrapper.framework; name = SystemConfiguration.framework; path = System/Library/Frameworks/SystemConfiguration.framework; sourceTree = SDKROOT; };
		1451949D15EA2BCC00E853CA /* en */ = {isa = PBXFileReference; lastKnownFileType = text.plist.strings; name = en; path = en.lproj/InfoPlist.strings; sourceTree = "<group>"; };
		1451949F15EA2BCC00E853CA /* en */ = {isa = PBXFileReference; lastKnownFileType = file.storyboard; name = en; path = en.lproj/MainStoryboard_iPad.storyboard; sourceTree = "<group>"; };
		145194A115EA2BCC00E853CA /* en */ = {isa = PBXFileReference; lastKnownFileType = file.storyboard; name = en; path = en.lproj/MainStoryboard_iPhone.storyboard; sourceTree = "<group>"; };
		145194A515EA2BE800E853CA /* ja */ = {isa = PBXFileReference; lastKnownFileType = text.plist.strings; name = ja; path = ja.lproj/InfoPlist.strings; sourceTree = "<group>"; };
		145194A615EA2BE800E853CA /* ja */ = {isa = PBXFileReference; lastKnownFileType = file.storyboard; name = ja; path = ja.lproj/MainStoryboard_iPad.storyboard; sourceTree = "<group>"; };
		145194A815EA2BE800E853CA /* ja */ = {isa = PBXFileReference; lastKnownFileType = text; name = ja; path = ja.lproj/MainStoryboard_iPad.storyboard.string; sourceTree = "<group>"; };
		145194A915EA2BE800E853CA /* ja */ = {isa = PBXFileReference; lastKnownFileType = file.storyboard; name = ja; path = ja.lproj/MainStoryboard_iPhone.storyboard; sourceTree = "<group>"; };
		145194AB15EA2BE800E853CA /* ja */ = {isa = PBXFileReference; lastKnownFileType = text; name = ja; path = ja.lproj/MainStoryboard_iPhone.storyboard.string; sourceTree = "<group>"; };
		145194B915EA51CB00E853CA /* DownloadQueue.h */ = {isa = PBXFileReference; fileEncoding = 4; lastKnownFileType = sourcecode.c.h; path = DownloadQueue.h; sourceTree = "<group>"; };
		145194BA15EA51CB00E853CA /* DownloadQueue.m */ = {isa = PBXFileReference; fileEncoding = 4; lastKnownFileType = sourcecode.c.objc; path = DownloadQueue.m; sourceTree = "<group>"; };
		145194BB15EA51CB00E853CA /* DownloadTask.h */ = {isa = PBXFileReference; fileEncoding = 4; lastKnownFileType = sourcecode.c.h; path = DownloadTask.h; sourceTree = "<group>"; };
		145194BC15EA51CB00E853CA /* DownloadTask.m */ = {isa = PBXFileReference; fileEncoding = 4; lastKnownFileType = sourcecode.c.objc; path = DownloadTask.m; sourceTree = "<group>"; };
		145194BF15EA5EBB00E853CA /* TimeLineViewController.h */ = {isa = PBXFileReference; fileEncoding = 4; lastKnownFileType = sourcecode.c.h; path = TimeLineViewController.h; sourceTree = "<group>"; };
		145194C015EA5EBC00E853CA /* TimeLineViewController.m */ = {isa = PBXFileReference; fileEncoding = 4; lastKnownFileType = sourcecode.c.objc; path = TimeLineViewController.m; sourceTree = "<group>"; };
		145194C715EA772100E853CA /* NSData+MD5.h */ = {isa = PBXFileReference; fileEncoding = 4; lastKnownFileType = sourcecode.c.h; path = "NSData+MD5.h"; sourceTree = "<group>"; };
		145194C815EA772100E853CA /* NSData+MD5.m */ = {isa = PBXFileReference; fileEncoding = 4; lastKnownFileType = sourcecode.c.objc; path = "NSData+MD5.m"; sourceTree = "<group>"; };
		1455709015EBC00D003DD49F /* en */ = {isa = PBXFileReference; lastKnownFileType = file.xib; name = en; path = en.lproj/LockScreenView.xib; sourceTree = "<group>"; };
		1455709815EBC0C7003DD49F /* LockScreenView.h */ = {isa = PBXFileReference; fileEncoding = 4; lastKnownFileType = sourcecode.c.h; path = LockScreenView.h; sourceTree = "<group>"; };
		1455709915EBC0C7003DD49F /* LockScreenView.m */ = {isa = PBXFileReference; fileEncoding = 4; lastKnownFileType = sourcecode.c.objc; path = LockScreenView.m; sourceTree = "<group>"; };
		145570A015EBC3D1003DD49F /* MessageBarButtonItem.h */ = {isa = PBXFileReference; fileEncoding = 4; lastKnownFileType = sourcecode.c.h; path = MessageBarButtonItem.h; sourceTree = "<group>"; };
		145570A115EBC3D1003DD49F /* MessageBarButtonItem.m */ = {isa = PBXFileReference; fileEncoding = 4; lastKnownFileType = sourcecode.c.objc; path = MessageBarButtonItem.m; sourceTree = "<group>"; };
		14BE1B6415EA282700F7547E /* new.png */ = {isa = PBXFileReference; lastKnownFileType = image.png; path = new.png; sourceTree = "<group>"; };
		14BE1B6515EA282700F7547E /* none.png */ = {isa = PBXFileReference; lastKnownFileType = image.png; path = none.png; sourceTree = "<group>"; };
		14BE1B6615EA282700F7547E /* PurchasePlusButton.png */ = {isa = PBXFileReference; lastKnownFileType = image.png; path = PurchasePlusButton.png; sourceTree = "<group>"; };
		14BE1B6715EA282700F7547E /* setting.png */ = {isa = PBXFileReference; lastKnownFileType = image.png; path = setting.png; sourceTree = "<group>"; };
		14BE1B6915EA282700F7547E /* new@2x.png */ = {isa = PBXFileReference; lastKnownFileType = image.png; path = "new@2x.png"; sourceTree = "<group>"; };
		14BE1B6A15EA282700F7547E /* none@2x.png */ = {isa = PBXFileReference; lastKnownFileType = image.png; path = "none@2x.png"; sourceTree = "<group>"; };
		14BE1B6B15EA282700F7547E /* PurchasePlusButton@2x.png */ = {isa = PBXFileReference; lastKnownFileType = image.png; path = "PurchasePlusButton@2x.png"; sourceTree = "<group>"; };
		14BE1B6C15EA282700F7547E /* setting@2x.png */ = {isa = PBXFileReference; lastKnownFileType = image.png; path = "setting@2x.png"; sourceTree = "<group>"; };
		14BE1B7515EA289200F7547E /* AccountCell.h */ = {isa = PBXFileReference; fileEncoding = 4; lastKnownFileType = sourcecode.c.h; path = AccountCell.h; sourceTree = "<group>"; };
		14BE1B7615EA289200F7547E /* AccountCell.m */ = {isa = PBXFileReference; fileEncoding = 4; lastKnownFileType = sourcecode.c.objc; path = AccountCell.m; sourceTree = "<group>"; };
		14BE1B7715EA289200F7547E /* AppDelegate.h */ = {isa = PBXFileReference; fileEncoding = 4; lastKnownFileType = sourcecode.c.h; path = AppDelegate.h; sourceTree = "<group>"; };
		14BE1B7815EA289200F7547E /* AppDelegate.m */ = {isa = PBXFileReference; fileEncoding = 4; lastKnownFileType = sourcecode.c.objc; path = AppDelegate.m; sourceTree = "<group>"; };
		14BE1B7915EA289300F7547E /* MainListViewController.h */ = {isa = PBXFileReference; fileEncoding = 4; lastKnownFileType = sourcecode.c.h; path = MainListViewController.h; sourceTree = "<group>"; };
		14BE1B7A15EA289300F7547E /* MainListViewController.m */ = {isa = PBXFileReference; fileEncoding = 4; lastKnownFileType = sourcecode.c.objc; path = MainListViewController.m; sourceTree = "<group>"; };
		14BE1B7B15EA289300F7547E /* SettingViewController.h */ = {isa = PBXFileReference; fileEncoding = 4; lastKnownFileType = sourcecode.c.h; path = SettingViewController.h; sourceTree = "<group>"; };
		14BE1B7C15EA289300F7547E /* SettingViewController.m */ = {isa = PBXFileReference; fileEncoding = 4; lastKnownFileType = sourcecode.c.objc; path = SettingViewController.m; sourceTree = "<group>"; };
		14BE1B7D15EA289300F7547E /* SNStatusBarView.h */ = {isa = PBXFileReference; fileEncoding = 4; lastKnownFileType = sourcecode.c.h; path = SNStatusBarView.h; sourceTree = "<group>"; };
		14BE1B7E15EA289300F7547E /* SNStatusBarView.m */ = {isa = PBXFileReference; fileEncoding = 4; lastKnownFileType = sourcecode.c.objc; path = SNStatusBarView.m; sourceTree = "<group>"; };
		14BE1B7F15EA289300F7547E /* TimerLengthController.h */ = {isa = PBXFileReference; fileEncoding = 4; lastKnownFileType = sourcecode.c.h; path = TimerLengthController.h; sourceTree = "<group>"; };
		14BE1B8015EA289300F7547E /* TimerLengthController.m */ = {isa = PBXFileReference; fileEncoding = 4; lastKnownFileType = sourcecode.c.objc; path = TimerLengthController.m; sourceTree = "<group>"; };
		14BE1B8115EA289300F7547E /* TimerLengthViewController.h */ = {isa = PBXFileReference; fileEncoding = 4; lastKnownFileType = sourcecode.c.h; path = TimerLengthViewController.h; sourceTree = "<group>"; };
		14BE1B8215EA289300F7547E /* TimerLengthViewController.m */ = {isa = PBXFileReference; fileEncoding = 4; lastKnownFileType = sourcecode.c.objc; path = TimerLengthViewController.m; sourceTree = "<group>"; };
		14BE1B8315EA289300F7547E /* TweetCell.h */ = {isa = PBXFileReference; fileEncoding = 4; lastKnownFileType = sourcecode.c.h; path = TweetCell.h; sourceTree = "<group>"; };
		14BE1B8415EA289300F7547E /* TweetCell.m */ = {isa = PBXFileReference; fileEncoding = 4; lastKnownFileType = sourcecode.c.objc; path = TweetCell.m; sourceTree = "<group>"; };
		14BE1B8515EA289300F7547E /* TweetContentView.h */ = {isa = PBXFileReference; fileEncoding = 4; lastKnownFileType = sourcecode.c.h; path = TweetContentView.h; sourceTree = "<group>"; };
		14BE1B8615EA289300F7547E /* TweetContentView.m */ = {isa = PBXFileReference; fileEncoding = 4; lastKnownFileType = sourcecode.c.objc; path = TweetContentView.m; sourceTree = "<group>"; };
		14BE1B8715EA289300F7547E /* TwitterAccountInfo.h */ = {isa = PBXFileReference; fileEncoding = 4; lastKnownFileType = sourcecode.c.h; path = TwitterAccountInfo.h; sourceTree = "<group>"; };
		14BE1B8815EA289300F7547E /* TwitterAccountInfo.m */ = {isa = PBXFileReference; fileEncoding = 4; lastKnownFileType = sourcecode.c.objc; path = TwitterAccountInfo.m; sourceTree = "<group>"; };
		14BE1B8915EA289300F7547E /* TwitterTweet.h */ = {isa = PBXFileReference; fileEncoding = 4; lastKnownFileType = sourcecode.c.h; path = TwitterTweet.h; sourceTree = "<group>"; };
		14BE1B8A15EA289300F7547E /* TwitterTweet.m */ = {isa = PBXFileReference; fileEncoding = 4; lastKnownFileType = sourcecode.c.objc; path = TwitterTweet.m; sourceTree = "<group>"; };
		14BE1B9615EA28BF00F7547E /* QuartzCore.framework */ = {isa = PBXFileReference; lastKnownFileType = wrapper.framework; name = QuartzCore.framework; path = System/Library/Frameworks/QuartzCore.framework; sourceTree = SDKROOT; };
/* End PBXFileReference section */

/* Begin PBXFrameworksBuildPhase section */
		0201DBE915E672AC00A212DC /* Frameworks */ = {
			isa = PBXFrameworksBuildPhase;
			buildActionMask = 2147483647;
			files = (
				142770C515EE82DD0062271A /* SystemConfiguration.framework in Frameworks */,
				14BE1B9715EA28BF00F7547E /* QuartzCore.framework in Frameworks */,
				020D225415E6886300A4CDD3 /* AudioToolbox.framework in Frameworks */,
				02B9542F15E67A18005026B1 /* Accounts.framework in Frameworks */,
				02B9542D15E67A06005026B1 /* Social.framework in Frameworks */,
				02B9542B15E67A00005026B1 /* CoreBluetooth.framework in Frameworks */,
				0201DBF115E672AC00A212DC /* UIKit.framework in Frameworks */,
				0201DBF315E672AC00A212DC /* Foundation.framework in Frameworks */,
				0201DBF515E672AC00A212DC /* CoreGraphics.framework in Frameworks */,
			);
			runOnlyForDeploymentPostprocessing = 0;
		};
/* End PBXFrameworksBuildPhase section */

/* Begin PBXGroup section */
		0201DBE115E672AC00A212DC = {
			isa = PBXGroup;
			children = (
				0201DBF615E672AC00A212DC /* AnonyFollow */,
				0201DBEF15E672AC00A212DC /* Frameworks */,
				0201DBED15E672AC00A212DC /* Products */,
			);
			sourceTree = "<group>";
		};
		0201DBED15E672AC00A212DC /* Products */ = {
			isa = PBXGroup;
			children = (
				0201DBEC15E672AC00A212DC /* AnonyFollow.app */,
			);
			name = Products;
			sourceTree = "<group>";
		};
		0201DBEF15E672AC00A212DC /* Frameworks */ = {
			isa = PBXGroup;
			children = (
				142770C415EE82DD0062271A /* SystemConfiguration.framework */,
				14BE1B9615EA28BF00F7547E /* QuartzCore.framework */,
				020D225315E6886300A4CDD3 /* AudioToolbox.framework */,
				02B9542E15E67A18005026B1 /* Accounts.framework */,
				02B9542C15E67A06005026B1 /* Social.framework */,
				02B9542A15E67A00005026B1 /* CoreBluetooth.framework */,
				0201DBF015E672AC00A212DC /* UIKit.framework */,
				0201DBF215E672AC00A212DC /* Foundation.framework */,
				0201DBF415E672AC00A212DC /* CoreGraphics.framework */,
			);
			name = Frameworks;
			sourceTree = "<group>";
		};
		0201DBF615E672AC00A212DC /* AnonyFollow */ = {
			isa = PBXGroup;
			children = (
				145194C715EA772100E853CA /* NSData+MD5.h */,
				145194C815EA772100E853CA /* NSData+MD5.m */,
				145194B915EA51CB00E853CA /* DownloadQueue.h */,
				145194BA15EA51CB00E853CA /* DownloadQueue.m */,
				145194BB15EA51CB00E853CA /* DownloadTask.h */,
				145194BC15EA51CB00E853CA /* DownloadTask.m */,
				14BE1B7715EA289200F7547E /* AppDelegate.h */,
				14BE1B7815EA289200F7547E /* AppDelegate.m */,
				14BE1B7B15EA289300F7547E /* SettingViewController.h */,
				14BE1B7C15EA289300F7547E /* SettingViewController.m */,
				14BE1B7D15EA289300F7547E /* SNStatusBarView.h */,
				14BE1B7E15EA289300F7547E /* SNStatusBarView.m */,
				14BE1B7F15EA289300F7547E /* TimerLengthController.h */,
				14BE1B8015EA289300F7547E /* TimerLengthController.m */,
				14BE1B8115EA289300F7547E /* TimerLengthViewController.h */,
				14BE1B8215EA289300F7547E /* TimerLengthViewController.m */,
				14BE1B7515EA289200F7547E /* AccountCell.h */,
				14BE1B7615EA289200F7547E /* AccountCell.m */,
				14BE1B8315EA289300F7547E /* TweetCell.h */,
				14BE1B8415EA289300F7547E /* TweetCell.m */,
				14BE1B8515EA289300F7547E /* TweetContentView.h */,
				14BE1B8615EA289300F7547E /* TweetContentView.m */,
				14BE1B8715EA289300F7547E /* TwitterAccountInfo.h */,
				14BE1B8815EA289300F7547E /* TwitterAccountInfo.m */,
				14BE1B8915EA289300F7547E /* TwitterTweet.h */,
				14BE1B8A15EA289300F7547E /* TwitterTweet.m */,
				145194BF15EA5EBB00E853CA /* TimeLineViewController.h */,
				145194C015EA5EBC00E853CA /* TimeLineViewController.m */,
				1455709815EBC0C7003DD49F /* LockScreenView.h */,
				1455709915EBC0C7003DD49F /* LockScreenView.m */,
				145570A015EBC3D1003DD49F /* MessageBarButtonItem.h */,
				145570A115EBC3D1003DD49F /* MessageBarButtonItem.m */,
				14BE1B7915EA289300F7547E /* MainListViewController.h */,
				14BE1B7A15EA289300F7547E /* MainListViewController.m */,
				142770C015EE826B0062271A /* SNReachablityChecker.h */,
				142770C115EE826B0062271A /* SNReachablityChecker.m */,
				14BE1B6215EA282700F7547E /* Resources */,
				0201DBFF15E672AC00A212DC /* AnonyFollowAppDelegate.h */,
				0201DC0015E672AC00A212DC /* AnonyFollowAppDelegate.m */,
				02B9542315E6733E005026B1 /* CBScanner.h */,
				02B9542415E6733E005026B1 /* CBScanner.m */,
				02B9542715E67471005026B1 /* CBAdvertizer.h */,
				02B9542815E67471005026B1 /* CBAdvertizer.m */,
				0201DC0815E672AC00A212DC /* AnonyFollowViewController.h */,
				0201DC0915E672AC00A212DC /* AnonyFollowViewController.m */,
				0201DBF715E672AC00A212DC /* Supporting Files */,
			);
			path = AnonyFollow;
			sourceTree = "<group>";
		};
		0201DBF715E672AC00A212DC /* Supporting Files */ = {
			isa = PBXGroup;
			children = (
				0201DBF815E672AC00A212DC /* AnonyFollow-Info.plist */,
				0201DBFC15E672AC00A212DC /* main.m */,
				0201DBFE15E672AC00A212DC /* AnonyFollow-Prefix.pch */,
			);
			name = "Supporting Files";
			sourceTree = "<group>";
		};
		14BE1B6215EA282700F7547E /* Resources */ = {
			isa = PBXGroup;
			children = (
				1455708F15EBC00D003DD49F /* LockScreenView.xib */,
				145194A715EA2BE800E853CA /* MainStoryboard_iPad.storyboard.string */,
				145194AA15EA2BE800E853CA /* MainStoryboard_iPhone.storyboard.string */,
				1451949C15EA2BCC00E853CA /* InfoPlist.strings */,
				145194A015EA2BCC00E853CA /* MainStoryboard_iPhone.storyboard */,
				1451949E15EA2BCC00E853CA /* MainStoryboard_iPad.storyboard */,
				14BE1B6315EA282700F7547E /* image@1x */,
				14BE1B6815EA282700F7547E /* image@2x */,
			);
			path = Resources;
			sourceTree = "<group>";
		};
		14BE1B6315EA282700F7547E /* image@1x */ = {
			isa = PBXGroup;
			children = (
				14BE1B6415EA282700F7547E /* new.png */,
				14BE1B6515EA282700F7547E /* none.png */,
				14BE1B6615EA282700F7547E /* PurchasePlusButton.png */,
				14BE1B6715EA282700F7547E /* setting.png */,
			);
			path = "image@1x";
			sourceTree = "<group>";
		};
		14BE1B6815EA282700F7547E /* image@2x */ = {
			isa = PBXGroup;
			children = (
				14BE1B6915EA282700F7547E /* new@2x.png */,
				14BE1B6A15EA282700F7547E /* none@2x.png */,
				14BE1B6B15EA282700F7547E /* PurchasePlusButton@2x.png */,
				14BE1B6C15EA282700F7547E /* setting@2x.png */,
			);
			path = "image@2x";
			sourceTree = "<group>";
		};
/* End PBXGroup section */

/* Begin PBXNativeTarget section */
		0201DBEB15E672AC00A212DC /* AnonyFollow */ = {
			isa = PBXNativeTarget;
			buildConfigurationList = 0201DC0D15E672AC00A212DC /* Build configuration list for PBXNativeTarget "AnonyFollow" */;
			buildPhases = (
				1451949B15EA2B8500E853CA /* Make Japanese Storyboard files automatically */,
				145194B315EA2D9300E853CA /* Update git revision and build number */,
				0201DBE815E672AC00A212DC /* Sources */,
				0201DBE915E672AC00A212DC /* Frameworks */,
				0201DBEA15E672AC00A212DC /* Resources */,
			);
			buildRules = (
			);
			dependencies = (
			);
			name = AnonyFollow;
			productName = AnonyFollow;
			productReference = 0201DBEC15E672AC00A212DC /* AnonyFollow.app */;
			productType = "com.apple.product-type.application";
		};
/* End PBXNativeTarget section */

/* Begin PBXProject section */
		0201DBE315E672AC00A212DC /* Project object */ = {
			isa = PBXProject;
			attributes = {
				CLASSPREFIX = AnonyFollow;
				LastUpgradeCheck = 0450;
				ORGANIZATIONNAME = "Y.Yoshida,Y.Sekikawa";
			};
			buildConfigurationList = 0201DBE615E672AC00A212DC /* Build configuration list for PBXProject "AnonyFollow" */;
			compatibilityVersion = "Xcode 3.2";
			developmentRegion = English;
			hasScannedForEncodings = 0;
			knownRegions = (
				en,
				ja,
			);
			mainGroup = 0201DBE115E672AC00A212DC;
			productRefGroup = 0201DBED15E672AC00A212DC /* Products */;
			projectDirPath = "";
			projectRoot = "";
			targets = (
				0201DBEB15E672AC00A212DC /* AnonyFollow */,
			);
		};
/* End PBXProject section */

/* Begin PBXResourcesBuildPhase section */
		0201DBEA15E672AC00A212DC /* Resources */ = {
			isa = PBXResourcesBuildPhase;
			buildActionMask = 2147483647;
			files = (
				14BE1B6D15EA282700F7547E /* new.png in Resources */,
				14BE1B6E15EA282700F7547E /* none.png in Resources */,
				14BE1B6F15EA282700F7547E /* PurchasePlusButton.png in Resources */,
				14BE1B7015EA282700F7547E /* setting.png in Resources */,
				14BE1B7115EA282700F7547E /* new@2x.png in Resources */,
				14BE1B7215EA282700F7547E /* none@2x.png in Resources */,
				14BE1B7315EA282700F7547E /* PurchasePlusButton@2x.png in Resources */,
				14BE1B7415EA282700F7547E /* setting@2x.png in Resources */,
				145194A215EA2BCC00E853CA /* InfoPlist.strings in Resources */,
				145194A315EA2BCC00E853CA /* MainStoryboard_iPad.storyboard in Resources */,
				145194A415EA2BCC00E853CA /* MainStoryboard_iPhone.storyboard in Resources */,
				1455709115EBC00D003DD49F /* LockScreenView.xib in Resources */,
			);
			runOnlyForDeploymentPostprocessing = 0;
		};
/* End PBXResourcesBuildPhase section */

/* Begin PBXShellScriptBuildPhase section */
		1451949B15EA2B8500E853CA /* Make Japanese Storyboard files automatically */ = {
			isa = PBXShellScriptBuildPhase;
			buildActionMask = 2147483647;
			files = (
			);
			inputPaths = (
			);
			name = "Make Japanese Storyboard files automatically";
			outputPaths = (
			);
			runOnlyForDeploymentPostprocessing = 0;
			shellPath = /bin/sh;
			shellScript = "# make iPhone's storyboard file for ja\nibtool --generate-stringsfile $SRCROOT/AnonyFollow/Resources/ja.lproj/MainStoryboard_iPhone.storyboard.string --import-strings-file $SRCROOT/AnonyFollow/Resources/ja.lproj/MainStoryboard_iPhone.storyboard.string $SRCROOT/AnonyFollow/Resources/en.lproj/MainStoryboard_iPhone.storyboard\nibtool --write $SRCROOT/AnonyFollow/Resources/ja.lproj/MainStoryboard_iPhone.storyboard -d $SRCROOT/AnonyFollow/Resources/ja.lproj/MainStoryboard_iPhone.storyboard.string $SRCROOT/AnonyFollow/Resources/en.lproj/MainStoryboard_iPhone.storyboard\n\n# make iPad's storyboard file for ja\nibtool --generate-stringsfile $SRCROOT/AnonyFollow/Resources/ja.lproj/MainStoryboard_iPad.storyboard.string --import-strings-file $SRCROOT/AnonyFollow/Resources/ja.lproj/MainStoryboard_iPad.storyboard.string $SRCROOT/AnonyFollow/Resources/en.lproj/MainStoryboard_iPad.storyboard\nibtool --write $SRCROOT/AnonyFollow/Resources/ja.lproj/MainStoryboard_iPad.storyboard -d $SRCROOT/AnonyFollow/Resources/ja.lproj/MainStoryboard_iPad.storyboard.string $SRCROOT/AnonyFollow/Resources/en.lproj/MainStoryboard_iPad.storyboard";
		};
		145194B315EA2D9300E853CA /* Update git revision and build number */ = {
			isa = PBXShellScriptBuildPhase;
			buildActionMask = 2147483647;
			files = (
			);
			inputPaths = (
			);
			name = "Update git revision and build number";
			outputPaths = (
			);
			runOnlyForDeploymentPostprocessing = 0;
			shellPath = /bin/sh;
			shellScript = "# update github revision\nhash=$(git rev-parse HEAD)\n/usr/libexec/PlistBuddy -c \"Set :CFBundleGithubRevision $hash\" \"$INFOPLIST_FILE\"\nshorthash=$(git rev-parse --short HEAD)\n/usr/libexec/PlistBuddy -c \"Set :CFBundleGithubShortRevision $shorthash\" \"$INFOPLIST_FILE\"\n\n# update build number\nbuildNumber=$(/usr/libexec/PlistBuddy -c \"Print CFBundleVersion\" \"$INFOPLIST_FILE\")\nbuildNumber=$(($buildNumber + 1))\n/usr/libexec/PlistBuddy -c \"Set :CFBundleVersion $buildNumber\" \"$INFOPLIST_FILE\"";
		};
/* End PBXShellScriptBuildPhase section */

/* Begin PBXSourcesBuildPhase section */
		0201DBE815E672AC00A212DC /* Sources */ = {
			isa = PBXSourcesBuildPhase;
			buildActionMask = 2147483647;
			files = (
				0201DBFD15E672AC00A212DC /* main.m in Sources */,
				0201DC0115E672AC00A212DC /* AnonyFollowAppDelegate.m in Sources */,
				0201DC0A15E672AC00A212DC /* AnonyFollowViewController.m in Sources */,
				02B9542515E6733E005026B1 /* CBScanner.m in Sources */,
				02B9542915E67471005026B1 /* CBAdvertizer.m in Sources */,
				14BE1B8B15EA289300F7547E /* AccountCell.m in Sources */,
				14BE1B8C15EA289300F7547E /* AppDelegate.m in Sources */,
				14BE1B8D15EA289300F7547E /* MainListViewController.m in Sources */,
				14BE1B8E15EA289300F7547E /* SettingViewController.m in Sources */,
				14BE1B8F15EA289300F7547E /* SNStatusBarView.m in Sources */,
				14BE1B9015EA289300F7547E /* TimerLengthController.m in Sources */,
				14BE1B9115EA289300F7547E /* TimerLengthViewController.m in Sources */,
				14BE1B9215EA289300F7547E /* TweetCell.m in Sources */,
				14BE1B9315EA289300F7547E /* TweetContentView.m in Sources */,
				14BE1B9415EA289300F7547E /* TwitterAccountInfo.m in Sources */,
				14BE1B9515EA289300F7547E /* TwitterTweet.m in Sources */,
				145194BD15EA51CB00E853CA /* DownloadQueue.m in Sources */,
				145194BE15EA51CB00E853CA /* DownloadTask.m in Sources */,
				145194C115EA5EBC00E853CA /* TimeLineViewController.m in Sources */,
				145194C915EA772100E853CA /* NSData+MD5.m in Sources */,
				1455709A15EBC0C7003DD49F /* LockScreenView.m in Sources */,
				145570A215EBC3D1003DD49F /* MessageBarButtonItem.m in Sources */,
				142770C215EE826B0062271A /* SNReachablityChecker.m in Sources */,
			);
			runOnlyForDeploymentPostprocessing = 0;
		};
/* End PBXSourcesBuildPhase section */

/* Begin PBXVariantGroup section */
		1451949C15EA2BCC00E853CA /* InfoPlist.strings */ = {
			isa = PBXVariantGroup;
			children = (
				1451949D15EA2BCC00E853CA /* en */,
				145194A515EA2BE800E853CA /* ja */,
			);
			name = InfoPlist.strings;
			sourceTree = "<group>";
		};
		1451949E15EA2BCC00E853CA /* MainStoryboard_iPad.storyboard */ = {
			isa = PBXVariantGroup;
			children = (
				1451949F15EA2BCC00E853CA /* en */,
				145194A615EA2BE800E853CA /* ja */,
			);
			name = MainStoryboard_iPad.storyboard;
			sourceTree = "<group>";
		};
		145194A015EA2BCC00E853CA /* MainStoryboard_iPhone.storyboard */ = {
			isa = PBXVariantGroup;
			children = (
				145194A115EA2BCC00E853CA /* en */,
				145194A915EA2BE800E853CA /* ja */,
			);
			name = MainStoryboard_iPhone.storyboard;
			sourceTree = "<group>";
		};
		145194A715EA2BE800E853CA /* MainStoryboard_iPad.storyboard.string */ = {
			isa = PBXVariantGroup;
			children = (
				145194A815EA2BE800E853CA /* ja */,
			);
			name = MainStoryboard_iPad.storyboard.string;
			sourceTree = "<group>";
		};
		145194AA15EA2BE800E853CA /* MainStoryboard_iPhone.storyboard.string */ = {
			isa = PBXVariantGroup;
			children = (
				145194AB15EA2BE800E853CA /* ja */,
			);
			name = MainStoryboard_iPhone.storyboard.string;
			sourceTree = "<group>";
		};
		1455708F15EBC00D003DD49F /* LockScreenView.xib */ = {
			isa = PBXVariantGroup;
			children = (
				1455709015EBC00D003DD49F /* en */,
			);
			name = LockScreenView.xib;
			sourceTree = "<group>";
		};
/* End PBXVariantGroup section */

/* Begin XCBuildConfiguration section */
		0201DC0B15E672AC00A212DC /* Debug */ = {
			isa = XCBuildConfiguration;
			buildSettings = {
				ALWAYS_SEARCH_USER_PATHS = NO;
				CLANG_CXX_LANGUAGE_STANDARD = "gnu++0x";
				CLANG_CXX_LIBRARY = "libc++";
				CLANG_ENABLE_OBJC_ARC = YES;
				CLANG_WARN__DUPLICATE_METHOD_MATCH = YES;
				"CODE_SIGN_IDENTITY[sdk=iphoneos*]" = "iPhone Developer: Yuichi Yoshida (AK9FYY958C)";
				COPY_PHASE_STRIP = NO;
				GCC_C_LANGUAGE_STANDARD = gnu99;
				GCC_DYNAMIC_NO_PIC = NO;
				GCC_OPTIMIZATION_LEVEL = 0;
				GCC_PREPROCESSOR_DEFINITIONS = (
					"DEBUG=1",
					"$(inherited)",
					_DEBUG,
				);
				GCC_SYMBOLS_PRIVATE_EXTERN = NO;
				GCC_WARN_ABOUT_RETURN_TYPE = YES;
				GCC_WARN_UNINITIALIZED_AUTOS = YES;
				GCC_WARN_UNUSED_VARIABLE = YES;
				IPHONEOS_DEPLOYMENT_TARGET = 6.0;
				"PROVISIONING_PROFILE[sdk=iphoneos*]" = "29AFA855-1109-4E08-AA2B-A0E4DF69506D";
				SDKROOT = iphoneos;
				TARGETED_DEVICE_FAMILY = "1,2";
			};
			name = Debug;
		};
		0201DC0C15E672AC00A212DC /* Release */ = {
			isa = XCBuildConfiguration;
			buildSettings = {
				ALWAYS_SEARCH_USER_PATHS = NO;
				CLANG_CXX_LANGUAGE_STANDARD = "gnu++0x";
				CLANG_CXX_LIBRARY = "libc++";
				CLANG_ENABLE_OBJC_ARC = YES;
				CLANG_WARN__DUPLICATE_METHOD_MATCH = YES;
				"CODE_SIGN_IDENTITY[sdk=iphoneos*]" = "iPhone Developer: Yuichi Yoshida (AK9FYY958C)";
				COPY_PHASE_STRIP = YES;
				GCC_C_LANGUAGE_STANDARD = gnu99;
				GCC_WARN_ABOUT_RETURN_TYPE = YES;
				GCC_WARN_UNINITIALIZED_AUTOS = YES;
				GCC_WARN_UNUSED_VARIABLE = YES;
				IPHONEOS_DEPLOYMENT_TARGET = 6.0;
				OTHER_CFLAGS = "-DNS_BLOCK_ASSERTIONS=1";
				"PROVISIONING_PROFILE[sdk=iphoneos*]" = "29AFA855-1109-4E08-AA2B-A0E4DF69506D";
				SDKROOT = iphoneos;
				TARGETED_DEVICE_FAMILY = "1,2";
				VALIDATE_PRODUCT = YES;
			};
			name = Release;
		};
		0201DC0E15E672AC00A212DC /* Debug */ = {
			isa = XCBuildConfiguration;
			buildSettings = {
				GCC_PRECOMPILE_PREFIX_HEADER = YES;
				GCC_PREFIX_HEADER = "AnonyFollow/AnonyFollow-Prefix.pch";
				INFOPLIST_FILE = "AnonyFollow/AnonyFollow-Info.plist";
				PRODUCT_NAME = "$(TARGET_NAME)";
				TARGETED_DEVICE_FAMILY = 1;
				WRAPPER_EXTENSION = app;
			};
			name = Debug;
		};
		0201DC0F15E672AC00A212DC /* Release */ = {
			isa = XCBuildConfiguration;
			buildSettings = {
				GCC_PRECOMPILE_PREFIX_HEADER = YES;
				GCC_PREFIX_HEADER = "AnonyFollow/AnonyFollow-Prefix.pch";
				INFOPLIST_FILE = "AnonyFollow/AnonyFollow-Info.plist";
				PRODUCT_NAME = "$(TARGET_NAME)";
				TARGETED_DEVICE_FAMILY = 1;
				WRAPPER_EXTENSION = app;
			};
			name = Release;
		};
/* End XCBuildConfiguration section */

/* Begin XCConfigurationList section */
		0201DBE615E672AC00A212DC /* Build configuration list for PBXProject "AnonyFollow" */ = {
			isa = XCConfigurationList;
			buildConfigurations = (
				0201DC0B15E672AC00A212DC /* Debug */,
				0201DC0C15E672AC00A212DC /* Release */,
			);
			defaultConfigurationIsVisible = 0;
			defaultConfigurationName = Release;
		};
		0201DC0D15E672AC00A212DC /* Build configuration list for PBXNativeTarget "AnonyFollow" */ = {
			isa = XCConfigurationList;
			buildConfigurations = (
				0201DC0E15E672AC00A212DC /* Debug */,
				0201DC0F15E672AC00A212DC /* Release */,
			);
			defaultConfigurationIsVisible = 0;
			defaultConfigurationName = Release;
		};
/* End XCConfigurationList section */
	};
	rootObject = 0201DBE315E672AC00A212DC /* Project object */;
}
