// !$*UTF8*$!
{
	archiveVersion = 1;
	classes = {
	};
	objectVersion = 46;
	objects = {

/* Begin PBXBuildFile section */
		0201DBF115E672AC00A212DC /* UIKit.framework in Frameworks */ = {isa = PBXBuildFile; fileRef = 0201DBF015E672AC00A212DC /* UIKit.framework */; };
		0201DBF315E672AC00A212DC /* Foundation.framework in Frameworks */ = {isa = PBXBuildFile; fileRef = 0201DBF215E672AC00A212DC /* Foundation.framework */; };
		0201DBF515E672AC00A212DC /* CoreGraphics.framework in Frameworks */ = {isa = PBXBuildFile; fileRef = 0201DBF415E672AC00A212DC /* CoreGraphics.framework */; };
		020D225415E6886300A4CDD3 /* AudioToolbox.framework in Frameworks */ = {isa = PBXBuildFile; fileRef = 020D225315E6886300A4CDD3 /* AudioToolbox.framework */; };
		02B9542B15E67A00005026B1 /* CoreBluetooth.framework in Frameworks */ = {isa = PBXBuildFile; fileRef = 02B9542A15E67A00005026B1 /* CoreBluetooth.framework */; };
		02B9542D15E67A06005026B1 /* Social.framework in Frameworks */ = {isa = PBXBuildFile; fileRef = 02B9542C15E67A06005026B1 /* Social.framework */; };
		02B9542F15E67A18005026B1 /* Accounts.framework in Frameworks */ = {isa = PBXBuildFile; fileRef = 02B9542E15E67A18005026B1 /* Accounts.framework */; };
		14192DA416153067002E3B73 /* StoreKit.framework in Frameworks */ = {isa = PBXBuildFile; fileRef = 14192DA316153067002E3B73 /* StoreKit.framework */; };
		142770C515EE82DD0062271A /* SystemConfiguration.framework in Frameworks */ = {isa = PBXBuildFile; fileRef = 142770C415EE82DD0062271A /* SystemConfiguration.framework */; };
		147389E6163A125500835930 /* UIKit.framework in Frameworks */ = {isa = PBXBuildFile; fileRef = 0201DBF015E672AC00A212DC /* UIKit.framework */; };
		147389E7163A125500835930 /* Foundation.framework in Frameworks */ = {isa = PBXBuildFile; fileRef = 0201DBF215E672AC00A212DC /* Foundation.framework */; };
		147389E8163A125500835930 /* CoreGraphics.framework in Frameworks */ = {isa = PBXBuildFile; fileRef = 0201DBF415E672AC00A212DC /* CoreGraphics.framework */; };
		14738A1B163A134B00835930 /* ACAccountStore+AnonyFollow.m in Sources */ = {isa = PBXBuildFile; fileRef = 14738A0A163A134B00835930 /* ACAccountStore+AnonyFollow.m */; };
		14738A1C163A134B00835930 /* ACAccountStore+AnonyFollow.m in Sources */ = {isa = PBXBuildFile; fileRef = 14738A0A163A134B00835930 /* ACAccountStore+AnonyFollow.m */; };
		14738A1D163A134B00835930 /* NSBundle+AnonyFollow.m in Sources */ = {isa = PBXBuildFile; fileRef = 14738A0C163A134B00835930 /* NSBundle+AnonyFollow.m */; };
		14738A1E163A134B00835930 /* NSBundle+AnonyFollow.m in Sources */ = {isa = PBXBuildFile; fileRef = 14738A0C163A134B00835930 /* NSBundle+AnonyFollow.m */; };
		14738A1F163A134B00835930 /* NSData+AES256.m in Sources */ = {isa = PBXBuildFile; fileRef = 14738A0E163A134B00835930 /* NSData+AES256.m */; };
		14738A20163A134B00835930 /* NSData+AES256.m in Sources */ = {isa = PBXBuildFile; fileRef = 14738A0E163A134B00835930 /* NSData+AES256.m */; };
		14738A21163A134B00835930 /* NSData+MD5.m in Sources */ = {isa = PBXBuildFile; fileRef = 14738A10163A134B00835930 /* NSData+MD5.m */; };
		14738A22163A134B00835930 /* NSData+MD5.m in Sources */ = {isa = PBXBuildFile; fileRef = 14738A10163A134B00835930 /* NSData+MD5.m */; };
		14738A23163A134B00835930 /* NSString+AnonyFollow.m in Sources */ = {isa = PBXBuildFile; fileRef = 14738A12163A134B00835930 /* NSString+AnonyFollow.m */; };
		14738A24163A134B00835930 /* NSString+AnonyFollow.m in Sources */ = {isa = PBXBuildFile; fileRef = 14738A12163A134B00835930 /* NSString+AnonyFollow.m */; };
		14738A25163A134B00835930 /* NSUserDefaults+AnonyFollow.m in Sources */ = {isa = PBXBuildFile; fileRef = 14738A14163A134B00835930 /* NSUserDefaults+AnonyFollow.m */; };
		14738A26163A134B00835930 /* NSUserDefaults+AnonyFollow.m in Sources */ = {isa = PBXBuildFile; fileRef = 14738A14163A134B00835930 /* NSUserDefaults+AnonyFollow.m */; };
		14738A27163A134B00835930 /* UIApplication+AnonyFollow.m in Sources */ = {isa = PBXBuildFile; fileRef = 14738A16163A134B00835930 /* UIApplication+AnonyFollow.m */; };
		14738A28163A134B00835930 /* UIApplication+AnonyFollow.m in Sources */ = {isa = PBXBuildFile; fileRef = 14738A16163A134B00835930 /* UIApplication+AnonyFollow.m */; };
		14738A29163A134B00835930 /* UIDevice+AnonyFollow.m in Sources */ = {isa = PBXBuildFile; fileRef = 14738A18163A134B00835930 /* UIDevice+AnonyFollow.m */; };
		14738A2A163A134B00835930 /* UIDevice+AnonyFollow.m in Sources */ = {isa = PBXBuildFile; fileRef = 14738A18163A134B00835930 /* UIDevice+AnonyFollow.m */; };
		14738A2B163A134B00835930 /* UIViewController+AnonyFollow.m in Sources */ = {isa = PBXBuildFile; fileRef = 14738A1A163A134B00835930 /* UIViewController+AnonyFollow.m */; };
		14738A2C163A134B00835930 /* UIViewController+AnonyFollow.m in Sources */ = {isa = PBXBuildFile; fileRef = 14738A1A163A134B00835930 /* UIViewController+AnonyFollow.m */; };
		14738A34163A135300835930 /* AccountCell.m in Sources */ = {isa = PBXBuildFile; fileRef = 14738A2F163A135300835930 /* AccountCell.m */; };
		14738A35163A135300835930 /* AccountCell.m in Sources */ = {isa = PBXBuildFile; fileRef = 14738A2F163A135300835930 /* AccountCell.m */; };
		14738A36163A135300835930 /* TweetCell.m in Sources */ = {isa = PBXBuildFile; fileRef = 14738A31163A135300835930 /* TweetCell.m */; };
		14738A37163A135300835930 /* TweetCell.m in Sources */ = {isa = PBXBuildFile; fileRef = 14738A31163A135300835930 /* TweetCell.m */; };
		14738A38163A135300835930 /* UserInfoCell.m in Sources */ = {isa = PBXBuildFile; fileRef = 14738A33163A135300835930 /* UserInfoCell.m */; };
		14738A39163A135300835930 /* UserInfoCell.m in Sources */ = {isa = PBXBuildFile; fileRef = 14738A33163A135300835930 /* UserInfoCell.m */; };
		14738A67163A136500835930 /* AppDelegate.m in Sources */ = {isa = PBXBuildFile; fileRef = 14738A3C163A136500835930 /* AppDelegate.m */; };
		14738A68163A136500835930 /* AppDelegate.m in Sources */ = {isa = PBXBuildFile; fileRef = 14738A3C163A136500835930 /* AppDelegate.m */; };
		14738A69163A136500835930 /* BinarySearcher.m in Sources */ = {isa = PBXBuildFile; fileRef = 14738A3E163A136500835930 /* BinarySearcher.m */; };
		14738A6A163A136500835930 /* BinarySearcher.m in Sources */ = {isa = PBXBuildFile; fileRef = 14738A3E163A136500835930 /* BinarySearcher.m */; };
		14738A6B163A136500835930 /* CBAdvertizer.m in Sources */ = {isa = PBXBuildFile; fileRef = 14738A40163A136500835930 /* CBAdvertizer.m */; };
		14738A6C163A136500835930 /* CBAdvertizer.m in Sources */ = {isa = PBXBuildFile; fileRef = 14738A40163A136500835930 /* CBAdvertizer.m */; };
		14738A6D163A136500835930 /* CBScanner.m in Sources */ = {isa = PBXBuildFile; fileRef = 14738A42163A136500835930 /* CBScanner.m */; };
		14738A6E163A136500835930 /* CBScanner.m in Sources */ = {isa = PBXBuildFile; fileRef = 14738A42163A136500835930 /* CBScanner.m */; };
		14738A6F163A136500835930 /* DownloadQueue.m in Sources */ = {isa = PBXBuildFile; fileRef = 14738A44163A136500835930 /* DownloadQueue.m */; };
		14738A70163A136500835930 /* DownloadQueue.m in Sources */ = {isa = PBXBuildFile; fileRef = 14738A44163A136500835930 /* DownloadQueue.m */; };
		14738A71163A136500835930 /* DownloadTask.m in Sources */ = {isa = PBXBuildFile; fileRef = 14738A46163A136500835930 /* DownloadTask.m */; };
		14738A72163A136500835930 /* DownloadTask.m in Sources */ = {isa = PBXBuildFile; fileRef = 14738A46163A136500835930 /* DownloadTask.m */; };
		14738A73163A136500835930 /* SNReachablityChecker.m in Sources */ = {isa = PBXBuildFile; fileRef = 14738A48163A136500835930 /* SNReachablityChecker.m */; };
		14738A74163A136500835930 /* SNReachablityChecker.m in Sources */ = {isa = PBXBuildFile; fileRef = 14738A48163A136500835930 /* SNReachablityChecker.m */; };
		14738A75163A136500835930 /* GTMNSData+zlib.m in Sources */ = {isa = PBXBuildFile; fileRef = 14738A4C163A136500835930 /* GTMNSData+zlib.m */; };
		14738A76163A136500835930 /* GTMNSData+zlib.m in Sources */ = {isa = PBXBuildFile; fileRef = 14738A4C163A136500835930 /* GTMNSData+zlib.m */; };
		14738A77163A136500835930 /* main.m in Sources */ = {isa = PBXBuildFile; fileRef = 14738A4D163A136500835930 /* main.m */; };
		14738A78163A136500835930 /* main.m in Sources */ = {isa = PBXBuildFile; fileRef = 14738A4D163A136500835930 /* main.m */; };
		14738A79163A136500835930 /* TwitterAccountInfo.m in Sources */ = {isa = PBXBuildFile; fileRef = 14738A50163A136500835930 /* TwitterAccountInfo.m */; };
		14738A7A163A136500835930 /* TwitterAccountInfo.m in Sources */ = {isa = PBXBuildFile; fileRef = 14738A50163A136500835930 /* TwitterAccountInfo.m */; };
		14738A7B163A136500835930 /* TwitterTweet.m in Sources */ = {isa = PBXBuildFile; fileRef = 14738A52163A136500835930 /* TwitterTweet.m */; };
		14738A7C163A136500835930 /* TwitterTweet.m in Sources */ = {isa = PBXBuildFile; fileRef = 14738A52163A136500835930 /* TwitterTweet.m */; };
		14738A7D163A136500835930 /* MessageBarButtonItem.m in Sources */ = {isa = PBXBuildFile; fileRef = 14738A55163A136500835930 /* MessageBarButtonItem.m */; };
		14738A7E163A136500835930 /* MessageBarButtonItem.m in Sources */ = {isa = PBXBuildFile; fileRef = 14738A55163A136500835930 /* MessageBarButtonItem.m */; };
		14738A7F163A136500835930 /* SNStatusBarView.m in Sources */ = {isa = PBXBuildFile; fileRef = 14738A57163A136500835930 /* SNStatusBarView.m */; };
		14738A80163A136500835930 /* SNStatusBarView.m in Sources */ = {isa = PBXBuildFile; fileRef = 14738A57163A136500835930 /* SNStatusBarView.m */; };
		14738A81163A136500835930 /* TweetContentView.m in Sources */ = {isa = PBXBuildFile; fileRef = 14738A59163A136500835930 /* TweetContentView.m */; };
		14738A82163A136500835930 /* TweetContentView.m in Sources */ = {isa = PBXBuildFile; fileRef = 14738A59163A136500835930 /* TweetContentView.m */; };
		14738A83163A136500835930 /* AccountSelectViewController.m in Sources */ = {isa = PBXBuildFile; fileRef = 14738A5C163A136500835930 /* AccountSelectViewController.m */; };
		14738A84163A136500835930 /* AccountSelectViewController.m in Sources */ = {isa = PBXBuildFile; fileRef = 14738A5C163A136500835930 /* AccountSelectViewController.m */; };
		14738A85163A136500835930 /* CopyrightContactViewController.m in Sources */ = {isa = PBXBuildFile; fileRef = 14738A5E163A136500835930 /* CopyrightContactViewController.m */; };
		14738A86163A136500835930 /* CopyrightContactViewController.m in Sources */ = {isa = PBXBuildFile; fileRef = 14738A5E163A136500835930 /* CopyrightContactViewController.m */; };
		14738A87163A136500835930 /* HelpViewController.m in Sources */ = {isa = PBXBuildFile; fileRef = 14738A60163A136500835930 /* HelpViewController.m */; };
		14738A88163A136500835930 /* HelpViewController.m in Sources */ = {isa = PBXBuildFile; fileRef = 14738A60163A136500835930 /* HelpViewController.m */; };
		14738A89163A136500835930 /* MainListViewController.m in Sources */ = {isa = PBXBuildFile; fileRef = 14738A62163A136500835930 /* MainListViewController.m */; };
		14738A8A163A136500835930 /* MainListViewController.m in Sources */ = {isa = PBXBuildFile; fileRef = 14738A62163A136500835930 /* MainListViewController.m */; };
		14738A8B163A136500835930 /* SettingViewController.m in Sources */ = {isa = PBXBuildFile; fileRef = 14738A64163A136500835930 /* SettingViewController.m */; };
		14738A8C163A136500835930 /* SettingViewController.m in Sources */ = {isa = PBXBuildFile; fileRef = 14738A64163A136500835930 /* SettingViewController.m */; };
		14738A8D163A136500835930 /* TimeLineViewController.m in Sources */ = {isa = PBXBuildFile; fileRef = 14738A66163A136500835930 /* TimeLineViewController.m */; };
		14738A8E163A136500835930 /* TimeLineViewController.m in Sources */ = {isa = PBXBuildFile; fileRef = 14738A66163A136500835930 /* TimeLineViewController.m */; };
		14738AC1163A143300835930 /* Localizable.strings in Resources */ = {isa = PBXBuildFile; fileRef = 14738A92163A143300835930 /* Localizable.strings */; };
		14738AC2163A143300835930 /* Localizable.strings in Resources */ = {isa = PBXBuildFile; fileRef = 14738A92163A143300835930 /* Localizable.strings */; };
		14738AC3163A143300835930 /* MainStoryboard_iPhone.storyboard in Resources */ = {isa = PBXBuildFile; fileRef = 14738A94163A143300835930 /* MainStoryboard_iPhone.storyboard */; };
		14738AC4163A143300835930 /* MainStoryboard_iPhone.storyboard in Resources */ = {isa = PBXBuildFile; fileRef = 14738A94163A143300835930 /* MainStoryboard_iPhone.storyboard */; };
		14738AC5163A143300835930 /* Default-568h@2x.png in Resources */ = {isa = PBXBuildFile; fileRef = 14738A97163A143300835930 /* Default-568h@2x.png */; };
		14738AC6163A143300835930 /* Default-568h@2x.png in Resources */ = {isa = PBXBuildFile; fileRef = 14738A97163A143300835930 /* Default-568h@2x.png */; };
		14738AC7163A143300835930 /* icon.png in Resources */ = {isa = PBXBuildFile; fileRef = 14738A98163A143300835930 /* icon.png */; };
		14738AC8163A143300835930 /* icon.png in Resources */ = {isa = PBXBuildFile; fileRef = 14738A98163A143300835930 /* icon.png */; };
		14738AC9163A143300835930 /* icon_ipad.png in Resources */ = {isa = PBXBuildFile; fileRef = 14738A99163A143300835930 /* icon_ipad.png */; };
		14738ACA163A143300835930 /* icon_ipad.png in Resources */ = {isa = PBXBuildFile; fileRef = 14738A99163A143300835930 /* icon_ipad.png */; };
		14738ACB163A143300835930 /* icon_retina.png in Resources */ = {isa = PBXBuildFile; fileRef = 14738A9A163A143300835930 /* icon_retina.png */; };
		14738ACC163A143300835930 /* icon_retina.png in Resources */ = {isa = PBXBuildFile; fileRef = 14738A9A163A143300835930 /* icon_retina.png */; };
		14738ACD163A143300835930 /* icon_retina_ipad.png in Resources */ = {isa = PBXBuildFile; fileRef = 14738A9B163A143300835930 /* icon_retina_ipad.png */; };
		14738ACE163A143300835930 /* icon_retina_ipad.png in Resources */ = {isa = PBXBuildFile; fileRef = 14738A9B163A143300835930 /* icon_retina_ipad.png */; };
		14738ACF163A143300835930 /* sekikawa.png in Resources */ = {isa = PBXBuildFile; fileRef = 14738A9C163A143300835930 /* sekikawa.png */; };
		14738AD0163A143300835930 /* sekikawa.png in Resources */ = {isa = PBXBuildFile; fileRef = 14738A9C163A143300835930 /* sekikawa.png */; };
		14738AD1163A143300835930 /* sonson.png in Resources */ = {isa = PBXBuildFile; fileRef = 14738A9D163A143300835930 /* sonson.png */; };
		14738AD2163A143300835930 /* sonson.png in Resources */ = {isa = PBXBuildFile; fileRef = 14738A9D163A143300835930 /* sonson.png */; };
		14738AD3163A143300835930 /* Default.png in Resources */ = {isa = PBXBuildFile; fileRef = 14738A9F163A143300835930 /* Default.png */; };
		14738AD4163A143300835930 /* Default.png in Resources */ = {isa = PBXBuildFile; fileRef = 14738A9F163A143300835930 /* Default.png */; };
		14738AD5163A143300835930 /* help00.png in Resources */ = {isa = PBXBuildFile; fileRef = 14738AA0163A143300835930 /* help00.png */; };
		14738AD6163A143300835930 /* help00.png in Resources */ = {isa = PBXBuildFile; fileRef = 14738AA0163A143300835930 /* help00.png */; };
		14738AD7163A143300835930 /* help01.png in Resources */ = {isa = PBXBuildFile; fileRef = 14738AA1163A143300835930 /* help01.png */; };
		14738AD8163A143300835930 /* help01.png in Resources */ = {isa = PBXBuildFile; fileRef = 14738AA1163A143300835930 /* help01.png */; };
		14738AD9163A143300835930 /* help02.png in Resources */ = {isa = PBXBuildFile; fileRef = 14738AA2163A143300835930 /* help02.png */; };
		14738ADA163A143300835930 /* help02.png in Resources */ = {isa = PBXBuildFile; fileRef = 14738AA2163A143300835930 /* help02.png */; };
		14738ADB163A143300835930 /* help03.png in Resources */ = {isa = PBXBuildFile; fileRef = 14738AA3163A143300835930 /* help03.png */; };
		14738ADC163A143300835930 /* help03.png in Resources */ = {isa = PBXBuildFile; fileRef = 14738AA3163A143300835930 /* help03.png */; };
		14738ADD163A143300835930 /* helpIcon.png in Resources */ = {isa = PBXBuildFile; fileRef = 14738AA4163A143300835930 /* helpIcon.png */; };
		14738ADE163A143300835930 /* helpIcon.png in Resources */ = {isa = PBXBuildFile; fileRef = 14738AA4163A143300835930 /* helpIcon.png */; };
		14738ADF163A143300835930 /* new.png in Resources */ = {isa = PBXBuildFile; fileRef = 14738AA5163A143300835930 /* new.png */; };
		14738AE0163A143300835930 /* new.png in Resources */ = {isa = PBXBuildFile; fileRef = 14738AA5163A143300835930 /* new.png */; };
		14738AE1163A143300835930 /* none.png in Resources */ = {isa = PBXBuildFile; fileRef = 14738AA6163A143300835930 /* none.png */; };
		14738AE2163A143300835930 /* none.png in Resources */ = {isa = PBXBuildFile; fileRef = 14738AA6163A143300835930 /* none.png */; };
		14738AE3163A143300835930 /* off.png in Resources */ = {isa = PBXBuildFile; fileRef = 14738AA7163A143300835930 /* off.png */; };
		14738AE4163A143300835930 /* off.png in Resources */ = {isa = PBXBuildFile; fileRef = 14738AA7163A143300835930 /* off.png */; };
		14738AE5163A143300835930 /* on.png in Resources */ = {isa = PBXBuildFile; fileRef = 14738AA8163A143300835930 /* on.png */; };
		14738AE6163A143300835930 /* on.png in Resources */ = {isa = PBXBuildFile; fileRef = 14738AA8163A143300835930 /* on.png */; };
		14738AE7163A143300835930 /* PurchasePlusButton.png in Resources */ = {isa = PBXBuildFile; fileRef = 14738AA9163A143300835930 /* PurchasePlusButton.png */; };
		14738AE8163A143300835930 /* PurchasePlusButton.png in Resources */ = {isa = PBXBuildFile; fileRef = 14738AA9163A143300835930 /* PurchasePlusButton.png */; };
		14738AE9163A143300835930 /* setting.png in Resources */ = {isa = PBXBuildFile; fileRef = 14738AAA163A143300835930 /* setting.png */; };
		14738AEA163A143300835930 /* setting.png in Resources */ = {isa = PBXBuildFile; fileRef = 14738AAA163A143300835930 /* setting.png */; };
		14738AEB163A143300835930 /* warning.png in Resources */ = {isa = PBXBuildFile; fileRef = 14738AAB163A143300835930 /* warning.png */; };
		14738AEC163A143300835930 /* warning.png in Resources */ = {isa = PBXBuildFile; fileRef = 14738AAB163A143300835930 /* warning.png */; };
		14738AED163A143300835930 /* Default@2x.png in Resources */ = {isa = PBXBuildFile; fileRef = 14738AAD163A143300835930 /* Default@2x.png */; };
		14738AEE163A143300835930 /* Default@2x.png in Resources */ = {isa = PBXBuildFile; fileRef = 14738AAD163A143300835930 /* Default@2x.png */; };
		14738AEF163A143300835930 /* help00@2x.png in Resources */ = {isa = PBXBuildFile; fileRef = 14738AAE163A143300835930 /* help00@2x.png */; };
		14738AF0163A143300835930 /* help00@2x.png in Resources */ = {isa = PBXBuildFile; fileRef = 14738AAE163A143300835930 /* help00@2x.png */; };
		14738AF1163A143300835930 /* help01@2x.png in Resources */ = {isa = PBXBuildFile; fileRef = 14738AAF163A143300835930 /* help01@2x.png */; };
		14738AF2163A143300835930 /* help01@2x.png in Resources */ = {isa = PBXBuildFile; fileRef = 14738AAF163A143300835930 /* help01@2x.png */; };
		14738AF3163A143300835930 /* help02@2x.png in Resources */ = {isa = PBXBuildFile; fileRef = 14738AB0163A143300835930 /* help02@2x.png */; };
		14738AF4163A143300835930 /* help02@2x.png in Resources */ = {isa = PBXBuildFile; fileRef = 14738AB0163A143300835930 /* help02@2x.png */; };
		14738AF5163A143300835930 /* help03@2x.png in Resources */ = {isa = PBXBuildFile; fileRef = 14738AB1163A143300835930 /* help03@2x.png */; };
		14738AF6163A143300835930 /* help03@2x.png in Resources */ = {isa = PBXBuildFile; fileRef = 14738AB1163A143300835930 /* help03@2x.png */; };
		14738AF7163A143300835930 /* helpIcon@2x.png in Resources */ = {isa = PBXBuildFile; fileRef = 14738AB2163A143300835930 /* helpIcon@2x.png */; };
		14738AF8163A143300835930 /* helpIcon@2x.png in Resources */ = {isa = PBXBuildFile; fileRef = 14738AB2163A143300835930 /* helpIcon@2x.png */; };
		14738AF9163A143300835930 /* new@2x.png in Resources */ = {isa = PBXBuildFile; fileRef = 14738AB3163A143300835930 /* new@2x.png */; };
		14738AFA163A143300835930 /* new@2x.png in Resources */ = {isa = PBXBuildFile; fileRef = 14738AB3163A143300835930 /* new@2x.png */; };
		14738AFB163A143300835930 /* none@2x.png in Resources */ = {isa = PBXBuildFile; fileRef = 14738AB4163A143300835930 /* none@2x.png */; };
		14738AFC163A143300835930 /* none@2x.png in Resources */ = {isa = PBXBuildFile; fileRef = 14738AB4163A143300835930 /* none@2x.png */; };
		14738AFD163A143300835930 /* off@2x.png in Resources */ = {isa = PBXBuildFile; fileRef = 14738AB5163A143300835930 /* off@2x.png */; };
		14738AFE163A143300835930 /* off@2x.png in Resources */ = {isa = PBXBuildFile; fileRef = 14738AB5163A143300835930 /* off@2x.png */; };
		14738AFF163A143300835930 /* on@2x.png in Resources */ = {isa = PBXBuildFile; fileRef = 14738AB6163A143300835930 /* on@2x.png */; };
		14738B00163A143300835930 /* on@2x.png in Resources */ = {isa = PBXBuildFile; fileRef = 14738AB6163A143300835930 /* on@2x.png */; };
		14738B01163A143300835930 /* PurchasePlusButton@2x.png in Resources */ = {isa = PBXBuildFile; fileRef = 14738AB7163A143300835930 /* PurchasePlusButton@2x.png */; };
		14738B02163A143300835930 /* PurchasePlusButton@2x.png in Resources */ = {isa = PBXBuildFile; fileRef = 14738AB7163A143300835930 /* PurchasePlusButton@2x.png */; };
		14738B03163A143300835930 /* setting@2x.png in Resources */ = {isa = PBXBuildFile; fileRef = 14738AB8163A143300835930 /* setting@2x.png */; };
		14738B04163A143300835930 /* setting@2x.png in Resources */ = {isa = PBXBuildFile; fileRef = 14738AB8163A143300835930 /* setting@2x.png */; };
		14738B05163A143300835930 /* warning@2x.png in Resources */ = {isa = PBXBuildFile; fileRef = 14738AB9163A143300835930 /* warning@2x.png */; };
		14738B06163A143300835930 /* warning@2x.png in Resources */ = {isa = PBXBuildFile; fileRef = 14738AB9163A143300835930 /* warning@2x.png */; };
		14738B07163A143300835930 /* MainStoryboard_iPhone.storyboard.string in Resources */ = {isa = PBXBuildFile; fileRef = 14738ABD163A143300835930 /* MainStoryboard_iPhone.storyboard.string */; };
		14738B08163A143300835930 /* MainStoryboard_iPhone.storyboard.string in Resources */ = {isa = PBXBuildFile; fileRef = 14738ABD163A143300835930 /* MainStoryboard_iPhone.storyboard.string */; };
		14738B0F163A162000835930 /* Accounts.framework in Frameworks */ = {isa = PBXBuildFile; fileRef = 02B9542E15E67A18005026B1 /* Accounts.framework */; };
		14738B10163A162000835930 /* AudioToolbox.framework in Frameworks */ = {isa = PBXBuildFile; fileRef = 020D225315E6886300A4CDD3 /* AudioToolbox.framework */; };
		14738B11163A162000835930 /* CoreBluetooth.framework in Frameworks */ = {isa = PBXBuildFile; fileRef = 02B9542A15E67A00005026B1 /* CoreBluetooth.framework */; };
		14738B12163A162000835930 /* CoreLocation.framework in Frameworks */ = {isa = PBXBuildFile; fileRef = 14EC7C8016391B3A00E34B5C /* CoreLocation.framework */; };
		14738B13163A162000835930 /* libz.dylib in Frameworks */ = {isa = PBXBuildFile; fileRef = 14B7A5E615F4F90A00D6BF0B /* libz.dylib */; };
		14738B14163A162000835930 /* MapKit.framework in Frameworks */ = {isa = PBXBuildFile; fileRef = 14EC7C7D16391B3400E34B5C /* MapKit.framework */; };
		14738B15163A162000835930 /* MessageUI.framework in Frameworks */ = {isa = PBXBuildFile; fileRef = 1481963215FC5D1A004B0BCB /* MessageUI.framework */; };
		14738B16163A162000835930 /* QuartzCore.framework in Frameworks */ = {isa = PBXBuildFile; fileRef = 14BE1B9615EA28BF00F7547E /* QuartzCore.framework */; };
		14738B17163A162000835930 /* Social.framework in Frameworks */ = {isa = PBXBuildFile; fileRef = 02B9542C15E67A06005026B1 /* Social.framework */; };
		14738B19163A162000835930 /* iAd.framework in Frameworks */ = {isa = PBXBuildFile; fileRef = 14738B18163A162000835930 /* iAd.framework */; };
		14738B1A163A164900835930 /* Security.framework in Frameworks */ = {isa = PBXBuildFile; fileRef = 14B7A5EB15F5005F00D6BF0B /* Security.framework */; };
		14738B1B163A164900835930 /* StoreKit.framework in Frameworks */ = {isa = PBXBuildFile; fileRef = 14192DA316153067002E3B73 /* StoreKit.framework */; };
		14738B1E163A166B00835930 /* SystemConfiguration.framework in Frameworks */ = {isa = PBXBuildFile; fileRef = 142770C415EE82DD0062271A /* SystemConfiguration.framework */; };
		14738B1F163A167C00835930 /* iAd.framework in Frameworks */ = {isa = PBXBuildFile; fileRef = 14738B18163A162000835930 /* iAd.framework */; };
		1481963315FC5D1A004B0BCB /* MessageUI.framework in Frameworks */ = {isa = PBXBuildFile; fileRef = 1481963215FC5D1A004B0BCB /* MessageUI.framework */; };
		14B7A5E715F4F90A00D6BF0B /* libz.dylib in Frameworks */ = {isa = PBXBuildFile; fileRef = 14B7A5E615F4F90A00D6BF0B /* libz.dylib */; };
		14B7A5EC15F5005F00D6BF0B /* Security.framework in Frameworks */ = {isa = PBXBuildFile; fileRef = 14B7A5EB15F5005F00D6BF0B /* Security.framework */; };
		14BE1B9715EA28BF00F7547E /* QuartzCore.framework in Frameworks */ = {isa = PBXBuildFile; fileRef = 14BE1B9615EA28BF00F7547E /* QuartzCore.framework */; };
		14EC7C7E16391B3400E34B5C /* MapKit.framework in Frameworks */ = {isa = PBXBuildFile; fileRef = 14EC7C7D16391B3400E34B5C /* MapKit.framework */; };
		14EC7C8116391B3A00E34B5C /* CoreLocation.framework in Frameworks */ = {isa = PBXBuildFile; fileRef = 14EC7C8016391B3A00E34B5C /* CoreLocation.framework */; };
/* End PBXBuildFile section */

/* Begin PBXFileReference section */
		0201DBEC15E672AC00A212DC /* AnonyFollow.app */ = {isa = PBXFileReference; explicitFileType = wrapper.application; includeInIndex = 0; path = AnonyFollow.app; sourceTree = BUILT_PRODUCTS_DIR; };
		0201DBF015E672AC00A212DC /* UIKit.framework */ = {isa = PBXFileReference; lastKnownFileType = wrapper.framework; name = UIKit.framework; path = System/Library/Frameworks/UIKit.framework; sourceTree = SDKROOT; };
		0201DBF215E672AC00A212DC /* Foundation.framework */ = {isa = PBXFileReference; lastKnownFileType = wrapper.framework; name = Foundation.framework; path = System/Library/Frameworks/Foundation.framework; sourceTree = SDKROOT; };
		0201DBF415E672AC00A212DC /* CoreGraphics.framework */ = {isa = PBXFileReference; lastKnownFileType = wrapper.framework; name = CoreGraphics.framework; path = System/Library/Frameworks/CoreGraphics.framework; sourceTree = SDKROOT; };
		020D225315E6886300A4CDD3 /* AudioToolbox.framework */ = {isa = PBXFileReference; lastKnownFileType = wrapper.framework; name = AudioToolbox.framework; path = System/Library/Frameworks/AudioToolbox.framework; sourceTree = SDKROOT; };
		02B9542A15E67A00005026B1 /* CoreBluetooth.framework */ = {isa = PBXFileReference; lastKnownFileType = wrapper.framework; name = CoreBluetooth.framework; path = System/Library/Frameworks/CoreBluetooth.framework; sourceTree = SDKROOT; };
		02B9542C15E67A06005026B1 /* Social.framework */ = {isa = PBXFileReference; lastKnownFileType = wrapper.framework; name = Social.framework; path = System/Library/Frameworks/Social.framework; sourceTree = SDKROOT; };
		02B9542E15E67A18005026B1 /* Accounts.framework */ = {isa = PBXFileReference; lastKnownFileType = wrapper.framework; name = Accounts.framework; path = System/Library/Frameworks/Accounts.framework; sourceTree = SDKROOT; };
		14192DA316153067002E3B73 /* StoreKit.framework */ = {isa = PBXFileReference; lastKnownFileType = wrapper.framework; name = StoreKit.framework; path = System/Library/Frameworks/StoreKit.framework; sourceTree = SDKROOT; };
		142770C415EE82DD0062271A /* SystemConfiguration.framework */ = {isa = PBXFileReference; lastKnownFileType = wrapper.framework; name = SystemConfiguration.framework; path = System/Library/Frameworks/SystemConfiguration.framework; sourceTree = SDKROOT; };
		147389E4163A125500835930 /* AnonyFollowFree.app */ = {isa = PBXFileReference; explicitFileType = wrapper.application; includeInIndex = 0; path = AnonyFollowFree.app; sourceTree = BUILT_PRODUCTS_DIR; };
		14738A09163A134B00835930 /* ACAccountStore+AnonyFollow.h */ = {isa = PBXFileReference; fileEncoding = 4; lastKnownFileType = sourcecode.c.h; path = "ACAccountStore+AnonyFollow.h"; sourceTree = "<group>"; };
		14738A0A163A134B00835930 /* ACAccountStore+AnonyFollow.m */ = {isa = PBXFileReference; fileEncoding = 4; lastKnownFileType = sourcecode.c.objc; path = "ACAccountStore+AnonyFollow.m"; sourceTree = "<group>"; };
		14738A0B163A134B00835930 /* NSBundle+AnonyFollow.h */ = {isa = PBXFileReference; fileEncoding = 4; lastKnownFileType = sourcecode.c.h; path = "NSBundle+AnonyFollow.h"; sourceTree = "<group>"; };
		14738A0C163A134B00835930 /* NSBundle+AnonyFollow.m */ = {isa = PBXFileReference; fileEncoding = 4; lastKnownFileType = sourcecode.c.objc; path = "NSBundle+AnonyFollow.m"; sourceTree = "<group>"; };
		14738A0D163A134B00835930 /* NSData+AES256.h */ = {isa = PBXFileReference; fileEncoding = 4; lastKnownFileType = sourcecode.c.h; path = "NSData+AES256.h"; sourceTree = "<group>"; };
		14738A0E163A134B00835930 /* NSData+AES256.m */ = {isa = PBXFileReference; fileEncoding = 4; lastKnownFileType = sourcecode.c.objc; path = "NSData+AES256.m"; sourceTree = "<group>"; };
		14738A0F163A134B00835930 /* NSData+MD5.h */ = {isa = PBXFileReference; fileEncoding = 4; lastKnownFileType = sourcecode.c.h; path = "NSData+MD5.h"; sourceTree = "<group>"; };
		14738A10163A134B00835930 /* NSData+MD5.m */ = {isa = PBXFileReference; fileEncoding = 4; lastKnownFileType = sourcecode.c.objc; path = "NSData+MD5.m"; sourceTree = "<group>"; };
		14738A11163A134B00835930 /* NSString+AnonyFollow.h */ = {isa = PBXFileReference; fileEncoding = 4; lastKnownFileType = sourcecode.c.h; path = "NSString+AnonyFollow.h"; sourceTree = "<group>"; };
		14738A12163A134B00835930 /* NSString+AnonyFollow.m */ = {isa = PBXFileReference; fileEncoding = 4; lastKnownFileType = sourcecode.c.objc; path = "NSString+AnonyFollow.m"; sourceTree = "<group>"; };
		14738A13163A134B00835930 /* NSUserDefaults+AnonyFollow.h */ = {isa = PBXFileReference; fileEncoding = 4; lastKnownFileType = sourcecode.c.h; path = "NSUserDefaults+AnonyFollow.h"; sourceTree = "<group>"; };
		14738A14163A134B00835930 /* NSUserDefaults+AnonyFollow.m */ = {isa = PBXFileReference; fileEncoding = 4; lastKnownFileType = sourcecode.c.objc; path = "NSUserDefaults+AnonyFollow.m"; sourceTree = "<group>"; };
		14738A15163A134B00835930 /* UIApplication+AnonyFollow.h */ = {isa = PBXFileReference; fileEncoding = 4; lastKnownFileType = sourcecode.c.h; path = "UIApplication+AnonyFollow.h"; sourceTree = "<group>"; };
		14738A16163A134B00835930 /* UIApplication+AnonyFollow.m */ = {isa = PBXFileReference; fileEncoding = 4; lastKnownFileType = sourcecode.c.objc; path = "UIApplication+AnonyFollow.m"; sourceTree = "<group>"; };
		14738A17163A134B00835930 /* UIDevice+AnonyFollow.h */ = {isa = PBXFileReference; fileEncoding = 4; lastKnownFileType = sourcecode.c.h; path = "UIDevice+AnonyFollow.h"; sourceTree = "<group>"; };
		14738A18163A134B00835930 /* UIDevice+AnonyFollow.m */ = {isa = PBXFileReference; fileEncoding = 4; lastKnownFileType = sourcecode.c.objc; path = "UIDevice+AnonyFollow.m"; sourceTree = "<group>"; };
		14738A19163A134B00835930 /* UIViewController+AnonyFollow.h */ = {isa = PBXFileReference; fileEncoding = 4; lastKnownFileType = sourcecode.c.h; path = "UIViewController+AnonyFollow.h"; sourceTree = "<group>"; };
		14738A1A163A134B00835930 /* UIViewController+AnonyFollow.m */ = {isa = PBXFileReference; fileEncoding = 4; lastKnownFileType = sourcecode.c.objc; path = "UIViewController+AnonyFollow.m"; sourceTree = "<group>"; };
		14738A2E163A135300835930 /* AccountCell.h */ = {isa = PBXFileReference; fileEncoding = 4; lastKnownFileType = sourcecode.c.h; path = AccountCell.h; sourceTree = "<group>"; };
		14738A2F163A135300835930 /* AccountCell.m */ = {isa = PBXFileReference; fileEncoding = 4; lastKnownFileType = sourcecode.c.objc; path = AccountCell.m; sourceTree = "<group>"; };
		14738A30163A135300835930 /* TweetCell.h */ = {isa = PBXFileReference; fileEncoding = 4; lastKnownFileType = sourcecode.c.h; path = TweetCell.h; sourceTree = "<group>"; };
		14738A31163A135300835930 /* TweetCell.m */ = {isa = PBXFileReference; fileEncoding = 4; lastKnownFileType = sourcecode.c.objc; path = TweetCell.m; sourceTree = "<group>"; };
		14738A32163A135300835930 /* UserInfoCell.h */ = {isa = PBXFileReference; fileEncoding = 4; lastKnownFileType = sourcecode.c.h; path = UserInfoCell.h; sourceTree = "<group>"; };
		14738A33163A135300835930 /* UserInfoCell.m */ = {isa = PBXFileReference; fileEncoding = 4; lastKnownFileType = sourcecode.c.objc; path = UserInfoCell.m; sourceTree = "<group>"; };
		14738A3B163A136500835930 /* AppDelegate.h */ = {isa = PBXFileReference; fileEncoding = 4; lastKnownFileType = sourcecode.c.h; path = AppDelegate.h; sourceTree = "<group>"; };
		14738A3C163A136500835930 /* AppDelegate.m */ = {isa = PBXFileReference; fileEncoding = 4; lastKnownFileType = sourcecode.c.objc; path = AppDelegate.m; sourceTree = "<group>"; };
		14738A3D163A136500835930 /* BinarySearcher.h */ = {isa = PBXFileReference; fileEncoding = 4; lastKnownFileType = sourcecode.c.h; path = BinarySearcher.h; sourceTree = "<group>"; };
		14738A3E163A136500835930 /* BinarySearcher.m */ = {isa = PBXFileReference; fileEncoding = 4; lastKnownFileType = sourcecode.c.objc; path = BinarySearcher.m; sourceTree = "<group>"; };
		14738A3F163A136500835930 /* CBAdvertizer.h */ = {isa = PBXFileReference; fileEncoding = 4; lastKnownFileType = sourcecode.c.h; path = CBAdvertizer.h; sourceTree = "<group>"; };
		14738A40163A136500835930 /* CBAdvertizer.m */ = {isa = PBXFileReference; fileEncoding = 4; lastKnownFileType = sourcecode.c.objc; path = CBAdvertizer.m; sourceTree = "<group>"; };
		14738A41163A136500835930 /* CBScanner.h */ = {isa = PBXFileReference; fileEncoding = 4; lastKnownFileType = sourcecode.c.h; path = CBScanner.h; sourceTree = "<group>"; };
		14738A42163A136500835930 /* CBScanner.m */ = {isa = PBXFileReference; fileEncoding = 4; lastKnownFileType = sourcecode.c.objc; path = CBScanner.m; sourceTree = "<group>"; };
		14738A43163A136500835930 /* DownloadQueue.h */ = {isa = PBXFileReference; fileEncoding = 4; lastKnownFileType = sourcecode.c.h; path = DownloadQueue.h; sourceTree = "<group>"; };
		14738A44163A136500835930 /* DownloadQueue.m */ = {isa = PBXFileReference; fileEncoding = 4; lastKnownFileType = sourcecode.c.objc; path = DownloadQueue.m; sourceTree = "<group>"; };
		14738A45163A136500835930 /* DownloadTask.h */ = {isa = PBXFileReference; fileEncoding = 4; lastKnownFileType = sourcecode.c.h; path = DownloadTask.h; sourceTree = "<group>"; };
		14738A46163A136500835930 /* DownloadTask.m */ = {isa = PBXFileReference; fileEncoding = 4; lastKnownFileType = sourcecode.c.objc; path = DownloadTask.m; sourceTree = "<group>"; };
		14738A47163A136500835930 /* SNReachablityChecker.h */ = {isa = PBXFileReference; fileEncoding = 4; lastKnownFileType = sourcecode.c.h; path = SNReachablityChecker.h; sourceTree = "<group>"; };
		14738A48163A136500835930 /* SNReachablityChecker.m */ = {isa = PBXFileReference; fileEncoding = 4; lastKnownFileType = sourcecode.c.objc; path = SNReachablityChecker.m; sourceTree = "<group>"; };
		14738A4A163A136500835930 /* GTMDefines.h */ = {isa = PBXFileReference; fileEncoding = 4; lastKnownFileType = sourcecode.c.h; path = GTMDefines.h; sourceTree = "<group>"; };
		14738A4B163A136500835930 /* GTMNSData+zlib.h */ = {isa = PBXFileReference; fileEncoding = 4; lastKnownFileType = sourcecode.c.h; path = "GTMNSData+zlib.h"; sourceTree = "<group>"; };
		14738A4C163A136500835930 /* GTMNSData+zlib.m */ = {isa = PBXFileReference; fileEncoding = 4; lastKnownFileType = sourcecode.c.objc; path = "GTMNSData+zlib.m"; sourceTree = "<group>"; };
		14738A4D163A136500835930 /* main.m */ = {isa = PBXFileReference; fileEncoding = 4; lastKnownFileType = sourcecode.c.objc; name = main.m; path = AnonyFollow/main.m; sourceTree = "<group>"; };
		14738A4F163A136500835930 /* TwitterAccountInfo.h */ = {isa = PBXFileReference; fileEncoding = 4; lastKnownFileType = sourcecode.c.h; path = TwitterAccountInfo.h; sourceTree = "<group>"; };
		14738A50163A136500835930 /* TwitterAccountInfo.m */ = {isa = PBXFileReference; fileEncoding = 4; lastKnownFileType = sourcecode.c.objc; path = TwitterAccountInfo.m; sourceTree = "<group>"; };
		14738A51163A136500835930 /* TwitterTweet.h */ = {isa = PBXFileReference; fileEncoding = 4; lastKnownFileType = sourcecode.c.h; path = TwitterTweet.h; sourceTree = "<group>"; };
		14738A52163A136500835930 /* TwitterTweet.m */ = {isa = PBXFileReference; fileEncoding = 4; lastKnownFileType = sourcecode.c.objc; path = TwitterTweet.m; sourceTree = "<group>"; };
		14738A54163A136500835930 /* MessageBarButtonItem.h */ = {isa = PBXFileReference; fileEncoding = 4; lastKnownFileType = sourcecode.c.h; path = MessageBarButtonItem.h; sourceTree = "<group>"; };
		14738A55163A136500835930 /* MessageBarButtonItem.m */ = {isa = PBXFileReference; fileEncoding = 4; lastKnownFileType = sourcecode.c.objc; path = MessageBarButtonItem.m; sourceTree = "<group>"; };
		14738A56163A136500835930 /* SNStatusBarView.h */ = {isa = PBXFileReference; fileEncoding = 4; lastKnownFileType = sourcecode.c.h; path = SNStatusBarView.h; sourceTree = "<group>"; };
		14738A57163A136500835930 /* SNStatusBarView.m */ = {isa = PBXFileReference; fileEncoding = 4; lastKnownFileType = sourcecode.c.objc; path = SNStatusBarView.m; sourceTree = "<group>"; };
		14738A58163A136500835930 /* TweetContentView.h */ = {isa = PBXFileReference; fileEncoding = 4; lastKnownFileType = sourcecode.c.h; path = TweetContentView.h; sourceTree = "<group>"; };
		14738A59163A136500835930 /* TweetContentView.m */ = {isa = PBXFileReference; fileEncoding = 4; lastKnownFileType = sourcecode.c.objc; path = TweetContentView.m; sourceTree = "<group>"; };
		14738A5B163A136500835930 /* AccountSelectViewController.h */ = {isa = PBXFileReference; fileEncoding = 4; lastKnownFileType = sourcecode.c.h; path = AccountSelectViewController.h; sourceTree = "<group>"; };
		14738A5C163A136500835930 /* AccountSelectViewController.m */ = {isa = PBXFileReference; fileEncoding = 4; lastKnownFileType = sourcecode.c.objc; path = AccountSelectViewController.m; sourceTree = "<group>"; };
		14738A5D163A136500835930 /* CopyrightContactViewController.h */ = {isa = PBXFileReference; fileEncoding = 4; lastKnownFileType = sourcecode.c.h; path = CopyrightContactViewController.h; sourceTree = "<group>"; };
		14738A5E163A136500835930 /* CopyrightContactViewController.m */ = {isa = PBXFileReference; fileEncoding = 4; lastKnownFileType = sourcecode.c.objc; path = CopyrightContactViewController.m; sourceTree = "<group>"; };
		14738A5F163A136500835930 /* HelpViewController.h */ = {isa = PBXFileReference; fileEncoding = 4; lastKnownFileType = sourcecode.c.h; path = HelpViewController.h; sourceTree = "<group>"; };
		14738A60163A136500835930 /* HelpViewController.m */ = {isa = PBXFileReference; fileEncoding = 4; lastKnownFileType = sourcecode.c.objc; path = HelpViewController.m; sourceTree = "<group>"; };
		14738A61163A136500835930 /* MainListViewController.h */ = {isa = PBXFileReference; fileEncoding = 4; lastKnownFileType = sourcecode.c.h; path = MainListViewController.h; sourceTree = "<group>"; };
		14738A62163A136500835930 /* MainListViewController.m */ = {isa = PBXFileReference; fileEncoding = 4; lastKnownFileType = sourcecode.c.objc; path = MainListViewController.m; sourceTree = "<group>"; };
		14738A63163A136500835930 /* SettingViewController.h */ = {isa = PBXFileReference; fileEncoding = 4; lastKnownFileType = sourcecode.c.h; path = SettingViewController.h; sourceTree = "<group>"; };
		14738A64163A136500835930 /* SettingViewController.m */ = {isa = PBXFileReference; fileEncoding = 4; lastKnownFileType = sourcecode.c.objc; path = SettingViewController.m; sourceTree = "<group>"; };
		14738A65163A136500835930 /* TimeLineViewController.h */ = {isa = PBXFileReference; fileEncoding = 4; lastKnownFileType = sourcecode.c.h; path = TimeLineViewController.h; sourceTree = "<group>"; };
		14738A66163A136500835930 /* TimeLineViewController.m */ = {isa = PBXFileReference; fileEncoding = 4; lastKnownFileType = sourcecode.c.objc; path = TimeLineViewController.m; sourceTree = "<group>"; };
		14738A93163A143300835930 /* en */ = {isa = PBXFileReference; lastKnownFileType = text.plist.strings; name = en; path = en.lproj/Localizable.strings; sourceTree = "<group>"; };
		14738A95163A143300835930 /* en */ = {isa = PBXFileReference; lastKnownFileType = file.storyboard; name = en; path = en.lproj/MainStoryboard_iPhone.storyboard; sourceTree = "<group>"; };
		14738A97163A143300835930 /* Default-568h@2x.png */ = {isa = PBXFileReference; lastKnownFileType = image.png; path = "Default-568h@2x.png"; sourceTree = "<group>"; };
		14738A98163A143300835930 /* icon.png */ = {isa = PBXFileReference; lastKnownFileType = image.png; path = icon.png; sourceTree = "<group>"; };
		14738A99163A143300835930 /* icon_ipad.png */ = {isa = PBXFileReference; lastKnownFileType = image.png; path = icon_ipad.png; sourceTree = "<group>"; };
		14738A9A163A143300835930 /* icon_retina.png */ = {isa = PBXFileReference; lastKnownFileType = image.png; path = icon_retina.png; sourceTree = "<group>"; };
		14738A9B163A143300835930 /* icon_retina_ipad.png */ = {isa = PBXFileReference; lastKnownFileType = image.png; path = icon_retina_ipad.png; sourceTree = "<group>"; };
		14738A9C163A143300835930 /* sekikawa.png */ = {isa = PBXFileReference; lastKnownFileType = image.png; path = sekikawa.png; sourceTree = "<group>"; };
		14738A9D163A143300835930 /* sonson.png */ = {isa = PBXFileReference; lastKnownFileType = image.png; path = sonson.png; sourceTree = "<group>"; };
		14738A9F163A143300835930 /* Default.png */ = {isa = PBXFileReference; lastKnownFileType = image.png; path = Default.png; sourceTree = "<group>"; };
		14738AA0163A143300835930 /* help00.png */ = {isa = PBXFileReference; lastKnownFileType = image.png; path = help00.png; sourceTree = "<group>"; };
		14738AA1163A143300835930 /* help01.png */ = {isa = PBXFileReference; lastKnownFileType = image.png; path = help01.png; sourceTree = "<group>"; };
		14738AA2163A143300835930 /* help02.png */ = {isa = PBXFileReference; lastKnownFileType = image.png; path = help02.png; sourceTree = "<group>"; };
		14738AA3163A143300835930 /* help03.png */ = {isa = PBXFileReference; lastKnownFileType = image.png; path = help03.png; sourceTree = "<group>"; };
		14738AA4163A143300835930 /* helpIcon.png */ = {isa = PBXFileReference; lastKnownFileType = image.png; path = helpIcon.png; sourceTree = "<group>"; };
		14738AA5163A143300835930 /* new.png */ = {isa = PBXFileReference; lastKnownFileType = image.png; path = new.png; sourceTree = "<group>"; };
		14738AA6163A143300835930 /* none.png */ = {isa = PBXFileReference; lastKnownFileType = image.png; path = none.png; sourceTree = "<group>"; };
		14738AA7163A143300835930 /* off.png */ = {isa = PBXFileReference; lastKnownFileType = image.png; path = off.png; sourceTree = "<group>"; };
		14738AA8163A143300835930 /* on.png */ = {isa = PBXFileReference; lastKnownFileType = image.png; path = on.png; sourceTree = "<group>"; };
		14738AA9163A143300835930 /* PurchasePlusButton.png */ = {isa = PBXFileReference; lastKnownFileType = image.png; path = PurchasePlusButton.png; sourceTree = "<group>"; };
		14738AAA163A143300835930 /* setting.png */ = {isa = PBXFileReference; lastKnownFileType = image.png; path = setting.png; sourceTree = "<group>"; };
		14738AAB163A143300835930 /* warning.png */ = {isa = PBXFileReference; lastKnownFileType = image.png; path = warning.png; sourceTree = "<group>"; };
		14738AAD163A143300835930 /* Default@2x.png */ = {isa = PBXFileReference; lastKnownFileType = image.png; path = "Default@2x.png"; sourceTree = "<group>"; };
		14738AAE163A143300835930 /* help00@2x.png */ = {isa = PBXFileReference; lastKnownFileType = image.png; path = "help00@2x.png"; sourceTree = "<group>"; };
		14738AAF163A143300835930 /* help01@2x.png */ = {isa = PBXFileReference; lastKnownFileType = image.png; path = "help01@2x.png"; sourceTree = "<group>"; };
		14738AB0163A143300835930 /* help02@2x.png */ = {isa = PBXFileReference; lastKnownFileType = image.png; path = "help02@2x.png"; sourceTree = "<group>"; };
		14738AB1163A143300835930 /* help03@2x.png */ = {isa = PBXFileReference; lastKnownFileType = image.png; path = "help03@2x.png"; sourceTree = "<group>"; };
		14738AB2163A143300835930 /* helpIcon@2x.png */ = {isa = PBXFileReference; lastKnownFileType = image.png; path = "helpIcon@2x.png"; sourceTree = "<group>"; };
		14738AB3163A143300835930 /* new@2x.png */ = {isa = PBXFileReference; lastKnownFileType = image.png; path = "new@2x.png"; sourceTree = "<group>"; };
		14738AB4163A143300835930 /* none@2x.png */ = {isa = PBXFileReference; lastKnownFileType = image.png; path = "none@2x.png"; sourceTree = "<group>"; };
		14738AB5163A143300835930 /* off@2x.png */ = {isa = PBXFileReference; lastKnownFileType = image.png; path = "off@2x.png"; sourceTree = "<group>"; };
		14738AB6163A143300835930 /* on@2x.png */ = {isa = PBXFileReference; lastKnownFileType = image.png; path = "on@2x.png"; sourceTree = "<group>"; };
		14738AB7163A143300835930 /* PurchasePlusButton@2x.png */ = {isa = PBXFileReference; lastKnownFileType = image.png; path = "PurchasePlusButton@2x.png"; sourceTree = "<group>"; };
		14738AB8163A143300835930 /* setting@2x.png */ = {isa = PBXFileReference; lastKnownFileType = image.png; path = "setting@2x.png"; sourceTree = "<group>"; };
		14738AB9163A143300835930 /* warning@2x.png */ = {isa = PBXFileReference; lastKnownFileType = image.png; path = "warning@2x.png"; sourceTree = "<group>"; };
		14738ABB163A143300835930 /* ja */ = {isa = PBXFileReference; lastKnownFileType = text.plist.strings; name = ja; path = ja.lproj/Localizable.strings; sourceTree = "<group>"; };
		14738ABC163A143300835930 /* ja */ = {isa = PBXFileReference; lastKnownFileType = file.storyboard; name = ja; path = ja.lproj/MainStoryboard_iPhone.storyboard; sourceTree = "<group>"; };
		14738ABE163A143300835930 /* ja */ = {isa = PBXFileReference; lastKnownFileType = text; name = ja; path = ja.lproj/MainStoryboard_iPhone.storyboard.string; sourceTree = "<group>"; };
		14738B09163A146400835930 /* AnonyFollow-Info.plist */ = {isa = PBXFileReference; fileEncoding = 4; lastKnownFileType = text.plist.xml; path = "AnonyFollow-Info.plist"; sourceTree = "<group>"; };
		14738B0A163A146400835930 /* AnonyFollow-Prefix.pch */ = {isa = PBXFileReference; fileEncoding = 4; lastKnownFileType = sourcecode.c.h; path = "AnonyFollow-Prefix.pch"; sourceTree = "<group>"; };
		14738B0C163A147A00835930 /* AnonyFollowFree-Info.plist */ = {isa = PBXFileReference; fileEncoding = 4; lastKnownFileType = text.plist.xml; name = "AnonyFollowFree-Info.plist"; path = "AnonyFollow/AnonyFollowFree-Info.plist"; sourceTree = SOURCE_ROOT; };
		14738B18163A162000835930 /* iAd.framework */ = {isa = PBXFileReference; lastKnownFileType = wrapper.framework; name = iAd.framework; path = System/Library/Frameworks/iAd.framework; sourceTree = SDKROOT; };
		1481963215FC5D1A004B0BCB /* MessageUI.framework */ = {isa = PBXFileReference; lastKnownFileType = wrapper.framework; name = MessageUI.framework; path = System/Library/Frameworks/MessageUI.framework; sourceTree = SDKROOT; };
		14B7A5E615F4F90A00D6BF0B /* libz.dylib */ = {isa = PBXFileReference; lastKnownFileType = "compiled.mach-o.dylib"; name = libz.dylib; path = usr/lib/libz.dylib; sourceTree = SDKROOT; };
		14B7A5EB15F5005F00D6BF0B /* Security.framework */ = {isa = PBXFileReference; lastKnownFileType = wrapper.framework; name = Security.framework; path = System/Library/Frameworks/Security.framework; sourceTree = SDKROOT; };
		14BE1B9615EA28BF00F7547E /* QuartzCore.framework */ = {isa = PBXFileReference; lastKnownFileType = wrapper.framework; name = QuartzCore.framework; path = System/Library/Frameworks/QuartzCore.framework; sourceTree = SDKROOT; };
		14EC7C7D16391B3400E34B5C /* MapKit.framework */ = {isa = PBXFileReference; lastKnownFileType = wrapper.framework; name = MapKit.framework; path = System/Library/Frameworks/MapKit.framework; sourceTree = SDKROOT; };
		14EC7C8016391B3A00E34B5C /* CoreLocation.framework */ = {isa = PBXFileReference; lastKnownFileType = wrapper.framework; name = CoreLocation.framework; path = System/Library/Frameworks/CoreLocation.framework; sourceTree = SDKROOT; };
/* End PBXFileReference section */

/* Begin PBXFrameworksBuildPhase section */
		0201DBE915E672AC00A212DC /* Frameworks */ = {
			isa = PBXFrameworksBuildPhase;
			buildActionMask = 2147483647;
			files = (
				14738B1F163A167C00835930 /* iAd.framework in Frameworks */,
				14B7A5EC15F5005F00D6BF0B /* Security.framework in Frameworks */,
				14192DA416153067002E3B73 /* StoreKit.framework in Frameworks */,
				14EC7C8116391B3A00E34B5C /* CoreLocation.framework in Frameworks */,
				14EC7C7E16391B3400E34B5C /* MapKit.framework in Frameworks */,
				1481963315FC5D1A004B0BCB /* MessageUI.framework in Frameworks */,
				14B7A5E715F4F90A00D6BF0B /* libz.dylib in Frameworks */,
				142770C515EE82DD0062271A /* SystemConfiguration.framework in Frameworks */,
				14BE1B9715EA28BF00F7547E /* QuartzCore.framework in Frameworks */,
				020D225415E6886300A4CDD3 /* AudioToolbox.framework in Frameworks */,
				02B9542F15E67A18005026B1 /* Accounts.framework in Frameworks */,
				02B9542D15E67A06005026B1 /* Social.framework in Frameworks */,
				02B9542B15E67A00005026B1 /* CoreBluetooth.framework in Frameworks */,
				0201DBF115E672AC00A212DC /* UIKit.framework in Frameworks */,
				0201DBF315E672AC00A212DC /* Foundation.framework in Frameworks */,
				0201DBF515E672AC00A212DC /* CoreGraphics.framework in Frameworks */,
			);
			runOnlyForDeploymentPostprocessing = 0;
		};
		147389E1163A125500835930 /* Frameworks */ = {
			isa = PBXFrameworksBuildPhase;
			buildActionMask = 2147483647;
			files = (
				14738B1E163A166B00835930 /* SystemConfiguration.framework in Frameworks */,
				14738B1A163A164900835930 /* Security.framework in Frameworks */,
				14738B1B163A164900835930 /* StoreKit.framework in Frameworks */,
				14738B19163A162000835930 /* iAd.framework in Frameworks */,
				14738B0F163A162000835930 /* Accounts.framework in Frameworks */,
				14738B10163A162000835930 /* AudioToolbox.framework in Frameworks */,
				14738B11163A162000835930 /* CoreBluetooth.framework in Frameworks */,
				14738B12163A162000835930 /* CoreLocation.framework in Frameworks */,
				14738B13163A162000835930 /* libz.dylib in Frameworks */,
				14738B14163A162000835930 /* MapKit.framework in Frameworks */,
				14738B15163A162000835930 /* MessageUI.framework in Frameworks */,
				14738B16163A162000835930 /* QuartzCore.framework in Frameworks */,
				14738B17163A162000835930 /* Social.framework in Frameworks */,
				147389E6163A125500835930 /* UIKit.framework in Frameworks */,
				147389E7163A125500835930 /* Foundation.framework in Frameworks */,
				147389E8163A125500835930 /* CoreGraphics.framework in Frameworks */,
			);
			runOnlyForDeploymentPostprocessing = 0;
		};
/* End PBXFrameworksBuildPhase section */

/* Begin PBXGroup section */
		0201DBE115E672AC00A212DC = {
			isa = PBXGroup;
			children = (
				14738A07163A130700835930 /* Common */,
				0201DBF615E672AC00A212DC /* AnonyFollow */,
				147389E9163A125500835930 /* AnonyFollowFree */,
				0201DBEF15E672AC00A212DC /* Frameworks */,
				0201DBED15E672AC00A212DC /* Products */,
			);
			sourceTree = "<group>";
		};
		0201DBED15E672AC00A212DC /* Products */ = {
			isa = PBXGroup;
			children = (
				0201DBEC15E672AC00A212DC /* AnonyFollow.app */,
				147389E4163A125500835930 /* AnonyFollowFree.app */,
			);
			name = Products;
			sourceTree = "<group>";
		};
		0201DBEF15E672AC00A212DC /* Frameworks */ = {
			isa = PBXGroup;
			children = (
				14B7A5E615F4F90A00D6BF0B /* libz.dylib */,
				14738B18163A162000835930 /* iAd.framework */,
				14EC7C8016391B3A00E34B5C /* CoreLocation.framework */,
				14EC7C7D16391B3400E34B5C /* MapKit.framework */,
				14192DA316153067002E3B73 /* StoreKit.framework */,
				1481963215FC5D1A004B0BCB /* MessageUI.framework */,
				14B7A5EB15F5005F00D6BF0B /* Security.framework */,
				142770C415EE82DD0062271A /* SystemConfiguration.framework */,
				14BE1B9615EA28BF00F7547E /* QuartzCore.framework */,
				020D225315E6886300A4CDD3 /* AudioToolbox.framework */,
				02B9542E15E67A18005026B1 /* Accounts.framework */,
				02B9542C15E67A06005026B1 /* Social.framework */,
				02B9542A15E67A00005026B1 /* CoreBluetooth.framework */,
				0201DBF015E672AC00A212DC /* UIKit.framework */,
				0201DBF215E672AC00A212DC /* Foundation.framework */,
				0201DBF415E672AC00A212DC /* CoreGraphics.framework */,
			);
			name = Frameworks;
			sourceTree = "<group>";
		};
		0201DBF615E672AC00A212DC /* AnonyFollow */ = {
			isa = PBXGroup;
			children = (
				14738B09163A146400835930 /* AnonyFollow-Info.plist */,
				14738B0A163A146400835930 /* AnonyFollow-Prefix.pch */,
			);
			path = AnonyFollow;
			sourceTree = "<group>";
		};
		147389E9163A125500835930 /* AnonyFollowFree */ = {
			isa = PBXGroup;
			children = (
				14738B0C163A147A00835930 /* AnonyFollowFree-Info.plist */,
			);
			path = AnonyFollowFree;
			sourceTree = "<group>";
		};
		14738A07163A130700835930 /* Common */ = {
			isa = PBXGroup;
			children = (
				14738A4D163A136500835930 /* main.m */,
				14738A2D163A135300835930 /* Cell */,
				14738A08163A134B00835930 /* Category */,
				14738A3A163A136500835930 /* Controller */,
				14738A49163A136500835930 /* Google */,
				14738A4E163A136500835930 /* Model */,
				14738A53163A136500835930 /* View */,
				14738A5A163A136500835930 /* ViewController */,
				14738A8F163A143300835930 /* Resources */,
			);
			name = Common;
			sourceTree = "<group>";
		};
		14738A08163A134B00835930 /* Category */ = {
			isa = PBXGroup;
			children = (
				14738A09163A134B00835930 /* ACAccountStore+AnonyFollow.h */,
				14738A0A163A134B00835930 /* ACAccountStore+AnonyFollow.m */,
				14738A0B163A134B00835930 /* NSBundle+AnonyFollow.h */,
				14738A0C163A134B00835930 /* NSBundle+AnonyFollow.m */,
				14738A0D163A134B00835930 /* NSData+AES256.h */,
				14738A0E163A134B00835930 /* NSData+AES256.m */,
				14738A0F163A134B00835930 /* NSData+MD5.h */,
				14738A10163A134B00835930 /* NSData+MD5.m */,
				14738A11163A134B00835930 /* NSString+AnonyFollow.h */,
				14738A12163A134B00835930 /* NSString+AnonyFollow.m */,
				14738A13163A134B00835930 /* NSUserDefaults+AnonyFollow.h */,
				14738A14163A134B00835930 /* NSUserDefaults+AnonyFollow.m */,
				14738A15163A134B00835930 /* UIApplication+AnonyFollow.h */,
				14738A16163A134B00835930 /* UIApplication+AnonyFollow.m */,
				14738A17163A134B00835930 /* UIDevice+AnonyFollow.h */,
				14738A18163A134B00835930 /* UIDevice+AnonyFollow.m */,
				14738A19163A134B00835930 /* UIViewController+AnonyFollow.h */,
				14738A1A163A134B00835930 /* UIViewController+AnonyFollow.m */,
			);
			name = Category;
			path = AnonyFollow/Category;
			sourceTree = "<group>";
		};
		14738A2D163A135300835930 /* Cell */ = {
			isa = PBXGroup;
			children = (
				14738A2E163A135300835930 /* AccountCell.h */,
				14738A2F163A135300835930 /* AccountCell.m */,
				14738A30163A135300835930 /* TweetCell.h */,
				14738A31163A135300835930 /* TweetCell.m */,
				14738A32163A135300835930 /* UserInfoCell.h */,
				14738A33163A135300835930 /* UserInfoCell.m */,
			);
			name = Cell;
			path = AnonyFollow/Cell;
			sourceTree = "<group>";
		};
		14738A3A163A136500835930 /* Controller */ = {
			isa = PBXGroup;
			children = (
				14738A3B163A136500835930 /* AppDelegate.h */,
				14738A3C163A136500835930 /* AppDelegate.m */,
				14738A3D163A136500835930 /* BinarySearcher.h */,
				14738A3E163A136500835930 /* BinarySearcher.m */,
				14738A3F163A136500835930 /* CBAdvertizer.h */,
				14738A40163A136500835930 /* CBAdvertizer.m */,
				14738A41163A136500835930 /* CBScanner.h */,
				14738A42163A136500835930 /* CBScanner.m */,
				14738A43163A136500835930 /* DownloadQueue.h */,
				14738A44163A136500835930 /* DownloadQueue.m */,
				14738A45163A136500835930 /* DownloadTask.h */,
				14738A46163A136500835930 /* DownloadTask.m */,
				14738A47163A136500835930 /* SNReachablityChecker.h */,
				14738A48163A136500835930 /* SNReachablityChecker.m */,
			);
			name = Controller;
			path = AnonyFollow/Controller;
			sourceTree = "<group>";
		};
		14738A49163A136500835930 /* Google */ = {
			isa = PBXGroup;
			children = (
				14738A4A163A136500835930 /* GTMDefines.h */,
				14738A4B163A136500835930 /* GTMNSData+zlib.h */,
				14738A4C163A136500835930 /* GTMNSData+zlib.m */,
			);
			name = Google;
			path = AnonyFollow/Google;
			sourceTree = "<group>";
		};
		14738A4E163A136500835930 /* Model */ = {
			isa = PBXGroup;
			children = (
				14738A4F163A136500835930 /* TwitterAccountInfo.h */,
				14738A50163A136500835930 /* TwitterAccountInfo.m */,
				14738A51163A136500835930 /* TwitterTweet.h */,
				14738A52163A136500835930 /* TwitterTweet.m */,
			);
			name = Model;
			path = AnonyFollow/Model;
			sourceTree = "<group>";
		};
		14738A53163A136500835930 /* View */ = {
			isa = PBXGroup;
			children = (
				14738A54163A136500835930 /* MessageBarButtonItem.h */,
				14738A55163A136500835930 /* MessageBarButtonItem.m */,
				14738A56163A136500835930 /* SNStatusBarView.h */,
				14738A57163A136500835930 /* SNStatusBarView.m */,
				14738A58163A136500835930 /* TweetContentView.h */,
				14738A59163A136500835930 /* TweetContentView.m */,
			);
			name = View;
			path = AnonyFollow/View;
			sourceTree = "<group>";
		};
		14738A5A163A136500835930 /* ViewController */ = {
			isa = PBXGroup;
			children = (
				14738A5B163A136500835930 /* AccountSelectViewController.h */,
				14738A5C163A136500835930 /* AccountSelectViewController.m */,
				14738A5D163A136500835930 /* CopyrightContactViewController.h */,
				14738A5E163A136500835930 /* CopyrightContactViewController.m */,
				14738A5F163A136500835930 /* HelpViewController.h */,
				14738A60163A136500835930 /* HelpViewController.m */,
				14738A61163A136500835930 /* MainListViewController.h */,
				14738A62163A136500835930 /* MainListViewController.m */,
				14738A63163A136500835930 /* SettingViewController.h */,
				14738A64163A136500835930 /* SettingViewController.m */,
				14738A65163A136500835930 /* TimeLineViewController.h */,
				14738A66163A136500835930 /* TimeLineViewController.m */,
			);
			name = ViewController;
			path = AnonyFollow/ViewController;
			sourceTree = "<group>";
		};
		14738A8F163A143300835930 /* Resources */ = {
			isa = PBXGroup;
			children = (
				14738A92163A143300835930 /* Localizable.strings */,
				14738A94163A143300835930 /* MainStoryboard_iPhone.storyboard */,
				14738A96163A143300835930 /* image */,
				14738A9E163A143300835930 /* image@1x */,
				14738AAC163A143300835930 /* image@2x */,
				14738ABD163A143300835930 /* MainStoryboard_iPhone.storyboard.string */,
			);
			name = Resources;
			path = AnonyFollow/Resources;
			sourceTree = "<group>";
		};
		14738A96163A143300835930 /* image */ = {
			isa = PBXGroup;
			children = (
				14738A97163A143300835930 /* Default-568h@2x.png */,
				14738A98163A143300835930 /* icon.png */,
				14738A99163A143300835930 /* icon_ipad.png */,
				14738A9A163A143300835930 /* icon_retina.png */,
				14738A9B163A143300835930 /* icon_retina_ipad.png */,
				14738A9C163A143300835930 /* sekikawa.png */,
				14738A9D163A143300835930 /* sonson.png */,
			);
			path = image;
			sourceTree = "<group>";
		};
		14738A9E163A143300835930 /* image@1x */ = {
			isa = PBXGroup;
			children = (
				14738A9F163A143300835930 /* Default.png */,
				14738AA0163A143300835930 /* help00.png */,
				14738AA1163A143300835930 /* help01.png */,
				14738AA2163A143300835930 /* help02.png */,
				14738AA3163A143300835930 /* help03.png */,
				14738AA4163A143300835930 /* helpIcon.png */,
				14738AA5163A143300835930 /* new.png */,
				14738AA6163A143300835930 /* none.png */,
				14738AA7163A143300835930 /* off.png */,
				14738AA8163A143300835930 /* on.png */,
				14738AA9163A143300835930 /* PurchasePlusButton.png */,
				14738AAA163A143300835930 /* setting.png */,
				14738AAB163A143300835930 /* warning.png */,
			);
			path = "image@1x";
			sourceTree = "<group>";
		};
		14738AAC163A143300835930 /* image@2x */ = {
			isa = PBXGroup;
			children = (
				14738AAD163A143300835930 /* Default@2x.png */,
				14738AAE163A143300835930 /* help00@2x.png */,
				14738AAF163A143300835930 /* help01@2x.png */,
				14738AB0163A143300835930 /* help02@2x.png */,
				14738AB1163A143300835930 /* help03@2x.png */,
				14738AB2163A143300835930 /* helpIcon@2x.png */,
				14738AB3163A143300835930 /* new@2x.png */,
				14738AB4163A143300835930 /* none@2x.png */,
				14738AB5163A143300835930 /* off@2x.png */,
				14738AB6163A143300835930 /* on@2x.png */,
				14738AB7163A143300835930 /* PurchasePlusButton@2x.png */,
				14738AB8163A143300835930 /* setting@2x.png */,
				14738AB9163A143300835930 /* warning@2x.png */,
			);
			path = "image@2x";
			sourceTree = "<group>";
		};
/* End PBXGroup section */

/* Begin PBXNativeTarget section */
		0201DBEB15E672AC00A212DC /* AnonyFollow */ = {
			isa = PBXNativeTarget;
			buildConfigurationList = 0201DC0D15E672AC00A212DC /* Build configuration list for PBXNativeTarget "AnonyFollow" */;
			buildPhases = (
				1451949B15EA2B8500E853CA /* Make Japanese Storyboard files automatically */,
				145194B315EA2D9300E853CA /* Update git revision */,
				14192D9E16152A61002E3B73 /* Update build number */,
				0201DBE815E672AC00A212DC /* Sources */,
				0201DBE915E672AC00A212DC /* Frameworks */,
				0201DBEA15E672AC00A212DC /* Resources */,
			);
			buildRules = (
			);
			dependencies = (
			);
			name = AnonyFollow;
			productName = AnonyFollow;
			productReference = 0201DBEC15E672AC00A212DC /* AnonyFollow.app */;
			productType = "com.apple.product-type.application";
		};
		147389E3163A125500835930 /* AnonyFollowFree */ = {
			isa = PBXNativeTarget;
			buildConfigurationList = 147389FF163A125500835930 /* Build configuration list for PBXNativeTarget "AnonyFollowFree" */;
			buildPhases = (
				14738B20163A16C700835930 /* Update Git Revision */,
				14738B21163A16DF00835930 /* Update Build Number */,
				14738B22163A16F700835930 /* Storyboard Localization */,
				147389E0163A125500835930 /* Sources */,
				147389E1163A125500835930 /* Frameworks */,
				147389E2163A125500835930 /* Resources */,
			);
			buildRules = (
			);
			dependencies = (
			);
			name = AnonyFollowFree;
			productName = AnonyFollowFree;
			productReference = 147389E4163A125500835930 /* AnonyFollowFree.app */;
			productType = "com.apple.product-type.application";
		};
/* End PBXNativeTarget section */

/* Begin PBXProject section */
		0201DBE315E672AC00A212DC /* Project object */ = {
			isa = PBXProject;
			attributes = {
				CLASSPREFIX = AnonyFollow;
				LastUpgradeCheck = 0450;
				ORGANIZATIONNAME = "Y.Yoshida,Y.Sekikawa";
			};
			buildConfigurationList = 0201DBE615E672AC00A212DC /* Build configuration list for PBXProject "AnonyFollow" */;
			compatibilityVersion = "Xcode 3.2";
			developmentRegion = English;
			hasScannedForEncodings = 0;
			knownRegions = (
				en,
				ja,
			);
			mainGroup = 0201DBE115E672AC00A212DC;
			productRefGroup = 0201DBED15E672AC00A212DC /* Products */;
			projectDirPath = "";
			projectRoot = "";
			targets = (
				0201DBEB15E672AC00A212DC /* AnonyFollow */,
				147389E3163A125500835930 /* AnonyFollowFree */,
			);
		};
/* End PBXProject section */

/* Begin PBXResourcesBuildPhase section */
		0201DBEA15E672AC00A212DC /* Resources */ = {
			isa = PBXResourcesBuildPhase;
			buildActionMask = 2147483647;
			files = (
				14738AC1163A143300835930 /* Localizable.strings in Resources */,
				14738AC3163A143300835930 /* MainStoryboard_iPhone.storyboard in Resources */,
				14738AC5163A143300835930 /* Default-568h@2x.png in Resources */,
				14738AC7163A143300835930 /* icon.png in Resources */,
				14738AC9163A143300835930 /* icon_ipad.png in Resources */,
				14738ACB163A143300835930 /* icon_retina.png in Resources */,
				14738ACD163A143300835930 /* icon_retina_ipad.png in Resources */,
				14738ACF163A143300835930 /* sekikawa.png in Resources */,
				14738AD1163A143300835930 /* sonson.png in Resources */,
				14738AD3163A143300835930 /* Default.png in Resources */,
				14738AD5163A143300835930 /* help00.png in Resources */,
				14738AD7163A143300835930 /* help01.png in Resources */,
				14738AD9163A143300835930 /* help02.png in Resources */,
				14738ADB163A143300835930 /* help03.png in Resources */,
				14738ADD163A143300835930 /* helpIcon.png in Resources */,
				14738ADF163A143300835930 /* new.png in Resources */,
				14738AE1163A143300835930 /* none.png in Resources */,
				14738AE3163A143300835930 /* off.png in Resources */,
				14738AE5163A143300835930 /* on.png in Resources */,
				14738AE7163A143300835930 /* PurchasePlusButton.png in Resources */,
				14738AE9163A143300835930 /* setting.png in Resources */,
				14738AEB163A143300835930 /* warning.png in Resources */,
				14738AED163A143300835930 /* Default@2x.png in Resources */,
				14738AEF163A143300835930 /* help00@2x.png in Resources */,
				14738AF1163A143300835930 /* help01@2x.png in Resources */,
				14738AF3163A143300835930 /* help02@2x.png in Resources */,
				14738AF5163A143300835930 /* help03@2x.png in Resources */,
				14738AF7163A143300835930 /* helpIcon@2x.png in Resources */,
				14738AF9163A143300835930 /* new@2x.png in Resources */,
				14738AFB163A143300835930 /* none@2x.png in Resources */,
				14738AFD163A143300835930 /* off@2x.png in Resources */,
				14738AFF163A143300835930 /* on@2x.png in Resources */,
				14738B01163A143300835930 /* PurchasePlusButton@2x.png in Resources */,
				14738B03163A143300835930 /* setting@2x.png in Resources */,
				14738B05163A143300835930 /* warning@2x.png in Resources */,
				14738B07163A143300835930 /* MainStoryboard_iPhone.storyboard.string in Resources */,
			);
			runOnlyForDeploymentPostprocessing = 0;
		};
		147389E2163A125500835930 /* Resources */ = {
			isa = PBXResourcesBuildPhase;
			buildActionMask = 2147483647;
			files = (
				14738AC2163A143300835930 /* Localizable.strings in Resources */,
				14738AC4163A143300835930 /* MainStoryboard_iPhone.storyboard in Resources */,
				14738AC6163A143300835930 /* Default-568h@2x.png in Resources */,
				14738AC8163A143300835930 /* icon.png in Resources */,
				14738ACA163A143300835930 /* icon_ipad.png in Resources */,
				14738ACC163A143300835930 /* icon_retina.png in Resources */,
				14738ACE163A143300835930 /* icon_retina_ipad.png in Resources */,
				14738AD0163A143300835930 /* sekikawa.png in Resources */,
				14738AD2163A143300835930 /* sonson.png in Resources */,
				14738AD4163A143300835930 /* Default.png in Resources */,
				14738AD6163A143300835930 /* help00.png in Resources */,
				14738AD8163A143300835930 /* help01.png in Resources */,
				14738ADA163A143300835930 /* help02.png in Resources */,
				14738ADC163A143300835930 /* help03.png in Resources */,
				14738ADE163A143300835930 /* helpIcon.png in Resources */,
				14738AE0163A143300835930 /* new.png in Resources */,
				14738AE2163A143300835930 /* none.png in Resources */,
				14738AE4163A143300835930 /* off.png in Resources */,
				14738AE6163A143300835930 /* on.png in Resources */,
				14738AE8163A143300835930 /* PurchasePlusButton.png in Resources */,
				14738AEA163A143300835930 /* setting.png in Resources */,
				14738AEC163A143300835930 /* warning.png in Resources */,
				14738AEE163A143300835930 /* Default@2x.png in Resources */,
				14738AF0163A143300835930 /* help00@2x.png in Resources */,
				14738AF2163A143300835930 /* help01@2x.png in Resources */,
				14738AF4163A143300835930 /* help02@2x.png in Resources */,
				14738AF6163A143300835930 /* help03@2x.png in Resources */,
				14738AF8163A143300835930 /* helpIcon@2x.png in Resources */,
				14738AFA163A143300835930 /* new@2x.png in Resources */,
				14738AFC163A143300835930 /* none@2x.png in Resources */,
				14738AFE163A143300835930 /* off@2x.png in Resources */,
				14738B00163A143300835930 /* on@2x.png in Resources */,
				14738B02163A143300835930 /* PurchasePlusButton@2x.png in Resources */,
				14738B04163A143300835930 /* setting@2x.png in Resources */,
				14738B06163A143300835930 /* warning@2x.png in Resources */,
				14738B08163A143300835930 /* MainStoryboard_iPhone.storyboard.string in Resources */,
			);
			runOnlyForDeploymentPostprocessing = 0;
		};
/* End PBXResourcesBuildPhase section */

/* Begin PBXShellScriptBuildPhase section */
		14192D9E16152A61002E3B73 /* Update build number */ = {
			isa = PBXShellScriptBuildPhase;
			buildActionMask = 2147483647;
			files = (
			);
			inputPaths = (
			);
			name = "Update build number";
			outputPaths = (
			);
			runOnlyForDeploymentPostprocessing = 0;
			shellPath = /bin/sh;
			shellScript = "# update build number\nbuildNumber=$(/usr/libexec/PlistBuddy -c \"Print CFBundleVersion\" \"$INFOPLIST_FILE\")\nbuildNumber=$(($buildNumber + 1))\n/usr/libexec/PlistBuddy -c \"Set :CFBundleVersion $buildNumber\" \"$INFOPLIST_FILE\"";
		};
		1451949B15EA2B8500E853CA /* Make Japanese Storyboard files automatically */ = {
			isa = PBXShellScriptBuildPhase;
			buildActionMask = 2147483647;
			files = (
			);
			inputPaths = (
				$SRCROOT/AnonyFollow/Resources/ja.lproj/MainStoryboard_iPhone.storyboard.string,
				$SRCROOT/AnonyFollow/Resources/en.lproj/MainStoryboard_iPhone.storyboard,
			);
			name = "Make Japanese Storyboard files automatically";
			outputPaths = (
				$SRCROOT/AnonyFollow/Resources/ja.lproj/MainStoryboard_iPhone.storyboard,
			);
			runOnlyForDeploymentPostprocessing = 0;
			shellPath = /bin/sh;
			shellScript = "# make iPhone's storyboard file for ja\nibtool --generate-stringsfile $SRCROOT/AnonyFollow/Resources/ja.lproj/MainStoryboard_iPhone.storyboard.string --import-strings-file $SRCROOT/AnonyFollow/Resources/ja.lproj/MainStoryboard_iPhone.storyboard.string $SRCROOT/AnonyFollow/Resources/en.lproj/MainStoryboard_iPhone.storyboard\nibtool --write $SRCROOT/AnonyFollow/Resources/ja.lproj/MainStoryboard_iPhone.storyboard -d $SRCROOT/AnonyFollow/Resources/ja.lproj/MainStoryboard_iPhone.storyboard.string $SRCROOT/AnonyFollow/Resources/en.lproj/MainStoryboard_iPhone.storyboard\n\n# make iPad's storyboard file for ja\n#ibtool --generate-stringsfile $SRCROOT/AnonyFollow/Resources/ja.lproj/MainStoryboard_iPad.storyboard.string --import-strings-file $SRCROOT/AnonyFollow/Resources/ja.lproj/MainStoryboard_iPad.storyboard.string $SRCROOT/AnonyFollow/Resources/en.lproj/MainStoryboard_iPad.storyboard\n#ibtool --write $SRCROOT/AnonyFollow/Resources/ja.lproj/MainStoryboard_iPad.storyboard -d $SRCROOT/AnonyFollow/Resources/ja.lproj/MainStoryboard_iPad.storyboard.string $SRCROOT/AnonyFollow/Resources/en.lproj/MainStoryboard_iPad.storyboard";
		};
		145194B315EA2D9300E853CA /* Update git revision */ = {
			isa = PBXShellScriptBuildPhase;
			buildActionMask = 2147483647;
			files = (
			);
			inputPaths = (
			);
			name = "Update git revision";
			outputPaths = (
			);
			runOnlyForDeploymentPostprocessing = 0;
			shellPath = /bin/sh;
			shellScript = "# update github revision\nhash=$(git rev-parse HEAD)\n/usr/libexec/PlistBuddy -c \"Set :CFBundleGithubRevision $hash\" \"$INFOPLIST_FILE\"\nshorthash=$(git rev-parse --short HEAD)\n/usr/libexec/PlistBuddy -c \"Set :CFBundleGithubShortRevision $shorthash\" \"$INFOPLIST_FILE\"";
		};
		14738B20163A16C700835930 /* Update Git Revision */ = {
			isa = PBXShellScriptBuildPhase;
			buildActionMask = 2147483647;
			files = (
			);
			inputPaths = (
			);
			name = "Update Git Revision";
			outputPaths = (
			);
			runOnlyForDeploymentPostprocessing = 0;
			shellPath = /bin/sh;
			shellScript = "# update github revision\nhash=$(git rev-parse HEAD)\n/usr/libexec/PlistBuddy -c \"Set :CFBundleGithubRevision $hash\" \"$INFOPLIST_FILE\"\nshorthash=$(git rev-parse --short HEAD)\n/usr/libexec/PlistBuddy -c \"Set :CFBundleGithubShortRevision $shorthash\" \"$INFOPLIST_FILE\"";
		};
		14738B21163A16DF00835930 /* Update Build Number */ = {
			isa = PBXShellScriptBuildPhase;
			buildActionMask = 2147483647;
			files = (
			);
			inputPaths = (
			);
			name = "Update Build Number";
			outputPaths = (
			);
			runOnlyForDeploymentPostprocessing = 0;
			shellPath = /bin/sh;
			shellScript = "# update build number\nbuildNumber=$(/usr/libexec/PlistBuddy -c \"Print CFBundleVersion\" \"$INFOPLIST_FILE\")\nbuildNumber=$(($buildNumber + 1))\n/usr/libexec/PlistBuddy -c \"Set :CFBundleVersion $buildNumber\" \"$INFOPLIST_FILE\"";
		};
		14738B22163A16F700835930 /* Storyboard Localization */ = {
			isa = PBXShellScriptBuildPhase;
			buildActionMask = 2147483647;
			files = (
			);
			inputPaths = (
				$SRCROOT/AnonyFollow/Resources/ja.lproj/MainStoryboard_iPhone.storyboard.string,
				$SRCROOT/AnonyFollow/Resources/en.lproj/MainStoryboard_iPhone.storyboard,
			);
			name = "Storyboard Localization";
			outputPaths = (
				$SRCROOT/AnonyFollow/Resources/ja.lproj/MainStoryboard_iPhone.storyboard,
			);
			runOnlyForDeploymentPostprocessing = 0;
			shellPath = /bin/sh;
			shellScript = "# make iPhone's storyboard file for ja\nibtool --generate-stringsfile $SRCROOT/AnonyFollow/Resources/ja.lproj/MainStoryboard_iPhone.storyboard.string --import-strings-file $SRCROOT/AnonyFollow/Resources/ja.lproj/MainStoryboard_iPhone.storyboard.string $SRCROOT/AnonyFollow/Resources/en.lproj/MainStoryboard_iPhone.storyboard\nibtool --write $SRCROOT/AnonyFollow/Resources/ja.lproj/MainStoryboard_iPhone.storyboard -d $SRCROOT/AnonyFollow/Resources/ja.lproj/MainStoryboard_iPhone.storyboard.string $SRCROOT/AnonyFollow/Resources/en.lproj/MainStoryboard_iPhone.storyboard\n\n# make iPad's storyboard file for ja\n#ibtool --generate-stringsfile $SRCROOT/AnonyFollow/Resources/ja.lproj/MainStoryboard_iPad.storyboard.string --import-strings-file $SRCROOT/AnonyFollow/Resources/ja.lproj/MainStoryboard_iPad.storyboard.string $SRCROOT/AnonyFollow/Resources/en.lproj/MainStoryboard_iPad.storyboard\n#ibtool --write $SRCROOT/AnonyFollow/Resources/ja.lproj/MainStoryboard_iPad.storyboard -d $SRCROOT/AnonyFollow/Resources/ja.lproj/MainStoryboard_iPad.storyboard.string $SRCROOT/AnonyFollow/Resources/en.lproj/MainStoryboard_iPad.storyboard";
		};
/* End PBXShellScriptBuildPhase section */

/* Begin PBXSourcesBuildPhase section */
		0201DBE815E672AC00A212DC /* Sources */ = {
			isa = PBXSourcesBuildPhase;
			buildActionMask = 2147483647;
			files = (
				14738A1B163A134B00835930 /* ACAccountStore+AnonyFollow.m in Sources */,
				14738A1D163A134B00835930 /* NSBundle+AnonyFollow.m in Sources */,
				14738A1F163A134B00835930 /* NSData+AES256.m in Sources */,
				14738A21163A134B00835930 /* NSData+MD5.m in Sources */,
				14738A23163A134B00835930 /* NSString+AnonyFollow.m in Sources */,
				14738A25163A134B00835930 /* NSUserDefaults+AnonyFollow.m in Sources */,
				14738A27163A134B00835930 /* UIApplication+AnonyFollow.m in Sources */,
				14738A29163A134B00835930 /* UIDevice+AnonyFollow.m in Sources */,
				14738A2B163A134B00835930 /* UIViewController+AnonyFollow.m in Sources */,
				14738A34163A135300835930 /* AccountCell.m in Sources */,
				14738A36163A135300835930 /* TweetCell.m in Sources */,
				14738A38163A135300835930 /* UserInfoCell.m in Sources */,
				14738A67163A136500835930 /* AppDelegate.m in Sources */,
				14738A69163A136500835930 /* BinarySearcher.m in Sources */,
				14738A6B163A136500835930 /* CBAdvertizer.m in Sources */,
				14738A6D163A136500835930 /* CBScanner.m in Sources */,
				14738A6F163A136500835930 /* DownloadQueue.m in Sources */,
				14738A71163A136500835930 /* DownloadTask.m in Sources */,
				14738A73163A136500835930 /* SNReachablityChecker.m in Sources */,
				14738A75163A136500835930 /* GTMNSData+zlib.m in Sources */,
				14738A77163A136500835930 /* main.m in Sources */,
				14738A79163A136500835930 /* TwitterAccountInfo.m in Sources */,
				14738A7B163A136500835930 /* TwitterTweet.m in Sources */,
				14738A7D163A136500835930 /* MessageBarButtonItem.m in Sources */,
				14738A7F163A136500835930 /* SNStatusBarView.m in Sources */,
				14738A81163A136500835930 /* TweetContentView.m in Sources */,
				14738A83163A136500835930 /* AccountSelectViewController.m in Sources */,
				14738A85163A136500835930 /* CopyrightContactViewController.m in Sources */,
				14738A87163A136500835930 /* HelpViewController.m in Sources */,
				14738A89163A136500835930 /* MainListViewController.m in Sources */,
				14738A8B163A136500835930 /* SettingViewController.m in Sources */,
				14738A8D163A136500835930 /* TimeLineViewController.m in Sources */,
			);
			runOnlyForDeploymentPostprocessing = 0;
		};
		147389E0163A125500835930 /* Sources */ = {
			isa = PBXSourcesBuildPhase;
			buildActionMask = 2147483647;
			files = (
				14738A1C163A134B00835930 /* ACAccountStore+AnonyFollow.m in Sources */,
				14738A1E163A134B00835930 /* NSBundle+AnonyFollow.m in Sources */,
				14738A20163A134B00835930 /* NSData+AES256.m in Sources */,
				14738A22163A134B00835930 /* NSData+MD5.m in Sources */,
				14738A24163A134B00835930 /* NSString+AnonyFollow.m in Sources */,
				14738A26163A134B00835930 /* NSUserDefaults+AnonyFollow.m in Sources */,
				14738A28163A134B00835930 /* UIApplication+AnonyFollow.m in Sources */,
				14738A2A163A134B00835930 /* UIDevice+AnonyFollow.m in Sources */,
				14738A2C163A134B00835930 /* UIViewController+AnonyFollow.m in Sources */,
				14738A35163A135300835930 /* AccountCell.m in Sources */,
				14738A37163A135300835930 /* TweetCell.m in Sources */,
				14738A39163A135300835930 /* UserInfoCell.m in Sources */,
				14738A68163A136500835930 /* AppDelegate.m in Sources */,
				14738A6A163A136500835930 /* BinarySearcher.m in Sources */,
				14738A6C163A136500835930 /* CBAdvertizer.m in Sources */,
				14738A6E163A136500835930 /* CBScanner.m in Sources */,
				14738A70163A136500835930 /* DownloadQueue.m in Sources */,
				14738A72163A136500835930 /* DownloadTask.m in Sources */,
				14738A74163A136500835930 /* SNReachablityChecker.m in Sources */,
				14738A76163A136500835930 /* GTMNSData+zlib.m in Sources */,
				14738A78163A136500835930 /* main.m in Sources */,
				14738A7A163A136500835930 /* TwitterAccountInfo.m in Sources */,
				14738A7C163A136500835930 /* TwitterTweet.m in Sources */,
				14738A7E163A136500835930 /* MessageBarButtonItem.m in Sources */,
				14738A80163A136500835930 /* SNStatusBarView.m in Sources */,
				14738A82163A136500835930 /* TweetContentView.m in Sources */,
				14738A84163A136500835930 /* AccountSelectViewController.m in Sources */,
				14738A86163A136500835930 /* CopyrightContactViewController.m in Sources */,
				14738A88163A136500835930 /* HelpViewController.m in Sources */,
				14738A8A163A136500835930 /* MainListViewController.m in Sources */,
				14738A8C163A136500835930 /* SettingViewController.m in Sources */,
				14738A8E163A136500835930 /* TimeLineViewController.m in Sources */,
			);
			runOnlyForDeploymentPostprocessing = 0;
		};
/* End PBXSourcesBuildPhase section */

/* Begin PBXVariantGroup section */
		14738A92163A143300835930 /* Localizable.strings */ = {
			isa = PBXVariantGroup;
			children = (
				14738A93163A143300835930 /* en */,
				14738ABB163A143300835930 /* ja */,
			);
			name = Localizable.strings;
			sourceTree = "<group>";
		};
		14738A94163A143300835930 /* MainStoryboard_iPhone.storyboard */ = {
			isa = PBXVariantGroup;
			children = (
				14738A95163A143300835930 /* en */,
				14738ABC163A143300835930 /* ja */,
			);
			name = MainStoryboard_iPhone.storyboard;
			sourceTree = "<group>";
		};
		14738ABD163A143300835930 /* MainStoryboard_iPhone.storyboard.string */ = {
			isa = PBXVariantGroup;
			children = (
				14738ABE163A143300835930 /* ja */,
			);
			name = MainStoryboard_iPhone.storyboard.string;
			sourceTree = "<group>";
		};
/* End PBXVariantGroup section */

/* Begin XCBuildConfiguration section */
		0201DC0B15E672AC00A212DC /* Debug */ = {
			isa = XCBuildConfiguration;
			buildSettings = {
				ALWAYS_SEARCH_USER_PATHS = NO;
				CLANG_CXX_LANGUAGE_STANDARD = "gnu++0x";
				CLANG_CXX_LIBRARY = "libc++";
				CLANG_ENABLE_OBJC_ARC = YES;
				CLANG_WARN__DUPLICATE_METHOD_MATCH = YES;
				CODE_SIGN_IDENTITY = "iPhone Developer";
				"CODE_SIGN_IDENTITY[sdk=iphoneos*]" = "iPhone Developer: Yuichi Yoshida (AK9FYY958C)";
				COPY_PHASE_STRIP = NO;
				GCC_C_LANGUAGE_STANDARD = gnu99;
				GCC_DYNAMIC_NO_PIC = NO;
				GCC_OPTIMIZATION_LEVEL = 0;
				GCC_PREPROCESSOR_DEFINITIONS = (
					"DEBUG=1",
					"$(inherited)",
					_DEBUG,
				);
				GCC_SYMBOLS_PRIVATE_EXTERN = NO;
				GCC_WARN_ABOUT_RETURN_TYPE = YES;
				GCC_WARN_UNINITIALIZED_AUTOS = YES;
				GCC_WARN_UNUSED_VARIABLE = YES;
				IPHONEOS_DEPLOYMENT_TARGET = 6.0;
				PROVISIONING_PROFILE = "";
				"PROVISIONING_PROFILE[sdk=iphoneos*]" = "117319CD-D077-448B-ADCF-361D83B002E2";
				SDKROOT = iphoneos;
				TARGETED_DEVICE_FAMILY = "1,2";
			};
			name = Debug;
		};
		0201DC0C15E672AC00A212DC /* Release */ = {
			isa = XCBuildConfiguration;
			buildSettings = {
				ALWAYS_SEARCH_USER_PATHS = NO;
				CLANG_CXX_LANGUAGE_STANDARD = "gnu++0x";
				CLANG_CXX_LIBRARY = "libc++";
				CLANG_ENABLE_OBJC_ARC = YES;
				CLANG_WARN__DUPLICATE_METHOD_MATCH = YES;
				CODE_SIGN_IDENTITY = "iPhone Developer";
				"CODE_SIGN_IDENTITY[sdk=iphoneos*]" = "iPhone Developer: Yuichi Yoshida (AK9FYY958C)";
				COPY_PHASE_STRIP = YES;
				GCC_C_LANGUAGE_STANDARD = gnu99;
				GCC_WARN_ABOUT_RETURN_TYPE = YES;
				GCC_WARN_UNINITIALIZED_AUTOS = YES;
				GCC_WARN_UNUSED_VARIABLE = YES;
				IPHONEOS_DEPLOYMENT_TARGET = 6.0;
				OTHER_CFLAGS = "-DNS_BLOCK_ASSERTIONS=1";
				PROVISIONING_PROFILE = "";
				"PROVISIONING_PROFILE[sdk=iphoneos*]" = "117319CD-D077-448B-ADCF-361D83B002E2";
				SDKROOT = iphoneos;
				TARGETED_DEVICE_FAMILY = "1,2";
				VALIDATE_PRODUCT = YES;
			};
			name = Release;
		};
		0201DC0E15E672AC00A212DC /* Debug */ = {
			isa = XCBuildConfiguration;
			buildSettings = {
				"CODE_SIGN_IDENTITY[sdk=iphoneos*]" = "iPhone Developer";
				GCC_PRECOMPILE_PREFIX_HEADER = YES;
				GCC_PREFIX_HEADER = "AnonyFollow/AnonyFollow-Prefix.pch";
				INFOPLIST_FILE = "AnonyFollow/AnonyFollow-Info.plist";
				IPHONEOS_DEPLOYMENT_TARGET = 6.0;
				PRODUCT_NAME = "$(TARGET_NAME)";
				"PROVISIONING_PROFILE[sdk=iphoneos*]" = "";
				TARGETED_DEVICE_FAMILY = 1;
				WRAPPER_EXTENSION = app;
			};
			name = Debug;
		};
		0201DC0F15E672AC00A212DC /* Release */ = {
			isa = XCBuildConfiguration;
			buildSettings = {
				GCC_PRECOMPILE_PREFIX_HEADER = YES;
				GCC_PREFIX_HEADER = "AnonyFollow/AnonyFollow-Prefix.pch";
				INFOPLIST_FILE = "AnonyFollow/AnonyFollow-Info.plist";
				IPHONEOS_DEPLOYMENT_TARGET = 6.0;
				PRODUCT_NAME = "$(TARGET_NAME)";
				TARGETED_DEVICE_FAMILY = 1;
				WRAPPER_EXTENSION = app;
			};
			name = Release;
		};
		147389FB163A125500835930 /* Debug */ = {
			isa = XCBuildConfiguration;
			buildSettings = {
				CLANG_WARN_EMPTY_BODY = YES;
				"CODE_SIGN_IDENTITY[sdk=iphoneos*]" = "iPhone Developer";
				GCC_PRECOMPILE_PREFIX_HEADER = YES;
				GCC_PREFIX_HEADER = "AnonyFollow/AnonyFollow-Prefix.pch";
				GCC_PREPROCESSOR_DEFINITIONS = (
					_FREE_EDITION,
					"DEBUG=1",
					_DEBUG,
				);
				INFOPLIST_FILE = "AnonyFollow/AnonyFollowFree-Info.plist";
				PRODUCT_NAME = "$(TARGET_NAME)";
				TARGETED_DEVICE_FAMILY = 1;
				WRAPPER_EXTENSION = app;
			};
			name = Debug;
		};
		147389FC163A125500835930 /* Release */ = {
			isa = XCBuildConfiguration;
			buildSettings = {
				CLANG_WARN_EMPTY_BODY = YES;
				"CODE_SIGN_IDENTITY[sdk=iphoneos*]" = "iPhone Developer";
				GCC_PRECOMPILE_PREFIX_HEADER = YES;
				GCC_PREFIX_HEADER = "AnonyFollow/AnonyFollow-Prefix.pch";
				GCC_PREPROCESSOR_DEFINITIONS = _FREE_EDITION;
				INFOPLIST_FILE = "AnonyFollow/AnonyFollowFree-Info.plist";
				PRODUCT_NAME = "$(TARGET_NAME)";
				TARGETED_DEVICE_FAMILY = 1;
				WRAPPER_EXTENSION = app;
			};
			name = Release;
		};
		147389FD163A125500835930 /* AppStore */ = {
			isa = XCBuildConfiguration;
			buildSettings = {
				CLANG_WARN_EMPTY_BODY = YES;
				"CODE_SIGN_IDENTITY[sdk=iphoneos*]" = "iPhone Developer";
				GCC_PRECOMPILE_PREFIX_HEADER = YES;
				GCC_PREFIX_HEADER = "AnonyFollow/AnonyFollow-Prefix.pch";
				GCC_PREPROCESSOR_DEFINITIONS = _FREE_EDITION;
				INFOPLIST_FILE = "AnonyFollow/AnonyFollowFree-Info.plist";
				PRODUCT_NAME = "$(TARGET_NAME)";
				TARGETED_DEVICE_FAMILY = 1;
				WRAPPER_EXTENSION = app;
			};
			name = AppStore;
		};
		147389FE163A125500835930 /* TestFlight */ = {
			isa = XCBuildConfiguration;
			buildSettings = {
				CLANG_WARN_EMPTY_BODY = YES;
				"CODE_SIGN_IDENTITY[sdk=iphoneos*]" = "iPhone Developer";
				GCC_PRECOMPILE_PREFIX_HEADER = YES;
				GCC_PREFIX_HEADER = "AnonyFollow/AnonyFollow-Prefix.pch";
				GCC_PREPROCESSOR_DEFINITIONS = (
					_FREE_EDITION,
					_TESTFLIGHT,
				);
				INFOPLIST_FILE = "AnonyFollow/AnonyFollowFree-Info.plist";
				PRODUCT_NAME = "$(TARGET_NAME)";
				TARGETED_DEVICE_FAMILY = 1;
				WRAPPER_EXTENSION = app;
			};
			name = TestFlight;
		};
		14FD60A8160EC23600F6BDBC /* TestFlight */ = {
			isa = XCBuildConfiguration;
			buildSettings = {
				ALWAYS_SEARCH_USER_PATHS = NO;
				CLANG_CXX_LANGUAGE_STANDARD = "gnu++0x";
				CLANG_CXX_LIBRARY = "libc++";
				CLANG_ENABLE_OBJC_ARC = YES;
				CLANG_WARN__DUPLICATE_METHOD_MATCH = YES;
				CODE_SIGN_IDENTITY = "iPhone Developer";
				"CODE_SIGN_IDENTITY[sdk=iphoneos*]" = "iPhone Developer: Yuichi Yoshida (AK9FYY958C)";
				COPY_PHASE_STRIP = YES;
				GCC_C_LANGUAGE_STANDARD = gnu99;
				GCC_PREPROCESSOR_DEFINITIONS = _TESTFLIGHT;
				GCC_WARN_ABOUT_RETURN_TYPE = YES;
				GCC_WARN_UNINITIALIZED_AUTOS = YES;
				GCC_WARN_UNUSED_VARIABLE = YES;
				IPHONEOS_DEPLOYMENT_TARGET = 6.0;
				OTHER_CFLAGS = "-DNS_BLOCK_ASSERTIONS=1";
				PROVISIONING_PROFILE = "";
				"PROVISIONING_PROFILE[sdk=iphoneos*]" = "117319CD-D077-448B-ADCF-361D83B002E2";
				SDKROOT = iphoneos;
				TARGETED_DEVICE_FAMILY = "1,2";
				VALIDATE_PRODUCT = YES;
			};
			name = TestFlight;
		};
		14FD60A9160EC23600F6BDBC /* TestFlight */ = {
			isa = XCBuildConfiguration;
			buildSettings = {
				GCC_PRECOMPILE_PREFIX_HEADER = YES;
				GCC_PREFIX_HEADER = "AnonyFollow/AnonyFollow-Prefix.pch";
				INFOPLIST_FILE = "AnonyFollow/AnonyFollow-Info.plist";
				IPHONEOS_DEPLOYMENT_TARGET = 6.0;
				PRODUCT_NAME = "$(TARGET_NAME)";
				TARGETED_DEVICE_FAMILY = 1;
				WRAPPER_EXTENSION = app;
			};
			name = TestFlight;
		};
		14FD60AB160EC24000F6BDBC /* AppStore */ = {
			isa = XCBuildConfiguration;
			buildSettings = {
				ALWAYS_SEARCH_USER_PATHS = NO;
				CLANG_CXX_LANGUAGE_STANDARD = "gnu++0x";
				CLANG_CXX_LIBRARY = "libc++";
				CLANG_ENABLE_OBJC_ARC = YES;
				CLANG_WARN__DUPLICATE_METHOD_MATCH = YES;
				CODE_SIGN_IDENTITY = "iPhone Distribution";
				"CODE_SIGN_IDENTITY[sdk=iphoneos*]" = "iPhone Distribution: Yuichi Yoshida";
				COPY_PHASE_STRIP = YES;
				GCC_C_LANGUAGE_STANDARD = gnu99;
				GCC_WARN_ABOUT_RETURN_TYPE = YES;
				GCC_WARN_UNINITIALIZED_AUTOS = YES;
				GCC_WARN_UNUSED_VARIABLE = YES;
				IPHONEOS_DEPLOYMENT_TARGET = 6.0;
				OTHER_CFLAGS = "-DNS_BLOCK_ASSERTIONS=1";
				PROVISIONING_PROFILE = "";
				"PROVISIONING_PROFILE[sdk=iphoneos*]" = "6975DF34-58D4-4786-8FD4-AD432E7040AC";
				SDKROOT = iphoneos;
				TARGETED_DEVICE_FAMILY = "1,2";
				VALIDATE_PRODUCT = YES;
			};
			name = AppStore;
		};
		14FD60AC160EC24000F6BDBC /* AppStore */ = {
			isa = XCBuildConfiguration;
			buildSettings = {
				GCC_PRECOMPILE_PREFIX_HEADER = YES;
				GCC_PREFIX_HEADER = "AnonyFollow/AnonyFollow-Prefix.pch";
				INFOPLIST_FILE = "AnonyFollow/AnonyFollow-Info.plist";
				IPHONEOS_DEPLOYMENT_TARGET = 6.0;
				PRODUCT_NAME = "$(TARGET_NAME)";
				TARGETED_DEVICE_FAMILY = 1;
				WRAPPER_EXTENSION = app;
			};
			name = AppStore;
		};
/* End XCBuildConfiguration section */

/* Begin XCConfigurationList section */
		0201DBE615E672AC00A212DC /* Build configuration list for PBXProject "AnonyFollow" */ = {
			isa = XCConfigurationList;
			buildConfigurations = (
				0201DC0B15E672AC00A212DC /* Debug */,
				0201DC0C15E672AC00A212DC /* Release */,
				14FD60AB160EC24000F6BDBC /* AppStore */,
				14FD60A8160EC23600F6BDBC /* TestFlight */,
			);
			defaultConfigurationIsVisible = 0;
			defaultConfigurationName = Release;
		};
		0201DC0D15E672AC00A212DC /* Build configuration list for PBXNativeTarget "AnonyFollow" */ = {
			isa = XCConfigurationList;
			buildConfigurations = (
				0201DC0E15E672AC00A212DC /* Debug */,
				0201DC0F15E672AC00A212DC /* Release */,
				14FD60AC160EC24000F6BDBC /* AppStore */,
				14FD60A9160EC23600F6BDBC /* TestFlight */,
			);
			defaultConfigurationIsVisible = 0;
			defaultConfigurationName = Release;
		};
		147389FF163A125500835930 /* Build configuration list for PBXNativeTarget "AnonyFollowFree" */ = {
			isa = XCConfigurationList;
			buildConfigurations = (
				147389FB163A125500835930 /* Debug */,
				147389FC163A125500835930 /* Release */,
				147389FD163A125500835930 /* AppStore */,
				147389FE163A125500835930 /* TestFlight */,
			);
			defaultConfigurationIsVisible = 0;
			defaultConfigurationName = Release;
		};
/* End XCConfigurationList section */
	};
	rootObject = 0201DBE315E672AC00A212DC /* Project object */;
}
