// !$*UTF8*$!
{
	archiveVersion = 1;
	classes = {
	};
	objectVersion = 46;
	objects = {

/* Begin PBXBuildFile section */
		0201DBF115E672AC00A212DC /* UIKit.framework in Frameworks */ = {isa = PBXBuildFile; fileRef = 0201DBF015E672AC00A212DC /* UIKit.framework */; };
		0201DBF315E672AC00A212DC /* Foundation.framework in Frameworks */ = {isa = PBXBuildFile; fileRef = 0201DBF215E672AC00A212DC /* Foundation.framework */; };
		0201DBF515E672AC00A212DC /* CoreGraphics.framework in Frameworks */ = {isa = PBXBuildFile; fileRef = 0201DBF415E672AC00A212DC /* CoreGraphics.framework */; };
		0201DBFD15E672AC00A212DC /* main.m in Sources */ = {isa = PBXBuildFile; fileRef = 0201DBFC15E672AC00A212DC /* main.m */; };
		020D225415E6886300A4CDD3 /* AudioToolbox.framework in Frameworks */ = {isa = PBXBuildFile; fileRef = 020D225315E6886300A4CDD3 /* AudioToolbox.framework */; };
		02B9542B15E67A00005026B1 /* CoreBluetooth.framework in Frameworks */ = {isa = PBXBuildFile; fileRef = 02B9542A15E67A00005026B1 /* CoreBluetooth.framework */; };
		02B9542D15E67A06005026B1 /* Social.framework in Frameworks */ = {isa = PBXBuildFile; fileRef = 02B9542C15E67A06005026B1 /* Social.framework */; };
		02B9542F15E67A18005026B1 /* Accounts.framework in Frameworks */ = {isa = PBXBuildFile; fileRef = 02B9542E15E67A18005026B1 /* Accounts.framework */; };
		141755A215FB1646006B10F7 /* NSUserDefaults+AnonyFollow.m in Sources */ = {isa = PBXBuildFile; fileRef = 141755A115FB1646006B10F7 /* NSUserDefaults+AnonyFollow.m */; };
		14192DA416153067002E3B73 /* StoreKit.framework in Frameworks */ = {isa = PBXBuildFile; fileRef = 14192DA316153067002E3B73 /* StoreKit.framework */; };
		141BA9881610C9A10002C7C2 /* UIApplication+AnonyFollow.m in Sources */ = {isa = PBXBuildFile; fileRef = 141BA9871610C9A10002C7C2 /* UIApplication+AnonyFollow.m */; };
		141BA98C1610CA780002C7C2 /* UIDevice+AnonyFollow.m in Sources */ = {isa = PBXBuildFile; fileRef = 141BA98B1610CA780002C7C2 /* UIDevice+AnonyFollow.m */; };
		1425251A1602328E0093A325 /* Default-568h@2x.png in Resources */ = {isa = PBXBuildFile; fileRef = 142525191602328E0093A325 /* Default-568h@2x.png */; };
		142770C515EE82DD0062271A /* SystemConfiguration.framework in Frameworks */ = {isa = PBXBuildFile; fileRef = 142770C415EE82DD0062271A /* SystemConfiguration.framework */; };
		145194A215EA2BCC00E853CA /* InfoPlist.strings in Resources */ = {isa = PBXBuildFile; fileRef = 1451949C15EA2BCC00E853CA /* InfoPlist.strings */; };
		14634C6515FF1C0D00D94104 /* warning.png in Resources */ = {isa = PBXBuildFile; fileRef = 14634C6415FF1C0D00D94104 /* warning.png */; };
		14634C6715FF1C1300D94104 /* warning@2x.png in Resources */ = {isa = PBXBuildFile; fileRef = 14634C6615FF1C1300D94104 /* warning@2x.png */; };
		147A1F8315FE13E600F30BAD /* MainStoryboard_iPhone.storyboard in Resources */ = {isa = PBXBuildFile; fileRef = 147A1F8115FE13E600F30BAD /* MainStoryboard_iPhone.storyboard */; };
		147A1F8715FE13F900F30BAD /* off.png in Resources */ = {isa = PBXBuildFile; fileRef = 147A1F8515FE13F900F30BAD /* off.png */; };
		147A1F8815FE13F900F30BAD /* on.png in Resources */ = {isa = PBXBuildFile; fileRef = 147A1F8615FE13F900F30BAD /* on.png */; };
		147A1F8B15FE140600F30BAD /* off@2x.png in Resources */ = {isa = PBXBuildFile; fileRef = 147A1F8915FE140600F30BAD /* off@2x.png */; };
		147A1F8C15FE140600F30BAD /* on@2x.png in Resources */ = {isa = PBXBuildFile; fileRef = 147A1F8A15FE140600F30BAD /* on@2x.png */; };
		147A1F8F15FE226A00F30BAD /* sekikawa.png in Resources */ = {isa = PBXBuildFile; fileRef = 147A1F8D15FE226A00F30BAD /* sekikawa.png */; };
		147A1F9015FE226A00F30BAD /* sonson.png in Resources */ = {isa = PBXBuildFile; fileRef = 147A1F8E15FE226A00F30BAD /* sonson.png */; };
		147A1F9315FE271200F30BAD /* Localizable.strings in Resources */ = {isa = PBXBuildFile; fileRef = 147A1F9115FE271200F30BAD /* Localizable.strings */; };
		1481962B15FC4F34004B0BCB /* CopyrightContactViewController.m in Sources */ = {isa = PBXBuildFile; fileRef = 1481962A15FC4F34004B0BCB /* CopyrightContactViewController.m */; };
		1481963315FC5D1A004B0BCB /* MessageUI.framework in Frameworks */ = {isa = PBXBuildFile; fileRef = 1481963215FC5D1A004B0BCB /* MessageUI.framework */; };
		14A2833815FA486D00880424 /* ACAccountStore+AnonyFollow.m in Sources */ = {isa = PBXBuildFile; fileRef = 14A282F815FA486D00880424 /* ACAccountStore+AnonyFollow.m */; };
		14A2833915FA486D00880424 /* NSData+AES256.m in Sources */ = {isa = PBXBuildFile; fileRef = 14A282FA15FA486D00880424 /* NSData+AES256.m */; };
		14A2833A15FA486D00880424 /* NSData+MD5.m in Sources */ = {isa = PBXBuildFile; fileRef = 14A282FC15FA486D00880424 /* NSData+MD5.m */; };
		14A2833B15FA486D00880424 /* NSString+AnonyFollow.m in Sources */ = {isa = PBXBuildFile; fileRef = 14A282FE15FA486D00880424 /* NSString+AnonyFollow.m */; };
		14A2833C15FA486D00880424 /* AccountCell.m in Sources */ = {isa = PBXBuildFile; fileRef = 14A2830115FA486D00880424 /* AccountCell.m */; };
		14A2833D15FA486D00880424 /* TweetCell.m in Sources */ = {isa = PBXBuildFile; fileRef = 14A2830315FA486D00880424 /* TweetCell.m */; };
		14A2833E15FA486D00880424 /* UserInfoCell.m in Sources */ = {isa = PBXBuildFile; fileRef = 14A2830515FA486D00880424 /* UserInfoCell.m */; };
		14A2833F15FA486D00880424 /* AppDelegate.m in Sources */ = {isa = PBXBuildFile; fileRef = 14A2830815FA486D00880424 /* AppDelegate.m */; };
		14A2834015FA486D00880424 /* BinarySearcher.m in Sources */ = {isa = PBXBuildFile; fileRef = 14A2830A15FA486D00880424 /* BinarySearcher.m */; };
		14A2834115FA486D00880424 /* CBAdvertizer.m in Sources */ = {isa = PBXBuildFile; fileRef = 14A2830C15FA486D00880424 /* CBAdvertizer.m */; };
		14A2834215FA486D00880424 /* CBScanner.m in Sources */ = {isa = PBXBuildFile; fileRef = 14A2830E15FA486D00880424 /* CBScanner.m */; };
		14A2834315FA486D00880424 /* DownloadQueue.m in Sources */ = {isa = PBXBuildFile; fileRef = 14A2831015FA486D00880424 /* DownloadQueue.m */; };
		14A2834415FA486D00880424 /* DownloadTask.m in Sources */ = {isa = PBXBuildFile; fileRef = 14A2831215FA486D00880424 /* DownloadTask.m */; };
		14A2834715FA486D00880424 /* GTMNSData+zlib.m in Sources */ = {isa = PBXBuildFile; fileRef = 14A2831A15FA486D00880424 /* GTMNSData+zlib.m */; };
		14A2834815FA486D00880424 /* TwitterAccountInfo.m in Sources */ = {isa = PBXBuildFile; fileRef = 14A2831D15FA486D00880424 /* TwitterAccountInfo.m */; };
		14A2834915FA486D00880424 /* TwitterTweet.m in Sources */ = {isa = PBXBuildFile; fileRef = 14A2831F15FA486D00880424 /* TwitterTweet.m */; };
		14A2834C15FA486D00880424 /* MessageBarButtonItem.m in Sources */ = {isa = PBXBuildFile; fileRef = 14A2832615FA486D00880424 /* MessageBarButtonItem.m */; };
		14A2834D15FA486D00880424 /* SNStatusBarView.m in Sources */ = {isa = PBXBuildFile; fileRef = 14A2832815FA486D00880424 /* SNStatusBarView.m */; };
		14A2834E15FA486D00880424 /* TweetContentView.m in Sources */ = {isa = PBXBuildFile; fileRef = 14A2832A15FA486D00880424 /* TweetContentView.m */; };
		14A2834F15FA486D00880424 /* AccountSelectViewController.m in Sources */ = {isa = PBXBuildFile; fileRef = 14A2832D15FA486D00880424 /* AccountSelectViewController.m */; };
		14A2835015FA486D00880424 /* MainListViewController.m in Sources */ = {isa = PBXBuildFile; fileRef = 14A2832F15FA486D00880424 /* MainListViewController.m */; };
		14A2835115FA486D00880424 /* SettingViewController.m in Sources */ = {isa = PBXBuildFile; fileRef = 14A2833115FA486D00880424 /* SettingViewController.m */; };
		14A2835215FA486D00880424 /* TimeLineViewController.m in Sources */ = {isa = PBXBuildFile; fileRef = 14A2833315FA486D00880424 /* TimeLineViewController.m */; };
		14A2835715FA4CEF00880424 /* UIViewController+AnonyFollow.m in Sources */ = {isa = PBXBuildFile; fileRef = 14A2835615FA4CEF00880424 /* UIViewController+AnonyFollow.m */; };
		14A2835A15FA4D1000880424 /* NSBundle+AnonyFollow.m in Sources */ = {isa = PBXBuildFile; fileRef = 14A2835915FA4D1000880424 /* NSBundle+AnonyFollow.m */; };
		14B7A5E715F4F90A00D6BF0B /* libz.dylib in Frameworks */ = {isa = PBXBuildFile; fileRef = 14B7A5E615F4F90A00D6BF0B /* libz.dylib */; };
		14B7A5EC15F5005F00D6BF0B /* Security.framework in Frameworks */ = {isa = PBXBuildFile; fileRef = 14B7A5EB15F5005F00D6BF0B /* Security.framework */; };
		14BE1B6D15EA282700F7547E /* new.png in Resources */ = {isa = PBXBuildFile; fileRef = 14BE1B6415EA282700F7547E /* new.png */; };
		14BE1B6E15EA282700F7547E /* none.png in Resources */ = {isa = PBXBuildFile; fileRef = 14BE1B6515EA282700F7547E /* none.png */; };
		14BE1B6F15EA282700F7547E /* PurchasePlusButton.png in Resources */ = {isa = PBXBuildFile; fileRef = 14BE1B6615EA282700F7547E /* PurchasePlusButton.png */; };
		14BE1B7015EA282700F7547E /* setting.png in Resources */ = {isa = PBXBuildFile; fileRef = 14BE1B6715EA282700F7547E /* setting.png */; };
		14BE1B7115EA282700F7547E /* new@2x.png in Resources */ = {isa = PBXBuildFile; fileRef = 14BE1B6915EA282700F7547E /* new@2x.png */; };
		14BE1B7215EA282700F7547E /* none@2x.png in Resources */ = {isa = PBXBuildFile; fileRef = 14BE1B6A15EA282700F7547E /* none@2x.png */; };
		14BE1B7315EA282700F7547E /* PurchasePlusButton@2x.png in Resources */ = {isa = PBXBuildFile; fileRef = 14BE1B6B15EA282700F7547E /* PurchasePlusButton@2x.png */; };
		14BE1B7415EA282700F7547E /* setting@2x.png in Resources */ = {isa = PBXBuildFile; fileRef = 14BE1B6C15EA282700F7547E /* setting@2x.png */; };
		14BE1B9715EA28BF00F7547E /* QuartzCore.framework in Frameworks */ = {isa = PBXBuildFile; fileRef = 14BE1B9615EA28BF00F7547E /* QuartzCore.framework */; };
		14D5D3841611EB0C003CDAA2 /* SNReachablityChecker.m in Sources */ = {isa = PBXBuildFile; fileRef = 14D5D3831611EB0C003CDAA2 /* SNReachablityChecker.m */; };
		14F5320A15F9D58A0080444A /* icon.png in Resources */ = {isa = PBXBuildFile; fileRef = 14F5320815F9D58A0080444A /* icon.png */; };
		14F5320B15F9D58A0080444A /* icon_retina.png in Resources */ = {isa = PBXBuildFile; fileRef = 14F5320915F9D58A0080444A /* icon_retina.png */; };
		14F5321415F9E9D50080444A /* icon_ipad.png in Resources */ = {isa = PBXBuildFile; fileRef = 14F5321215F9E9D50080444A /* icon_ipad.png */; };
		14F5321515F9E9D50080444A /* icon_retina_ipad.png in Resources */ = {isa = PBXBuildFile; fileRef = 14F5321315F9E9D50080444A /* icon_retina_ipad.png */; };
		14F5321715F9EF270080444A /* Default.png in Resources */ = {isa = PBXBuildFile; fileRef = 14F5321615F9EF270080444A /* Default.png */; };
		14F5321915F9EF2D0080444A /* Default@2x.png in Resources */ = {isa = PBXBuildFile; fileRef = 14F5321815F9EF2D0080444A /* Default@2x.png */; };
/* End PBXBuildFile section */

/* Begin PBXFileReference section */
		0201DBEC15E672AC00A212DC /* AnonyFollow.app */ = {isa = PBXFileReference; explicitFileType = wrapper.application; includeInIndex = 0; path = AnonyFollow.app; sourceTree = BUILT_PRODUCTS_DIR; };
		0201DBF015E672AC00A212DC /* UIKit.framework */ = {isa = PBXFileReference; lastKnownFileType = wrapper.framework; name = UIKit.framework; path = System/Library/Frameworks/UIKit.framework; sourceTree = SDKROOT; };
		0201DBF215E672AC00A212DC /* Foundation.framework */ = {isa = PBXFileReference; lastKnownFileType = wrapper.framework; name = Foundation.framework; path = System/Library/Frameworks/Foundation.framework; sourceTree = SDKROOT; };
		0201DBF415E672AC00A212DC /* CoreGraphics.framework */ = {isa = PBXFileReference; lastKnownFileType = wrapper.framework; name = CoreGraphics.framework; path = System/Library/Frameworks/CoreGraphics.framework; sourceTree = SDKROOT; };
		0201DBF815E672AC00A212DC /* AnonyFollow-Info.plist */ = {isa = PBXFileReference; lastKnownFileType = text.plist.xml; path = "AnonyFollow-Info.plist"; sourceTree = "<group>"; };
		0201DBFC15E672AC00A212DC /* main.m */ = {isa = PBXFileReference; lastKnownFileType = sourcecode.c.objc; path = main.m; sourceTree = "<group>"; };
		0201DBFE15E672AC00A212DC /* AnonyFollow-Prefix.pch */ = {isa = PBXFileReference; lastKnownFileType = sourcecode.c.h; path = "AnonyFollow-Prefix.pch"; sourceTree = "<group>"; };
		020D225315E6886300A4CDD3 /* AudioToolbox.framework */ = {isa = PBXFileReference; lastKnownFileType = wrapper.framework; name = AudioToolbox.framework; path = System/Library/Frameworks/AudioToolbox.framework; sourceTree = SDKROOT; };
		02B9542A15E67A00005026B1 /* CoreBluetooth.framework */ = {isa = PBXFileReference; lastKnownFileType = wrapper.framework; name = CoreBluetooth.framework; path = System/Library/Frameworks/CoreBluetooth.framework; sourceTree = SDKROOT; };
		02B9542C15E67A06005026B1 /* Social.framework */ = {isa = PBXFileReference; lastKnownFileType = wrapper.framework; name = Social.framework; path = System/Library/Frameworks/Social.framework; sourceTree = SDKROOT; };
		02B9542E15E67A18005026B1 /* Accounts.framework */ = {isa = PBXFileReference; lastKnownFileType = wrapper.framework; name = Accounts.framework; path = System/Library/Frameworks/Accounts.framework; sourceTree = SDKROOT; };
		141755A015FB1646006B10F7 /* NSUserDefaults+AnonyFollow.h */ = {isa = PBXFileReference; fileEncoding = 4; lastKnownFileType = sourcecode.c.h; path = "NSUserDefaults+AnonyFollow.h"; sourceTree = "<group>"; };
		141755A115FB1646006B10F7 /* NSUserDefaults+AnonyFollow.m */ = {isa = PBXFileReference; fileEncoding = 4; lastKnownFileType = sourcecode.c.objc; path = "NSUserDefaults+AnonyFollow.m"; sourceTree = "<group>"; };
		14192DA316153067002E3B73 /* StoreKit.framework */ = {isa = PBXFileReference; lastKnownFileType = wrapper.framework; name = StoreKit.framework; path = System/Library/Frameworks/StoreKit.framework; sourceTree = SDKROOT; };
		141BA9861610C9A10002C7C2 /* UIApplication+AnonyFollow.h */ = {isa = PBXFileReference; fileEncoding = 4; lastKnownFileType = sourcecode.c.h; path = "UIApplication+AnonyFollow.h"; sourceTree = "<group>"; };
		141BA9871610C9A10002C7C2 /* UIApplication+AnonyFollow.m */ = {isa = PBXFileReference; fileEncoding = 4; lastKnownFileType = sourcecode.c.objc; path = "UIApplication+AnonyFollow.m"; sourceTree = "<group>"; };
		141BA98A1610CA780002C7C2 /* UIDevice+AnonyFollow.h */ = {isa = PBXFileReference; fileEncoding = 4; lastKnownFileType = sourcecode.c.h; path = "UIDevice+AnonyFollow.h"; sourceTree = "<group>"; };
		141BA98B1610CA780002C7C2 /* UIDevice+AnonyFollow.m */ = {isa = PBXFileReference; fileEncoding = 4; lastKnownFileType = sourcecode.c.objc; path = "UIDevice+AnonyFollow.m"; sourceTree = "<group>"; };
		142525191602328E0093A325 /* Default-568h@2x.png */ = {isa = PBXFileReference; lastKnownFileType = image.png; path = "Default-568h@2x.png"; sourceTree = "<group>"; };
		142770C415EE82DD0062271A /* SystemConfiguration.framework */ = {isa = PBXFileReference; lastKnownFileType = wrapper.framework; name = SystemConfiguration.framework; path = System/Library/Frameworks/SystemConfiguration.framework; sourceTree = SDKROOT; };
		1451949D15EA2BCC00E853CA /* en */ = {isa = PBXFileReference; lastKnownFileType = text.plist.strings; name = en; path = en.lproj/InfoPlist.strings; sourceTree = "<group>"; };
		145194A515EA2BE800E853CA /* ja */ = {isa = PBXFileReference; lastKnownFileType = text.plist.strings; name = ja; path = ja.lproj/InfoPlist.strings; sourceTree = "<group>"; };
		145194AB15EA2BE800E853CA /* ja */ = {isa = PBXFileReference; lastKnownFileType = text; name = ja; path = ja.lproj/MainStoryboard_iPhone.storyboard.string; sourceTree = "<group>"; };
		14634C6415FF1C0D00D94104 /* warning.png */ = {isa = PBXFileReference; lastKnownFileType = image.png; path = warning.png; sourceTree = "<group>"; };
		14634C6615FF1C1300D94104 /* warning@2x.png */ = {isa = PBXFileReference; lastKnownFileType = image.png; path = "warning@2x.png"; sourceTree = "<group>"; };
		147A1F8215FE13E600F30BAD /* en */ = {isa = PBXFileReference; lastKnownFileType = file.storyboard; name = en; path = en.lproj/MainStoryboard_iPhone.storyboard; sourceTree = "<group>"; };
		147A1F8415FE13EC00F30BAD /* ja */ = {isa = PBXFileReference; lastKnownFileType = file.storyboard; name = ja; path = ja.lproj/MainStoryboard_iPhone.storyboard; sourceTree = "<group>"; };
		147A1F8515FE13F900F30BAD /* off.png */ = {isa = PBXFileReference; lastKnownFileType = image.png; path = off.png; sourceTree = "<group>"; };
		147A1F8615FE13F900F30BAD /* on.png */ = {isa = PBXFileReference; lastKnownFileType = image.png; path = on.png; sourceTree = "<group>"; };
		147A1F8915FE140600F30BAD /* off@2x.png */ = {isa = PBXFileReference; lastKnownFileType = image.png; path = "off@2x.png"; sourceTree = "<group>"; };
		147A1F8A15FE140600F30BAD /* on@2x.png */ = {isa = PBXFileReference; lastKnownFileType = image.png; path = "on@2x.png"; sourceTree = "<group>"; };
		147A1F8D15FE226A00F30BAD /* sekikawa.png */ = {isa = PBXFileReference; lastKnownFileType = image.png; path = sekikawa.png; sourceTree = "<group>"; };
		147A1F8E15FE226A00F30BAD /* sonson.png */ = {isa = PBXFileReference; lastKnownFileType = image.png; path = sonson.png; sourceTree = "<group>"; };
		147A1F9215FE271200F30BAD /* en */ = {isa = PBXFileReference; lastKnownFileType = text.plist.strings; name = en; path = en.lproj/Localizable.strings; sourceTree = "<group>"; };
		147A1F9415FE271800F30BAD /* ja */ = {isa = PBXFileReference; lastKnownFileType = text.plist.strings; name = ja; path = ja.lproj/Localizable.strings; sourceTree = "<group>"; };
		1481962915FC4F34004B0BCB /* CopyrightContactViewController.h */ = {isa = PBXFileReference; fileEncoding = 4; lastKnownFileType = sourcecode.c.h; path = CopyrightContactViewController.h; sourceTree = "<group>"; };
		1481962A15FC4F34004B0BCB /* CopyrightContactViewController.m */ = {isa = PBXFileReference; fileEncoding = 4; lastKnownFileType = sourcecode.c.objc; path = CopyrightContactViewController.m; sourceTree = "<group>"; };
		1481963215FC5D1A004B0BCB /* MessageUI.framework */ = {isa = PBXFileReference; lastKnownFileType = wrapper.framework; name = MessageUI.framework; path = System/Library/Frameworks/MessageUI.framework; sourceTree = SDKROOT; };
		14A282F715FA486D00880424 /* ACAccountStore+AnonyFollow.h */ = {isa = PBXFileReference; fileEncoding = 4; lastKnownFileType = sourcecode.c.h; path = "ACAccountStore+AnonyFollow.h"; sourceTree = "<group>"; };
		14A282F815FA486D00880424 /* ACAccountStore+AnonyFollow.m */ = {isa = PBXFileReference; fileEncoding = 4; lastKnownFileType = sourcecode.c.objc; path = "ACAccountStore+AnonyFollow.m"; sourceTree = "<group>"; };
		14A282F915FA486D00880424 /* NSData+AES256.h */ = {isa = PBXFileReference; fileEncoding = 4; lastKnownFileType = sourcecode.c.h; path = "NSData+AES256.h"; sourceTree = "<group>"; };
		14A282FA15FA486D00880424 /* NSData+AES256.m */ = {isa = PBXFileReference; fileEncoding = 4; lastKnownFileType = sourcecode.c.objc; path = "NSData+AES256.m"; sourceTree = "<group>"; };
		14A282FB15FA486D00880424 /* NSData+MD5.h */ = {isa = PBXFileReference; fileEncoding = 4; lastKnownFileType = sourcecode.c.h; path = "NSData+MD5.h"; sourceTree = "<group>"; };
		14A282FC15FA486D00880424 /* NSData+MD5.m */ = {isa = PBXFileReference; fileEncoding = 4; lastKnownFileType = sourcecode.c.objc; path = "NSData+MD5.m"; sourceTree = "<group>"; };
		14A282FD15FA486D00880424 /* NSString+AnonyFollow.h */ = {isa = PBXFileReference; fileEncoding = 4; lastKnownFileType = sourcecode.c.h; path = "NSString+AnonyFollow.h"; sourceTree = "<group>"; };
		14A282FE15FA486D00880424 /* NSString+AnonyFollow.m */ = {isa = PBXFileReference; fileEncoding = 4; lastKnownFileType = sourcecode.c.objc; path = "NSString+AnonyFollow.m"; sourceTree = "<group>"; };
		14A2830015FA486D00880424 /* AccountCell.h */ = {isa = PBXFileReference; fileEncoding = 4; lastKnownFileType = sourcecode.c.h; path = AccountCell.h; sourceTree = "<group>"; };
		14A2830115FA486D00880424 /* AccountCell.m */ = {isa = PBXFileReference; fileEncoding = 4; lastKnownFileType = sourcecode.c.objc; path = AccountCell.m; sourceTree = "<group>"; };
		14A2830215FA486D00880424 /* TweetCell.h */ = {isa = PBXFileReference; fileEncoding = 4; lastKnownFileType = sourcecode.c.h; path = TweetCell.h; sourceTree = "<group>"; };
		14A2830315FA486D00880424 /* TweetCell.m */ = {isa = PBXFileReference; fileEncoding = 4; lastKnownFileType = sourcecode.c.objc; path = TweetCell.m; sourceTree = "<group>"; };
		14A2830415FA486D00880424 /* UserInfoCell.h */ = {isa = PBXFileReference; fileEncoding = 4; lastKnownFileType = sourcecode.c.h; path = UserInfoCell.h; sourceTree = "<group>"; };
		14A2830515FA486D00880424 /* UserInfoCell.m */ = {isa = PBXFileReference; fileEncoding = 4; lastKnownFileType = sourcecode.c.objc; path = UserInfoCell.m; sourceTree = "<group>"; };
		14A2830715FA486D00880424 /* AppDelegate.h */ = {isa = PBXFileReference; fileEncoding = 4; lastKnownFileType = sourcecode.c.h; path = AppDelegate.h; sourceTree = "<group>"; };
		14A2830815FA486D00880424 /* AppDelegate.m */ = {isa = PBXFileReference; fileEncoding = 4; lastKnownFileType = sourcecode.c.objc; path = AppDelegate.m; sourceTree = "<group>"; };
		14A2830915FA486D00880424 /* BinarySearcher.h */ = {isa = PBXFileReference; fileEncoding = 4; lastKnownFileType = sourcecode.c.h; path = BinarySearcher.h; sourceTree = "<group>"; };
		14A2830A15FA486D00880424 /* BinarySearcher.m */ = {isa = PBXFileReference; fileEncoding = 4; lastKnownFileType = sourcecode.c.objc; path = BinarySearcher.m; sourceTree = "<group>"; };
		14A2830B15FA486D00880424 /* CBAdvertizer.h */ = {isa = PBXFileReference; fileEncoding = 4; lastKnownFileType = sourcecode.c.h; path = CBAdvertizer.h; sourceTree = "<group>"; };
		14A2830C15FA486D00880424 /* CBAdvertizer.m */ = {isa = PBXFileReference; fileEncoding = 4; lastKnownFileType = sourcecode.c.objc; path = CBAdvertizer.m; sourceTree = "<group>"; };
		14A2830D15FA486D00880424 /* CBScanner.h */ = {isa = PBXFileReference; fileEncoding = 4; lastKnownFileType = sourcecode.c.h; path = CBScanner.h; sourceTree = "<group>"; };
		14A2830E15FA486D00880424 /* CBScanner.m */ = {isa = PBXFileReference; fileEncoding = 4; lastKnownFileType = sourcecode.c.objc; path = CBScanner.m; sourceTree = "<group>"; };
		14A2830F15FA486D00880424 /* DownloadQueue.h */ = {isa = PBXFileReference; fileEncoding = 4; lastKnownFileType = sourcecode.c.h; path = DownloadQueue.h; sourceTree = "<group>"; };
		14A2831015FA486D00880424 /* DownloadQueue.m */ = {isa = PBXFileReference; fileEncoding = 4; lastKnownFileType = sourcecode.c.objc; path = DownloadQueue.m; sourceTree = "<group>"; };
		14A2831115FA486D00880424 /* DownloadTask.h */ = {isa = PBXFileReference; fileEncoding = 4; lastKnownFileType = sourcecode.c.h; path = DownloadTask.h; sourceTree = "<group>"; };
		14A2831215FA486D00880424 /* DownloadTask.m */ = {isa = PBXFileReference; fileEncoding = 4; lastKnownFileType = sourcecode.c.objc; path = DownloadTask.m; sourceTree = "<group>"; };
		14A2831815FA486D00880424 /* GTMDefines.h */ = {isa = PBXFileReference; fileEncoding = 4; lastKnownFileType = sourcecode.c.h; path = GTMDefines.h; sourceTree = "<group>"; };
		14A2831915FA486D00880424 /* GTMNSData+zlib.h */ = {isa = PBXFileReference; fileEncoding = 4; lastKnownFileType = sourcecode.c.h; path = "GTMNSData+zlib.h"; sourceTree = "<group>"; };
		14A2831A15FA486D00880424 /* GTMNSData+zlib.m */ = {isa = PBXFileReference; fileEncoding = 4; lastKnownFileType = sourcecode.c.objc; path = "GTMNSData+zlib.m"; sourceTree = "<group>"; };
		14A2831C15FA486D00880424 /* TwitterAccountInfo.h */ = {isa = PBXFileReference; fileEncoding = 4; lastKnownFileType = sourcecode.c.h; path = TwitterAccountInfo.h; sourceTree = "<group>"; };
		14A2831D15FA486D00880424 /* TwitterAccountInfo.m */ = {isa = PBXFileReference; fileEncoding = 4; lastKnownFileType = sourcecode.c.objc; path = TwitterAccountInfo.m; sourceTree = "<group>"; };
		14A2831E15FA486D00880424 /* TwitterTweet.h */ = {isa = PBXFileReference; fileEncoding = 4; lastKnownFileType = sourcecode.c.h; path = TwitterTweet.h; sourceTree = "<group>"; };
		14A2831F15FA486D00880424 /* TwitterTweet.m */ = {isa = PBXFileReference; fileEncoding = 4; lastKnownFileType = sourcecode.c.objc; path = TwitterTweet.m; sourceTree = "<group>"; };
		14A2832515FA486D00880424 /* MessageBarButtonItem.h */ = {isa = PBXFileReference; fileEncoding = 4; lastKnownFileType = sourcecode.c.h; path = MessageBarButtonItem.h; sourceTree = "<group>"; };
		14A2832615FA486D00880424 /* MessageBarButtonItem.m */ = {isa = PBXFileReference; fileEncoding = 4; lastKnownFileType = sourcecode.c.objc; path = MessageBarButtonItem.m; sourceTree = "<group>"; };
		14A2832715FA486D00880424 /* SNStatusBarView.h */ = {isa = PBXFileReference; fileEncoding = 4; lastKnownFileType = sourcecode.c.h; path = SNStatusBarView.h; sourceTree = "<group>"; };
		14A2832815FA486D00880424 /* SNStatusBarView.m */ = {isa = PBXFileReference; fileEncoding = 4; lastKnownFileType = sourcecode.c.objc; path = SNStatusBarView.m; sourceTree = "<group>"; };
		14A2832915FA486D00880424 /* TweetContentView.h */ = {isa = PBXFileReference; fileEncoding = 4; lastKnownFileType = sourcecode.c.h; path = TweetContentView.h; sourceTree = "<group>"; };
		14A2832A15FA486D00880424 /* TweetContentView.m */ = {isa = PBXFileReference; fileEncoding = 4; lastKnownFileType = sourcecode.c.objc; path = TweetContentView.m; sourceTree = "<group>"; };
		14A2832C15FA486D00880424 /* AccountSelectViewController.h */ = {isa = PBXFileReference; fileEncoding = 4; lastKnownFileType = sourcecode.c.h; path = AccountSelectViewController.h; sourceTree = "<group>"; };
		14A2832D15FA486D00880424 /* AccountSelectViewController.m */ = {isa = PBXFileReference; fileEncoding = 4; lastKnownFileType = sourcecode.c.objc; path = AccountSelectViewController.m; sourceTree = "<group>"; };
		14A2832E15FA486D00880424 /* MainListViewController.h */ = {isa = PBXFileReference; fileEncoding = 4; lastKnownFileType = sourcecode.c.h; path = MainListViewController.h; sourceTree = "<group>"; };
		14A2832F15FA486D00880424 /* MainListViewController.m */ = {isa = PBXFileReference; fileEncoding = 4; lastKnownFileType = sourcecode.c.objc; path = MainListViewController.m; sourceTree = "<group>"; };
		14A2833015FA486D00880424 /* SettingViewController.h */ = {isa = PBXFileReference; fileEncoding = 4; lastKnownFileType = sourcecode.c.h; path = SettingViewController.h; sourceTree = "<group>"; };
		14A2833115FA486D00880424 /* SettingViewController.m */ = {isa = PBXFileReference; fileEncoding = 4; lastKnownFileType = sourcecode.c.objc; path = SettingViewController.m; sourceTree = "<group>"; };
		14A2833215FA486D00880424 /* TimeLineViewController.h */ = {isa = PBXFileReference; fileEncoding = 4; lastKnownFileType = sourcecode.c.h; path = TimeLineViewController.h; sourceTree = "<group>"; };
		14A2833315FA486D00880424 /* TimeLineViewController.m */ = {isa = PBXFileReference; fileEncoding = 4; lastKnownFileType = sourcecode.c.objc; path = TimeLineViewController.m; sourceTree = "<group>"; };
		14A2835515FA4CEF00880424 /* UIViewController+AnonyFollow.h */ = {isa = PBXFileReference; fileEncoding = 4; lastKnownFileType = sourcecode.c.h; path = "UIViewController+AnonyFollow.h"; sourceTree = "<group>"; };
		14A2835615FA4CEF00880424 /* UIViewController+AnonyFollow.m */ = {isa = PBXFileReference; fileEncoding = 4; lastKnownFileType = sourcecode.c.objc; path = "UIViewController+AnonyFollow.m"; sourceTree = "<group>"; };
		14A2835815FA4D1000880424 /* NSBundle+AnonyFollow.h */ = {isa = PBXFileReference; fileEncoding = 4; lastKnownFileType = sourcecode.c.h; path = "NSBundle+AnonyFollow.h"; sourceTree = "<group>"; };
		14A2835915FA4D1000880424 /* NSBundle+AnonyFollow.m */ = {isa = PBXFileReference; fileEncoding = 4; lastKnownFileType = sourcecode.c.objc; path = "NSBundle+AnonyFollow.m"; sourceTree = "<group>"; };
		14B7A5E615F4F90A00D6BF0B /* libz.dylib */ = {isa = PBXFileReference; lastKnownFileType = "compiled.mach-o.dylib"; name = libz.dylib; path = usr/lib/libz.dylib; sourceTree = SDKROOT; };
		14B7A5EB15F5005F00D6BF0B /* Security.framework */ = {isa = PBXFileReference; lastKnownFileType = wrapper.framework; name = Security.framework; path = System/Library/Frameworks/Security.framework; sourceTree = SDKROOT; };
		14BE1B6415EA282700F7547E /* new.png */ = {isa = PBXFileReference; lastKnownFileType = image.png; path = new.png; sourceTree = "<group>"; };
		14BE1B6515EA282700F7547E /* none.png */ = {isa = PBXFileReference; lastKnownFileType = image.png; path = none.png; sourceTree = "<group>"; };
		14BE1B6615EA282700F7547E /* PurchasePlusButton.png */ = {isa = PBXFileReference; lastKnownFileType = image.png; path = PurchasePlusButton.png; sourceTree = "<group>"; };
		14BE1B6715EA282700F7547E /* setting.png */ = {isa = PBXFileReference; lastKnownFileType = image.png; path = setting.png; sourceTree = "<group>"; };
		14BE1B6915EA282700F7547E /* new@2x.png */ = {isa = PBXFileReference; lastKnownFileType = image.png; path = "new@2x.png"; sourceTree = "<group>"; };
		14BE1B6A15EA282700F7547E /* none@2x.png */ = {isa = PBXFileReference; lastKnownFileType = image.png; path = "none@2x.png"; sourceTree = "<group>"; };
		14BE1B6B15EA282700F7547E /* PurchasePlusButton@2x.png */ = {isa = PBXFileReference; lastKnownFileType = image.png; path = "PurchasePlusButton@2x.png"; sourceTree = "<group>"; };
		14BE1B6C15EA282700F7547E /* setting@2x.png */ = {isa = PBXFileReference; lastKnownFileType = image.png; path = "setting@2x.png"; sourceTree = "<group>"; };
		14BE1B9615EA28BF00F7547E /* QuartzCore.framework */ = {isa = PBXFileReference; lastKnownFileType = wrapper.framework; name = QuartzCore.framework; path = System/Library/Frameworks/QuartzCore.framework; sourceTree = SDKROOT; };
		14D5D3821611EB0C003CDAA2 /* SNReachablityChecker.h */ = {isa = PBXFileReference; fileEncoding = 4; lastKnownFileType = sourcecode.c.h; path = SNReachablityChecker.h; sourceTree = "<group>"; };
		14D5D3831611EB0C003CDAA2 /* SNReachablityChecker.m */ = {isa = PBXFileReference; fileEncoding = 4; lastKnownFileType = sourcecode.c.objc; path = SNReachablityChecker.m; sourceTree = "<group>"; };
		14F5320815F9D58A0080444A /* icon.png */ = {isa = PBXFileReference; lastKnownFileType = image.png; path = icon.png; sourceTree = "<group>"; };
		14F5320915F9D58A0080444A /* icon_retina.png */ = {isa = PBXFileReference; lastKnownFileType = image.png; path = icon_retina.png; sourceTree = "<group>"; };
		14F5321215F9E9D50080444A /* icon_ipad.png */ = {isa = PBXFileReference; lastKnownFileType = image.png; path = icon_ipad.png; sourceTree = "<group>"; };
		14F5321315F9E9D50080444A /* icon_retina_ipad.png */ = {isa = PBXFileReference; lastKnownFileType = image.png; path = icon_retina_ipad.png; sourceTree = "<group>"; };
		14F5321615F9EF270080444A /* Default.png */ = {isa = PBXFileReference; lastKnownFileType = image.png; path = Default.png; sourceTree = "<group>"; };
		14F5321815F9EF2D0080444A /* Default@2x.png */ = {isa = PBXFileReference; lastKnownFileType = image.png; path = "Default@2x.png"; sourceTree = "<group>"; };
/* End PBXFileReference section */

/* Begin PBXFrameworksBuildPhase section */
		0201DBE915E672AC00A212DC /* Frameworks */ = {
			isa = PBXFrameworksBuildPhase;
			buildActionMask = 2147483647;
			files = (
				14192DA416153067002E3B73 /* StoreKit.framework in Frameworks */,
				1481963315FC5D1A004B0BCB /* MessageUI.framework in Frameworks */,
				14B7A5EC15F5005F00D6BF0B /* Security.framework in Frameworks */,
				14B7A5E715F4F90A00D6BF0B /* libz.dylib in Frameworks */,
				142770C515EE82DD0062271A /* SystemConfiguration.framework in Frameworks */,
				14BE1B9715EA28BF00F7547E /* QuartzCore.framework in Frameworks */,
				020D225415E6886300A4CDD3 /* AudioToolbox.framework in Frameworks */,
				02B9542F15E67A18005026B1 /* Accounts.framework in Frameworks */,
				02B9542D15E67A06005026B1 /* Social.framework in Frameworks */,
				02B9542B15E67A00005026B1 /* CoreBluetooth.framework in Frameworks */,
				0201DBF115E672AC00A212DC /* UIKit.framework in Frameworks */,
				0201DBF315E672AC00A212DC /* Foundation.framework in Frameworks */,
				0201DBF515E672AC00A212DC /* CoreGraphics.framework in Frameworks */,
			);
			runOnlyForDeploymentPostprocessing = 0;
		};
/* End PBXFrameworksBuildPhase section */

/* Begin PBXGroup section */
		0201DBE115E672AC00A212DC = {
			isa = PBXGroup;
			children = (
				0201DBF615E672AC00A212DC /* AnonyFollow */,
				0201DBEF15E672AC00A212DC /* Frameworks */,
				0201DBED15E672AC00A212DC /* Products */,
			);
			sourceTree = "<group>";
		};
		0201DBED15E672AC00A212DC /* Products */ = {
			isa = PBXGroup;
			children = (
				0201DBEC15E672AC00A212DC /* AnonyFollow.app */,
			);
			name = Products;
			sourceTree = "<group>";
		};
		0201DBEF15E672AC00A212DC /* Frameworks */ = {
			isa = PBXGroup;
			children = (
				14B7A5E615F4F90A00D6BF0B /* libz.dylib */,
				14192DA316153067002E3B73 /* StoreKit.framework */,
				1481963215FC5D1A004B0BCB /* MessageUI.framework */,
				14B7A5EB15F5005F00D6BF0B /* Security.framework */,
				142770C415EE82DD0062271A /* SystemConfiguration.framework */,
				14BE1B9615EA28BF00F7547E /* QuartzCore.framework */,
				020D225315E6886300A4CDD3 /* AudioToolbox.framework */,
				02B9542E15E67A18005026B1 /* Accounts.framework */,
				02B9542C15E67A06005026B1 /* Social.framework */,
				02B9542A15E67A00005026B1 /* CoreBluetooth.framework */,
				0201DBF015E672AC00A212DC /* UIKit.framework */,
				0201DBF215E672AC00A212DC /* Foundation.framework */,
				0201DBF415E672AC00A212DC /* CoreGraphics.framework */,
			);
			name = Frameworks;
			sourceTree = "<group>";
		};
		0201DBF615E672AC00A212DC /* AnonyFollow */ = {
			isa = PBXGroup;
			children = (
				14A282F615FA486D00880424 /* Category */,
				14A282FF15FA486D00880424 /* Cell */,
				14A2830615FA486D00880424 /* Controller */,
				14A2831715FA486D00880424 /* Google */,
				14A2831B15FA486D00880424 /* Model */,
				14A2832015FA486D00880424 /* View */,
				14A2832B15FA486D00880424 /* ViewController */,
				14BE1B6215EA282700F7547E /* Resources */,
				0201DBF715E672AC00A212DC /* Supporting Files */,
			);
			path = AnonyFollow;
			sourceTree = "<group>";
		};
		0201DBF715E672AC00A212DC /* Supporting Files */ = {
			isa = PBXGroup;
			children = (
				0201DBF815E672AC00A212DC /* AnonyFollow-Info.plist */,
				0201DBFC15E672AC00A212DC /* main.m */,
				0201DBFE15E672AC00A212DC /* AnonyFollow-Prefix.pch */,
			);
			name = "Supporting Files";
			sourceTree = "<group>";
		};
		14A282F615FA486D00880424 /* Category */ = {
			isa = PBXGroup;
			children = (
				14A282F715FA486D00880424 /* ACAccountStore+AnonyFollow.h */,
				14A282F815FA486D00880424 /* ACAccountStore+AnonyFollow.m */,
				14A282F915FA486D00880424 /* NSData+AES256.h */,
				14A282FA15FA486D00880424 /* NSData+AES256.m */,
				14A282FB15FA486D00880424 /* NSData+MD5.h */,
				14A282FC15FA486D00880424 /* NSData+MD5.m */,
				14A282FD15FA486D00880424 /* NSString+AnonyFollow.h */,
				14A282FE15FA486D00880424 /* NSString+AnonyFollow.m */,
				14A2835515FA4CEF00880424 /* UIViewController+AnonyFollow.h */,
				14A2835615FA4CEF00880424 /* UIViewController+AnonyFollow.m */,
				14A2835815FA4D1000880424 /* NSBundle+AnonyFollow.h */,
				14A2835915FA4D1000880424 /* NSBundle+AnonyFollow.m */,
				141755A015FB1646006B10F7 /* NSUserDefaults+AnonyFollow.h */,
				141755A115FB1646006B10F7 /* NSUserDefaults+AnonyFollow.m */,
				141BA9861610C9A10002C7C2 /* UIApplication+AnonyFollow.h */,
				141BA9871610C9A10002C7C2 /* UIApplication+AnonyFollow.m */,
				141BA98A1610CA780002C7C2 /* UIDevice+AnonyFollow.h */,
				141BA98B1610CA780002C7C2 /* UIDevice+AnonyFollow.m */,
			);
			path = Category;
			sourceTree = "<group>";
		};
		14A282FF15FA486D00880424 /* Cell */ = {
			isa = PBXGroup;
			children = (
				14A2830015FA486D00880424 /* AccountCell.h */,
				14A2830115FA486D00880424 /* AccountCell.m */,
				14A2830215FA486D00880424 /* TweetCell.h */,
				14A2830315FA486D00880424 /* TweetCell.m */,
				14A2830415FA486D00880424 /* UserInfoCell.h */,
				14A2830515FA486D00880424 /* UserInfoCell.m */,
			);
			path = Cell;
			sourceTree = "<group>";
		};
		14A2830615FA486D00880424 /* Controller */ = {
			isa = PBXGroup;
			children = (
				14D5D3821611EB0C003CDAA2 /* SNReachablityChecker.h */,
				14D5D3831611EB0C003CDAA2 /* SNReachablityChecker.m */,
				14A2830715FA486D00880424 /* AppDelegate.h */,
				14A2830815FA486D00880424 /* AppDelegate.m */,
				14A2830915FA486D00880424 /* BinarySearcher.h */,
				14A2830A15FA486D00880424 /* BinarySearcher.m */,
				14A2830B15FA486D00880424 /* CBAdvertizer.h */,
				14A2830C15FA486D00880424 /* CBAdvertizer.m */,
				14A2830D15FA486D00880424 /* CBScanner.h */,
				14A2830E15FA486D00880424 /* CBScanner.m */,
				14A2830F15FA486D00880424 /* DownloadQueue.h */,
				14A2831015FA486D00880424 /* DownloadQueue.m */,
				14A2831115FA486D00880424 /* DownloadTask.h */,
				14A2831215FA486D00880424 /* DownloadTask.m */,
			);
			path = Controller;
			sourceTree = "<group>";
		};
		14A2831715FA486D00880424 /* Google */ = {
			isa = PBXGroup;
			children = (
				14A2831815FA486D00880424 /* GTMDefines.h */,
				14A2831915FA486D00880424 /* GTMNSData+zlib.h */,
				14A2831A15FA486D00880424 /* GTMNSData+zlib.m */,
			);
			path = Google;
			sourceTree = "<group>";
		};
		14A2831B15FA486D00880424 /* Model */ = {
			isa = PBXGroup;
			children = (
				14A2831C15FA486D00880424 /* TwitterAccountInfo.h */,
				14A2831D15FA486D00880424 /* TwitterAccountInfo.m */,
				14A2831E15FA486D00880424 /* TwitterTweet.h */,
				14A2831F15FA486D00880424 /* TwitterTweet.m */,
			);
			path = Model;
			sourceTree = "<group>";
		};
		14A2832015FA486D00880424 /* View */ = {
			isa = PBXGroup;
			children = (
				14A2832515FA486D00880424 /* MessageBarButtonItem.h */,
				14A2832615FA486D00880424 /* MessageBarButtonItem.m */,
				14A2832715FA486D00880424 /* SNStatusBarView.h */,
				14A2832815FA486D00880424 /* SNStatusBarView.m */,
				14A2832915FA486D00880424 /* TweetContentView.h */,
				14A2832A15FA486D00880424 /* TweetContentView.m */,
			);
			path = View;
			sourceTree = "<group>";
		};
		14A2832B15FA486D00880424 /* ViewController */ = {
			isa = PBXGroup;
			children = (
				14A2832C15FA486D00880424 /* AccountSelectViewController.h */,
				14A2832D15FA486D00880424 /* AccountSelectViewController.m */,
				14A2832E15FA486D00880424 /* MainListViewController.h */,
				14A2832F15FA486D00880424 /* MainListViewController.m */,
				14A2833015FA486D00880424 /* SettingViewController.h */,
				14A2833115FA486D00880424 /* SettingViewController.m */,
				14A2833215FA486D00880424 /* TimeLineViewController.h */,
				14A2833315FA486D00880424 /* TimeLineViewController.m */,
				1481962915FC4F34004B0BCB /* CopyrightContactViewController.h */,
				1481962A15FC4F34004B0BCB /* CopyrightContactViewController.m */,
			);
			path = ViewController;
			sourceTree = "<group>";
		};
		14BE1B6215EA282700F7547E /* Resources */ = {
			isa = PBXGroup;
			children = (
				14F5320715F9D58A0080444A /* image */,
				14BE1B6315EA282700F7547E /* image@1x */,
				14BE1B6815EA282700F7547E /* image@2x */,
				147A1F9115FE271200F30BAD /* Localizable.strings */,
				147A1F8115FE13E600F30BAD /* MainStoryboard_iPhone.storyboard */,
				1451949C15EA2BCC00E853CA /* InfoPlist.strings */,
				145194AA15EA2BE800E853CA /* MainStoryboard_iPhone.storyboard.string */,
			);
			path = Resources;
			sourceTree = "<group>";
		};
		14BE1B6315EA282700F7547E /* image@1x */ = {
			isa = PBXGroup;
			children = (
				14634C6415FF1C0D00D94104 /* warning.png */,
				147A1F8515FE13F900F30BAD /* off.png */,
				147A1F8615FE13F900F30BAD /* on.png */,
				14F5321615F9EF270080444A /* Default.png */,
				14BE1B6415EA282700F7547E /* new.png */,
				14BE1B6515EA282700F7547E /* none.png */,
				14BE1B6615EA282700F7547E /* PurchasePlusButton.png */,
				14BE1B6715EA282700F7547E /* setting.png */,
			);
			path = "image@1x";
			sourceTree = "<group>";
		};
		14BE1B6815EA282700F7547E /* image@2x */ = {
			isa = PBXGroup;
			children = (
				14634C6615FF1C1300D94104 /* warning@2x.png */,
				147A1F8915FE140600F30BAD /* off@2x.png */,
				147A1F8A15FE140600F30BAD /* on@2x.png */,
				14F5321815F9EF2D0080444A /* Default@2x.png */,
				14BE1B6915EA282700F7547E /* new@2x.png */,
				14BE1B6A15EA282700F7547E /* none@2x.png */,
				14BE1B6B15EA282700F7547E /* PurchasePlusButton@2x.png */,
				14BE1B6C15EA282700F7547E /* setting@2x.png */,
			);
			path = "image@2x";
			sourceTree = "<group>";
		};
		14F5320715F9D58A0080444A /* image */ = {
			isa = PBXGroup;
			children = (
				142525191602328E0093A325 /* Default-568h@2x.png */,
				147A1F8D15FE226A00F30BAD /* sekikawa.png */,
				147A1F8E15FE226A00F30BAD /* sonson.png */,
				14F5321215F9E9D50080444A /* icon_ipad.png */,
				14F5321315F9E9D50080444A /* icon_retina_ipad.png */,
				14F5320815F9D58A0080444A /* icon.png */,
				14F5320915F9D58A0080444A /* icon_retina.png */,
			);
			path = image;
			sourceTree = "<group>";
		};
/* End PBXGroup section */

/* Begin PBXNativeTarget section */
		0201DBEB15E672AC00A212DC /* AnonyFollow */ = {
			isa = PBXNativeTarget;
			buildConfigurationList = 0201DC0D15E672AC00A212DC /* Build configuration list for PBXNativeTarget "AnonyFollow" */;
			buildPhases = (
				1451949B15EA2B8500E853CA /* Make Japanese Storyboard files automatically */,
				145194B315EA2D9300E853CA /* Update git revision */,
				14192D9E16152A61002E3B73 /* Update build number */,
				0201DBE815E672AC00A212DC /* Sources */,
				0201DBE915E672AC00A212DC /* Frameworks */,
				0201DBEA15E672AC00A212DC /* Resources */,
			);
			buildRules = (
			);
			dependencies = (
			);
			name = AnonyFollow;
			productName = AnonyFollow;
			productReference = 0201DBEC15E672AC00A212DC /* AnonyFollow.app */;
			productType = "com.apple.product-type.application";
		};
/* End PBXNativeTarget section */

/* Begin PBXProject section */
		0201DBE315E672AC00A212DC /* Project object */ = {
			isa = PBXProject;
			attributes = {
				CLASSPREFIX = AnonyFollow;
				LastUpgradeCheck = 0450;
				ORGANIZATIONNAME = "Y.Yoshida,Y.Sekikawa";
			};
			buildConfigurationList = 0201DBE615E672AC00A212DC /* Build configuration list for PBXProject "AnonyFollow" */;
			compatibilityVersion = "Xcode 3.2";
			developmentRegion = English;
			hasScannedForEncodings = 0;
			knownRegions = (
				en,
				ja,
			);
			mainGroup = 0201DBE115E672AC00A212DC;
			productRefGroup = 0201DBED15E672AC00A212DC /* Products */;
			projectDirPath = "";
			projectRoot = "";
			targets = (
				0201DBEB15E672AC00A212DC /* AnonyFollow */,
			);
		};
/* End PBXProject section */

/* Begin PBXResourcesBuildPhase section */
		0201DBEA15E672AC00A212DC /* Resources */ = {
			isa = PBXResourcesBuildPhase;
			buildActionMask = 2147483647;
			files = (
				14BE1B6D15EA282700F7547E /* new.png in Resources */,
				14BE1B6E15EA282700F7547E /* none.png in Resources */,
				14BE1B6F15EA282700F7547E /* PurchasePlusButton.png in Resources */,
				14BE1B7015EA282700F7547E /* setting.png in Resources */,
				14BE1B7115EA282700F7547E /* new@2x.png in Resources */,
				14BE1B7215EA282700F7547E /* none@2x.png in Resources */,
				14BE1B7315EA282700F7547E /* PurchasePlusButton@2x.png in Resources */,
				14BE1B7415EA282700F7547E /* setting@2x.png in Resources */,
				145194A215EA2BCC00E853CA /* InfoPlist.strings in Resources */,
				14F5320A15F9D58A0080444A /* icon.png in Resources */,
				14F5320B15F9D58A0080444A /* icon_retina.png in Resources */,
				14F5321415F9E9D50080444A /* icon_ipad.png in Resources */,
				14F5321515F9E9D50080444A /* icon_retina_ipad.png in Resources */,
				14F5321715F9EF270080444A /* Default.png in Resources */,
				14F5321915F9EF2D0080444A /* Default@2x.png in Resources */,
				147A1F8315FE13E600F30BAD /* MainStoryboard_iPhone.storyboard in Resources */,
				147A1F8715FE13F900F30BAD /* off.png in Resources */,
				147A1F8815FE13F900F30BAD /* on.png in Resources */,
				147A1F8B15FE140600F30BAD /* off@2x.png in Resources */,
				147A1F8C15FE140600F30BAD /* on@2x.png in Resources */,
				147A1F8F15FE226A00F30BAD /* sekikawa.png in Resources */,
				147A1F9015FE226A00F30BAD /* sonson.png in Resources */,
				147A1F9315FE271200F30BAD /* Localizable.strings in Resources */,
				14634C6515FF1C0D00D94104 /* warning.png in Resources */,
				14634C6715FF1C1300D94104 /* warning@2x.png in Resources */,
				1425251A1602328E0093A325 /* Default-568h@2x.png in Resources */,
			);
			runOnlyForDeploymentPostprocessing = 0;
		};
/* End PBXResourcesBuildPhase section */

/* Begin PBXShellScriptBuildPhase section */
		14192D9E16152A61002E3B73 /* Update build number */ = {
			isa = PBXShellScriptBuildPhase;
			buildActionMask = 2147483647;
			files = (
			);
			inputPaths = (
			);
			name = "Update build number";
			outputPaths = (
			);
			runOnlyForDeploymentPostprocessing = 0;
			shellPath = /bin/sh;
			shellScript = "# update build number\nbuildNumber=$(/usr/libexec/PlistBuddy -c \"Print CFBundleVersion\" \"$INFOPLIST_FILE\")\nbuildNumber=$(($buildNumber + 1))\n/usr/libexec/PlistBuddy -c \"Set :CFBundleVersion $buildNumber\" \"$INFOPLIST_FILE\"";
		};
		1451949B15EA2B8500E853CA /* Make Japanese Storyboard files automatically */ = {
			isa = PBXShellScriptBuildPhase;
			buildActionMask = 2147483647;
			files = (
			);
			inputPaths = (
				$SRCROOT/AnonyFollow/Resources/ja.lproj/MainStoryboard_iPhone.storyboard.string,
				$SRCROOT/AnonyFollow/Resources/en.lproj/MainStoryboard_iPhone.storyboard,
			);
			name = "Make Japanese Storyboard files automatically";
			outputPaths = (
				$SRCROOT/AnonyFollow/Resources/ja.lproj/MainStoryboard_iPhone.storyboard,
			);
			runOnlyForDeploymentPostprocessing = 0;
			shellPath = /bin/sh;
			shellScript = "# make iPhone's storyboard file for ja\nibtool --generate-stringsfile $SRCROOT/AnonyFollow/Resources/ja.lproj/MainStoryboard_iPhone.storyboard.string --import-strings-file $SRCROOT/AnonyFollow/Resources/ja.lproj/MainStoryboard_iPhone.storyboard.string $SRCROOT/AnonyFollow/Resources/en.lproj/MainStoryboard_iPhone.storyboard\nibtool --write $SRCROOT/AnonyFollow/Resources/ja.lproj/MainStoryboard_iPhone.storyboard -d $SRCROOT/AnonyFollow/Resources/ja.lproj/MainStoryboard_iPhone.storyboard.string $SRCROOT/AnonyFollow/Resources/en.lproj/MainStoryboard_iPhone.storyboard\n\n# make iPad's storyboard file for ja\n#ibtool --generate-stringsfile $SRCROOT/AnonyFollow/Resources/ja.lproj/MainStoryboard_iPad.storyboard.string --import-strings-file $SRCROOT/AnonyFollow/Resources/ja.lproj/MainStoryboard_iPad.storyboard.string $SRCROOT/AnonyFollow/Resources/en.lproj/MainStoryboard_iPad.storyboard\n#ibtool --write $SRCROOT/AnonyFollow/Resources/ja.lproj/MainStoryboard_iPad.storyboard -d $SRCROOT/AnonyFollow/Resources/ja.lproj/MainStoryboard_iPad.storyboard.string $SRCROOT/AnonyFollow/Resources/en.lproj/MainStoryboard_iPad.storyboard";
		};
		145194B315EA2D9300E853CA /* Update git revision */ = {
			isa = PBXShellScriptBuildPhase;
			buildActionMask = 2147483647;
			files = (
			);
			inputPaths = (
			);
			name = "Update git revision";
			outputPaths = (
			);
			runOnlyForDeploymentPostprocessing = 0;
			shellPath = /bin/sh;
			shellScript = "# update github revision\nhash=$(git rev-parse HEAD)\n/usr/libexec/PlistBuddy -c \"Set :CFBundleGithubRevision $hash\" \"$INFOPLIST_FILE\"\nshorthash=$(git rev-parse --short HEAD)\n/usr/libexec/PlistBuddy -c \"Set :CFBundleGithubShortRevision $shorthash\" \"$INFOPLIST_FILE\"";
		};
/* End PBXShellScriptBuildPhase section */

/* Begin PBXSourcesBuildPhase section */
		0201DBE815E672AC00A212DC /* Sources */ = {
			isa = PBXSourcesBuildPhase;
			buildActionMask = 2147483647;
			files = (
				0201DBFD15E672AC00A212DC /* main.m in Sources */,
				14A2833815FA486D00880424 /* ACAccountStore+AnonyFollow.m in Sources */,
				14A2833915FA486D00880424 /* NSData+AES256.m in Sources */,
				14A2833A15FA486D00880424 /* NSData+MD5.m in Sources */,
				14A2833B15FA486D00880424 /* NSString+AnonyFollow.m in Sources */,
				14A2833C15FA486D00880424 /* AccountCell.m in Sources */,
				14A2833D15FA486D00880424 /* TweetCell.m in Sources */,
				14A2833E15FA486D00880424 /* UserInfoCell.m in Sources */,
				14A2833F15FA486D00880424 /* AppDelegate.m in Sources */,
				14A2834015FA486D00880424 /* BinarySearcher.m in Sources */,
				14A2834115FA486D00880424 /* CBAdvertizer.m in Sources */,
				14A2834215FA486D00880424 /* CBScanner.m in Sources */,
				14A2834315FA486D00880424 /* DownloadQueue.m in Sources */,
				14A2834415FA486D00880424 /* DownloadTask.m in Sources */,
				14A2834715FA486D00880424 /* GTMNSData+zlib.m in Sources */,
				14A2834815FA486D00880424 /* TwitterAccountInfo.m in Sources */,
				14A2834915FA486D00880424 /* TwitterTweet.m in Sources */,
				14A2834C15FA486D00880424 /* MessageBarButtonItem.m in Sources */,
				14A2834D15FA486D00880424 /* SNStatusBarView.m in Sources */,
				14A2834E15FA486D00880424 /* TweetContentView.m in Sources */,
				14A2834F15FA486D00880424 /* AccountSelectViewController.m in Sources */,
				14A2835015FA486D00880424 /* MainListViewController.m in Sources */,
				14A2835115FA486D00880424 /* SettingViewController.m in Sources */,
				14A2835215FA486D00880424 /* TimeLineViewController.m in Sources */,
				14A2835715FA4CEF00880424 /* UIViewController+AnonyFollow.m in Sources */,
				14A2835A15FA4D1000880424 /* NSBundle+AnonyFollow.m in Sources */,
				141755A215FB1646006B10F7 /* NSUserDefaults+AnonyFollow.m in Sources */,
				1481962B15FC4F34004B0BCB /* CopyrightContactViewController.m in Sources */,
				141BA9881610C9A10002C7C2 /* UIApplication+AnonyFollow.m in Sources */,
				141BA98C1610CA780002C7C2 /* UIDevice+AnonyFollow.m in Sources */,
				14D5D3841611EB0C003CDAA2 /* SNReachablityChecker.m in Sources */,
			);
			runOnlyForDeploymentPostprocessing = 0;
		};
/* End PBXSourcesBuildPhase section */

/* Begin PBXVariantGroup section */
		1451949C15EA2BCC00E853CA /* InfoPlist.strings */ = {
			isa = PBXVariantGroup;
			children = (
				1451949D15EA2BCC00E853CA /* en */,
				145194A515EA2BE800E853CA /* ja */,
			);
			name = InfoPlist.strings;
			sourceTree = "<group>";
		};
		145194AA15EA2BE800E853CA /* MainStoryboard_iPhone.storyboard.string */ = {
			isa = PBXVariantGroup;
			children = (
				145194AB15EA2BE800E853CA /* ja */,
			);
			name = MainStoryboard_iPhone.storyboard.string;
			sourceTree = "<group>";
		};
		147A1F8115FE13E600F30BAD /* MainStoryboard_iPhone.storyboard */ = {
			isa = PBXVariantGroup;
			children = (
				147A1F8215FE13E600F30BAD /* en */,
				147A1F8415FE13EC00F30BAD /* ja */,
			);
			name = MainStoryboard_iPhone.storyboard;
			sourceTree = "<group>";
		};
		147A1F9115FE271200F30BAD /* Localizable.strings */ = {
			isa = PBXVariantGroup;
			children = (
				147A1F9215FE271200F30BAD /* en */,
				147A1F9415FE271800F30BAD /* ja */,
			);
			name = Localizable.strings;
			sourceTree = "<group>";
		};
/* End PBXVariantGroup section */

/* Begin XCBuildConfiguration section */
		0201DC0B15E672AC00A212DC /* Debug */ = {
			isa = XCBuildConfiguration;
			buildSettings = {
				ALWAYS_SEARCH_USER_PATHS = NO;
				CLANG_CXX_LANGUAGE_STANDARD = "gnu++0x";
				CLANG_CXX_LIBRARY = "libc++";
				CLANG_ENABLE_OBJC_ARC = YES;
				CLANG_WARN__DUPLICATE_METHOD_MATCH = YES;
				CODE_SIGN_IDENTITY = "iPhone Developer";
				"CODE_SIGN_IDENTITY[sdk=iphoneos*]" = "iPhone Developer: Yuichi Yoshida (AK9FYY958C)";
				COPY_PHASE_STRIP = NO;
				GCC_C_LANGUAGE_STANDARD = gnu99;
				GCC_DYNAMIC_NO_PIC = NO;
				GCC_OPTIMIZATION_LEVEL = 0;
				GCC_PREPROCESSOR_DEFINITIONS = (
					"DEBUG=1",
					"$(inherited)",
					_DEBUG,
				);
				GCC_SYMBOLS_PRIVATE_EXTERN = NO;
				GCC_WARN_ABOUT_RETURN_TYPE = YES;
				GCC_WARN_UNINITIALIZED_AUTOS = YES;
				GCC_WARN_UNUSED_VARIABLE = YES;
				IPHONEOS_DEPLOYMENT_TARGET = 6.0;
				PROVISIONING_PROFILE = "";
				"PROVISIONING_PROFILE[sdk=iphoneos*]" = "9DAA6670-6362-4547-9A70-9760D3C9A430";
				SDKROOT = iphoneos;
				TARGETED_DEVICE_FAMILY = "1,2";
			};
			name = Debug;
		};
		0201DC0C15E672AC00A212DC /* Release */ = {
			isa = XCBuildConfiguration;
			buildSettings = {
				ALWAYS_SEARCH_USER_PATHS = NO;
				CLANG_CXX_LANGUAGE_STANDARD = "gnu++0x";
				CLANG_CXX_LIBRARY = "libc++";
				CLANG_ENABLE_OBJC_ARC = YES;
				CLANG_WARN__DUPLICATE_METHOD_MATCH = YES;
				CODE_SIGN_IDENTITY = "iPhone Developer";
				"CODE_SIGN_IDENTITY[sdk=iphoneos*]" = "iPhone Developer: Yuichi Yoshida (AK9FYY958C)";
				COPY_PHASE_STRIP = YES;
				GCC_C_LANGUAGE_STANDARD = gnu99;
				GCC_WARN_ABOUT_RETURN_TYPE = YES;
				GCC_WARN_UNINITIALIZED_AUTOS = YES;
				GCC_WARN_UNUSED_VARIABLE = YES;
				IPHONEOS_DEPLOYMENT_TARGET = 6.0;
				OTHER_CFLAGS = "-DNS_BLOCK_ASSERTIONS=1";
				PROVISIONING_PROFILE = "";
				"PROVISIONING_PROFILE[sdk=iphoneos*]" = "9DAA6670-6362-4547-9A70-9760D3C9A430";
				SDKROOT = iphoneos;
				TARGETED_DEVICE_FAMILY = "1,2";
				VALIDATE_PRODUCT = YES;
			};
			name = Release;
		};
		0201DC0E15E672AC00A212DC /* Debug */ = {
			isa = XCBuildConfiguration;
			buildSettings = {
				"CODE_SIGN_IDENTITY[sdk=iphoneos*]" = "iPhone Developer";
				GCC_PRECOMPILE_PREFIX_HEADER = YES;
				GCC_PREFIX_HEADER = "AnonyFollow/AnonyFollow-Prefix.pch";
				INFOPLIST_FILE = "AnonyFollow/AnonyFollow-Info.plist";
				IPHONEOS_DEPLOYMENT_TARGET = 6.0;
				PRODUCT_NAME = "$(TARGET_NAME)";
				"PROVISIONING_PROFILE[sdk=iphoneos*]" = "";
				TARGETED_DEVICE_FAMILY = 1;
				WRAPPER_EXTENSION = app;
			};
			name = Debug;
		};
		0201DC0F15E672AC00A212DC /* Release */ = {
			isa = XCBuildConfiguration;
			buildSettings = {
				GCC_PRECOMPILE_PREFIX_HEADER = YES;
				GCC_PREFIX_HEADER = "AnonyFollow/AnonyFollow-Prefix.pch";
				INFOPLIST_FILE = "AnonyFollow/AnonyFollow-Info.plist";
				IPHONEOS_DEPLOYMENT_TARGET = 6.0;
				PRODUCT_NAME = "$(TARGET_NAME)";
				TARGETED_DEVICE_FAMILY = 1;
				WRAPPER_EXTENSION = app;
			};
			name = Release;
		};
		14FD60A8160EC23600F6BDBC /* TestFlight */ = {
			isa = XCBuildConfiguration;
			buildSettings = {
				ALWAYS_SEARCH_USER_PATHS = NO;
				CLANG_CXX_LANGUAGE_STANDARD = "gnu++0x";
				CLANG_CXX_LIBRARY = "libc++";
				CLANG_ENABLE_OBJC_ARC = YES;
				CLANG_WARN__DUPLICATE_METHOD_MATCH = YES;
				CODE_SIGN_IDENTITY = "iPhone Developer";
				"CODE_SIGN_IDENTITY[sdk=iphoneos*]" = "iPhone Developer: Yuichi Yoshida (AK9FYY958C)";
				COPY_PHASE_STRIP = YES;
				GCC_C_LANGUAGE_STANDARD = gnu99;
				GCC_PREPROCESSOR_DEFINITIONS = _TESTFLIGHT;
				GCC_WARN_ABOUT_RETURN_TYPE = YES;
				GCC_WARN_UNINITIALIZED_AUTOS = YES;
				GCC_WARN_UNUSED_VARIABLE = YES;
				IPHONEOS_DEPLOYMENT_TARGET = 6.0;
				OTHER_CFLAGS = "-DNS_BLOCK_ASSERTIONS=1";
				PROVISIONING_PROFILE = "";
				"PROVISIONING_PROFILE[sdk=iphoneos*]" = "9DAA6670-6362-4547-9A70-9760D3C9A430";
				SDKROOT = iphoneos;
				TARGETED_DEVICE_FAMILY = "1,2";
				VALIDATE_PRODUCT = YES;
			};
			name = TestFlight;
		};
		14FD60A9160EC23600F6BDBC /* TestFlight */ = {
			isa = XCBuildConfiguration;
			buildSettings = {
				GCC_PRECOMPILE_PREFIX_HEADER = YES;
				GCC_PREFIX_HEADER = "AnonyFollow/AnonyFollow-Prefix.pch";
				INFOPLIST_FILE = "AnonyFollow/AnonyFollow-Info.plist";
				IPHONEOS_DEPLOYMENT_TARGET = 6.0;
				PRODUCT_NAME = "$(TARGET_NAME)";
				TARGETED_DEVICE_FAMILY = 1;
				WRAPPER_EXTENSION = app;
			};
			name = TestFlight;
		};
		14FD60AB160EC24000F6BDBC /* AppStore */ = {
			isa = XCBuildConfiguration;
			buildSettings = {
				ALWAYS_SEARCH_USER_PATHS = NO;
				CLANG_CXX_LANGUAGE_STANDARD = "gnu++0x";
				CLANG_CXX_LIBRARY = "libc++";
				CLANG_ENABLE_OBJC_ARC = YES;
				CLANG_WARN__DUPLICATE_METHOD_MATCH = YES;
				CODE_SIGN_IDENTITY = "iPhone Distribution";
				"CODE_SIGN_IDENTITY[sdk=iphoneos*]" = "iPhone Distribution: Yuichi Yoshida";
				COPY_PHASE_STRIP = YES;
				GCC_C_LANGUAGE_STANDARD = gnu99;
				GCC_WARN_ABOUT_RETURN_TYPE = YES;
				GCC_WARN_UNINITIALIZED_AUTOS = YES;
				GCC_WARN_UNUSED_VARIABLE = YES;
				IPHONEOS_DEPLOYMENT_TARGET = 6.0;
				OTHER_CFLAGS = "-DNS_BLOCK_ASSERTIONS=1";
				PROVISIONING_PROFILE = "";
				"PROVISIONING_PROFILE[sdk=iphoneos*]" = "6975DF34-58D4-4786-8FD4-AD432E7040AC";
				SDKROOT = iphoneos;
				TARGETED_DEVICE_FAMILY = "1,2";
				VALIDATE_PRODUCT = YES;
			};
			name = AppStore;
		};
		14FD60AC160EC24000F6BDBC /* AppStore */ = {
			isa = XCBuildConfiguration;
			buildSettings = {
				GCC_PRECOMPILE_PREFIX_HEADER = YES;
				GCC_PREFIX_HEADER = "AnonyFollow/AnonyFollow-Prefix.pch";
				INFOPLIST_FILE = "AnonyFollow/AnonyFollow-Info.plist";
				IPHONEOS_DEPLOYMENT_TARGET = 6.0;
				PRODUCT_NAME = "$(TARGET_NAME)";
				TARGETED_DEVICE_FAMILY = 1;
				WRAPPER_EXTENSION = app;
			};
			name = AppStore;
		};
/* End XCBuildConfiguration section */

/* Begin XCConfigurationList section */
		0201DBE615E672AC00A212DC /* Build configuration list for PBXProject "AnonyFollow" */ = {
			isa = XCConfigurationList;
			buildConfigurations = (
				0201DC0B15E672AC00A212DC /* Debug */,
				0201DC0C15E672AC00A212DC /* Release */,
				14FD60AB160EC24000F6BDBC /* AppStore */,
				14FD60A8160EC23600F6BDBC /* TestFlight */,
			);
			defaultConfigurationIsVisible = 0;
			defaultConfigurationName = Release;
		};
		0201DC0D15E672AC00A212DC /* Build configuration list for PBXNativeTarget "AnonyFollow" */ = {
			isa = XCConfigurationList;
			buildConfigurations = (
				0201DC0E15E672AC00A212DC /* Debug */,
				0201DC0F15E672AC00A212DC /* Release */,
				14FD60AC160EC24000F6BDBC /* AppStore */,
				14FD60A9160EC23600F6BDBC /* TestFlight */,
			);
			defaultConfigurationIsVisible = 0;
			defaultConfigurationName = Release;
		};
/* End XCConfigurationList section */
	};
	rootObject = 0201DBE315E672AC00A212DC /* Project object */;
}
